{
    "version": 3,
    "terraform_version": "0.11.7",
    "serial": 16,
    "lineage": "3ca4988e-eb3b-b686-5af7-02304a476357",
    "modules": [
        {
            "path": [
                "root"
            ],
            "outputs": {},
            "resources": {
                "data.template_file.app": {
                    "type": "template_file",
                    "depends_on": [
                        "google_compute_global_address.identity"
                    ],
                    "primary": {
                        "id": "5ba1cd29f9556691fcc3b78a6de493916ee29113b1c1551002d796e4d6f917fc",
                        "attributes": {
                            "id": "5ba1cd29f9556691fcc3b78a6de493916ee29113b1c1551002d796e4d6f917fc",
                            "rendered": "---\napiVersion: extensions/v1beta1\nkind: Deployment\nmetadata:\n  name: identity-deployment\nspec:\n  replicas: 3\n  template:\n    metadata:\n      labels:\n        app: identity\n    spec:\n      containers:\n      - name: identity\n        image: gcr.io/id-test-deploy-2/identityserver:v2\n        imagePullPolicy: Always\n        ports:\n        - name: http\n          containerPort: 8080\n        readinessProbe:\n          httpGet:\n            path: /\n            port: 8080\n            scheme: HTTP\n---\napiVersion: v1\nkind: Service\nmetadata:\n  name: identity-svc\n  labels:\n    app: identity\nspec:\n  type: NodePort\n  ports:\n  - port: 8080\n    protocol: TCP\n    name: identity-port\n  selector:\n    app: identity\n\n    ",
                            "template": "---\napiVersion: extensions/v1beta1\nkind: Deployment\nmetadata:\n  name: identity-deployment\nspec:\n  replicas: 3\n  template:\n    metadata:\n      labels:\n        app: identity\n    spec:\n      containers:\n      - name: identity\n        image: gcr.io/id-test-deploy-2/identityserver:v2\n        imagePullPolicy: Always\n        ports:\n        - name: http\n          containerPort: 8080\n        readinessProbe:\n          httpGet:\n            path: /\n            port: 8080\n            scheme: HTTP\n---\napiVersion: v1\nkind: Service\nmetadata:\n  name: identity-svc\n  labels:\n    app: identity\nspec:\n  type: NodePort\n  ports:\n  - port: 8080\n    protocol: TCP\n    name: identity-port\n  selector:\n    app: identity\n\n    ",
                            "vars.%": "2",
                            "vars.load_balancer_ip": "identity-lb",
                            "vars.num_vault_servers": "2"
                        },
                        "meta": {},
                        "tainted": false
                    },
                    "deposed": [],
                    "provider": "provider.template"
                },
                "data.template_file.ingress": {
                    "type": "template_file",
                    "depends_on": [],
                    "primary": {
                        "id": "4ef624692715cbd39e55ff1a3fc2967c21668b0d74e8053fa526568ec23a80d5",
                        "attributes": {
                            "id": "4ef624692715cbd39e55ff1a3fc2967c21668b0d74e8053fa526568ec23a80d5",
                            "rendered": "---\napiVersion: extensions/v1beta1\nkind: Ingress\nmetadata:\n  name: basic-ingress\n  annotations:\n    kubernetes.io/ingress.global-static-ip-name: \"identity-lb\"\n    kubernetes.io/ingress.allow-http: \"false\"\nspec:\n  tls:\n  - secretName: tlssecret\n  backend:\n    serviceName: identity-svc\n    servicePort: identity-port",
                            "template": "---\napiVersion: extensions/v1beta1\nkind: Ingress\nmetadata:\n  name: basic-ingress\n  annotations:\n    kubernetes.io/ingress.global-static-ip-name: \"identity-lb\"\n    kubernetes.io/ingress.allow-http: \"false\"\nspec:\n  tls:\n  - secretName: tlssecret\n  backend:\n    serviceName: identity-svc\n    servicePort: identity-port"
                        },
                        "meta": {},
                        "tainted": false
                    },
                    "deposed": [],
                    "provider": "provider.template"
                },
                "google_compute_global_address.identity": {
                    "type": "google_compute_global_address",
                    "depends_on": [
                        "google_project_service.service"
                    ],
                    "primary": {
                        "id": "identity-lb",
                        "attributes": {
                            "address": "35.186.205.250",
                            "creation_timestamp": "2018-07-21T23:34:14.178-07:00",
                            "description": "",
                            "id": "identity-lb",
                            "ip_version": "",
                            "name": "identity-lb",
                            "project": "id-test-deploy-2",
                            "self_link": "https://www.googleapis.com/compute/v1/projects/id-test-deploy-2/global/addresses/identity-lb"
                        },
                        "meta": {
                            "e2bfb730-ecaa-11e6-8f88-34363bc7c4c0": {
                                "create": 240000000000,
                                "delete": 240000000000
                            }
                        },
                        "tainted": false
                    },
                    "deposed": [],
                    "provider": "provider.google"
                },
                "google_container_cluster.identity": {
                    "type": "google_container_cluster",
                    "depends_on": [
                        "google_project_service.service",
                        "google_service_account.identity-server"
                    ],
                    "primary": {
                        "id": "identity",
                        "attributes": {
                            "additional_zones.#": "0",
                            "addons_config.#": "1",
                            "addons_config.0.horizontal_pod_autoscaling.#": "0",
                            "addons_config.0.http_load_balancing.#": "0",
                            "addons_config.0.kubernetes_dashboard.#": "0",
                            "addons_config.0.network_policy_config.#": "1",
                            "addons_config.0.network_policy_config.0.disabled": "true",
                            "cluster_ipv4_cidr": "10.8.0.0/14",
                            "description": "",
                            "enable_kubernetes_alpha": "false",
                            "enable_legacy_abac": "false",
                            "endpoint": "35.233.136.213",
                            "id": "identity",
                            "initial_node_count": "2",
                            "instance_group_urls.#": "1",
                            "instance_group_urls.0": "https://www.googleapis.com/compute/v1/projects/id-test-deploy-2/zones/us-west1-a/instanceGroups/gke-identity-default-pool-cf787585-grp",
                            "ip_allocation_policy.#": "0",
                            "logging_service": "logging.googleapis.com",
                            "maintenance_policy.#": "0",
                            "master_auth.#": "1",
                            "master_auth.0.client_certificate": "LS0tLS1CRUdJTiBDRVJUSUZJQ0FURS0tLS0tCk1JSUMyekNDQWNPZ0F3SUJBZ0lSQUprUHBzVjBIcDBUUC9CSldqRjErdzR3RFFZSktvWklodmNOQVFFTEJRQXcKTHpFdE1Dc0dBMVVFQXhNa056TTVOall3WldZdFpHTTJNeTAwTnpnekxXRTBZMkl0TVRneE1UZGhNV05pTUdVdwpNQjRYRFRFNE1EY3lNakEyTXpReE5sb1hEVEl6TURjeU1UQTJNelF4Tmxvd0VURVBNQTBHQTFVRUF4TUdZMnhwClpXNTBNSUlCSWpBTkJna3Foa2lHOXcwQkFRRUZBQU9DQVE4QU1JSUJDZ0tDQVFFQW16cUNLc0RkL3kwWUp4b2MKVVNicXR0aUZyZGlOak4yL3J1Q2hHMjBRbVpiLzdWcDVrTzRmMzd4YkVldXpRazBFWGNZd0FHbVAwTEh1Kzd6Sgplam8yWUg4YUlhTmduVXZOaGw0dVlnTUJZaDIwL2tHVDA1bE9Qd1E4M2tXQXNsK2xHbk93WTh5cmEvYnA4YXArCktpY0JTYU9aY0wxeFZkZThRVnpUMjU4OS9aRVpuUjFEVnJ3dEhNVVNaWkdibG5laXZOb0kvR05SL25mcFUyK0IKRWtQR0l4Rzdrb1ZVL28wcmZNa3RhcDhXU1R1Z1hpYjlVdG1BbUZjT3dyY3F4THJmbzRQSFNGazIzR0JOYjI3MgpYaEY4NmE2OUwzemIvNkQzTnZESnZwOEUwNUZJNXhNOWVMbksvbXhrL2xZU053YXg2N2dIRVBrSm1sQ3VUZHBxCjUzY1ozd0lEQVFBQm94QXdEakFNQmdOVkhSTUJBZjhFQWpBQU1BMEdDU3FHU0liM0RRRUJDd1VBQTRJQkFRQ3AKRFNGUHJvN0FEek9QYTFoSHFnUGhPTE5JejhLcEtVUjNyUEFXOHhhblN1MERhczdvWFN6cmtURUVPcUNrSDBUbQo3N2gvbDFiWUtqa2pTd1kzZk5rZUk5c24zK3VBdExWQjFxUWpyWFhIWUVMOGVVYXhaUjdHZTNMWTJyYXNRdE1HCmMra3NQMC8vRnc2cXFEcXo0UmlHeEM1QUJwREFGazNHWjZqQVRVNHN0QVBPWUxDdE9IUGkyOGFZdlptZERKQkwKZkRXWWJDUkRXa3ZycHFHTU1WWVVvMURScDdiRGVzNUpFUEZEZnozMEMxNXY3MnlUM28zSDBPaFRISnQya0VNNwp6aFBacG5qbndIemljK0dJWTkwUVZhajkwc1lDeU5XK0UrbWZvbTA5VDVLb25yc1ZMU1VtQmM2RXlNVklMUVN6CnY0K2p0UnBDdThFM0piZ09vTkh2Ci0tLS0tRU5EIENFUlRJRklDQVRFLS0tLS0K",
                            "master_auth.0.client_certificate_config.#": "0",
                            "master_auth.0.client_key": "LS0tLS1CRUdJTiBSU0EgUFJJVkFURSBLRVktLS0tLQpNSUlFb3dJQkFBS0NBUUVBbXpxQ0tzRGQveTBZSnhvY1VTYnF0dGlGcmRpTmpOMi9ydUNoRzIwUW1aYi83VnA1CmtPNGYzN3hiRWV1elFrMEVYY1l3QUdtUDBMSHUrN3pKZWpvMllIOGFJYU5nblV2TmhsNHVZZ01CWWgyMC9rR1QKMDVsT1B3UTgza1dBc2wrbEduT3dZOHlyYS9icDhhcCtLaWNCU2FPWmNMMXhWZGU4UVZ6VDI1ODkvWkVablIxRApWcnd0SE1VU1paR2JsbmVpdk5vSS9HTlIvbmZwVTIrQkVrUEdJeEc3a29WVS9vMHJmTWt0YXA4V1NUdWdYaWI5ClV0bUFtRmNPd3JjcXhMcmZvNFBIU0ZrMjNHQk5iMjcyWGhGODZhNjlMM3piLzZEM052REp2cDhFMDVGSTV4TTkKZUxuSy9teGsvbFlTTndheDY3Z0hFUGtKbWxDdVRkcHE1M2NaM3dJREFRQUJBb0lCQUVQYi9nK0dwUVhxeHNaQgpTZVBJS1krcGREY2RsalBndE8xVVVkblZnZzVDenJzS2RGNkJXdm5LTTkzUHRsdmpvMmNEUHZUUE1RbkEzNEs1CmN6SzF4QlBIUExzNzJ2Nm9wcjU0NmJuN0tsMmtNdjE3Mlk0RlZRbURac0NjamJoc3k1YVd3S1BBVTZndEZ2U0kKM2dLN2JucXN4R1ZleSs4RkVzMVlNVjJ2YmNBdFFqZTFSVHRaZEYvMHR3RkZxS0tMeVNsMDFya1Vya0hyaC92RgpEVDRKaG5leEdjdXU0Z2NVZ0JueTFoNHpCb3NiUGREVkxuOGdCdzVQOUlTeEtMKzZNTFVoVW9YM1E4K2NlaWxnCmxqQnowc2lib1pTdGlka2JIdjg2UWluVTluQWRKcWJlZlJYUE1vZ2M1SDArMXl5OXh3SGpYRnVFUzY3V3UxN0sKT0Q1M296RUNnWUVBekI4V09UUGRBak4zL2lIZ2tETHBwbU03THNVdmN0MXB6M1VWSzY5VmhFdG5pRW1KVjhndwpiaDJrYWozRGxkWGVCMjZWTHFSRWpza3pCWGY5MWlueTVVRkgvakFMem9kd0ErMGhYU0t1ZFdaVlM3ekhyUnlpCnZtY0F2eFdvdEF5TVBMMW53SkxXY2pLQzQ3TXZNVUFqWXM2WkFmbklOUG5rMldyS2l5ZWRHaHNDZ1lFQXdxNUQKK0ljamxHaURrNkZQb1p3RjFJNzNDeUQrbGl6SHZvNERuWGUrVGlCd1ZzNHJkT2xqUlJqSEZURjFPR0JWeDVQOQppZktxUTB3VnNrcHczb0dPbDBLYUUwUHRVV1ZKc25LdFkrVmtaUFMzNkNTK3ZVYWgzVXJnditmSk9aYmNod1pVCk9aTnBXM3U3RWptWFB6Z1NnaG92NDBWbUlPelF2eGE2OWRsNnU0MENnWUJqZkl0U1dnclA5ZEg0RlA3a2lVd0UKQXIxbnNFZk9Ea2h5Q3JqRXovSTRScUF4ZHRYdjZPeGgzeVN4ZTJVR2RIU0EzczdyS3JrWGRzemRUM3h5azRPRgpaV24zWStkOVE5bStzQ2Jndy9TUDE4NmUyV1hnNCtJV054SFFFSGhuT081bzlFL0xOa1k2NW8rUTkxWjdCSzI2CmpNTmFpU21oV0dMSDdSckc5QW5JSFFLQmdRQzZxRU5iWXBibWtGNjNpWTdFTU1nV1NRenNpcklPWXRrUkJ6REkKSmlzODFUVmd4VVE5VUJoeUE1Tzk2akd0NEEvZXp6SGt0ZG94dEIySldINW5tR2lTOXJTcmpCRmFYWGNQdFl3eApuNXRtZ0l4ajgvYzlteDlQQWFBRDM4UzdocjNpYUZzUTZSbTNNU2JvRG5mSmtZV05ZSFpSdmhSeHRSMWdXZmJnCkNhajNjUUtCZ0h5U2N5b0s5RjI0eFg4QWI0TVZMSG4vTm5uNDRIc0dLZGh5RUdvSUpLK2JLTVNuNG4yZlFQZ3MKTjRBbHU4ZFNlM2IzdVB1alFqQVBmN3NuU3lVQWRRY3h2WDdtVW55RUF5NFBzSHhhSDEvdllpV3duRmhYRDh6MApFbnhLc2ZGcGZwdHh0SmZJV2hvalpPeGttQk5ZWHBnUC92a3dmREhreVhHQitLa1V2ZFpxCi0tLS0tRU5EIFJTQSBQUklWQVRFIEtFWS0tLS0tCg==",
                            "master_auth.0.cluster_ca_certificate": "LS0tLS1CRUdJTiBDRVJUSUZJQ0FURS0tLS0tCk1JSURERENDQWZTZ0F3SUJBZ0lSQUw4VXpqM01sMUdIL3N6Y3ZtemxsczB3RFFZSktvWklodmNOQVFFTEJRQXcKTHpFdE1Dc0dBMVVFQXhNa056TTVOall3WldZdFpHTTJNeTAwTnpnekxXRTBZMkl0TVRneE1UZGhNV05pTUdVdwpNQjRYRFRFNE1EY3lNakExTXpReE5sb1hEVEl6TURjeU1UQTJNelF4Tmxvd0x6RXRNQ3NHQTFVRUF4TWtOek01Ck5qWXdaV1l0WkdNMk15MDBOemd6TFdFMFkySXRNVGd4TVRkaE1XTmlNR1V3TUlJQklqQU5CZ2txaGtpRzl3MEIKQVFFRkFBT0NBUThBTUlJQkNnS0NBUUVBNWRyRFF1aHFWNlBjdW9lOGNnd2Y4NWxmUFErV1p5by9lRzNCb0h1awpRcVRRTFQ0eG5HN2pJbzhiak1CQlNocWwzRlhsaEhjcHd0a1V4eXRKWGhUaTdsQlgxeDhwUWptOURqR28vN3NpCnBEVHIzd1NzZzJURWJ4bVR5M3lOR0xCQWNZSzZ0SU9OUmJmNFA1UzJlenIrZjZXY0p3VkVLcm8wZDNBS0xjL1EKbnRxbGh4QXVzOE11WlcxSHJ4SnpoNmJhQStUVW15T3lJeWtkamp4NkhGT1JxNGdxdVlIQTlnU1RMZTEwOVVxeQpMbTR3T1NRaHpoSjRET0NUUE1sYXEyNTBKcGc2cFBJQitQaWEvbEtIS2tqaENZUFRBc3F1SHlVb0Y3UTl3NE81ClJIbTJNS0NJNXZnRitrMER1T29GcU11RXdmQlJDVS8xK0t3c3NmUjlhUzBDYndJREFRQUJveU13SVRBT0JnTlYKSFE4QkFmOEVCQU1DQWdRd0R3WURWUjBUQVFIL0JBVXdBd0VCL3pBTkJna3Foa2lHOXcwQkFRc0ZBQU9DQVFFQQplT2VLWjg2a3E3NEhpeER0dC9Cb1MyMk1abzVId3NOTTk1b0MzZEdxMmFpaHMvLytza1c0Nzd4RjhKZEs1TmNoClZ1emFKMWVTczFwbTZ4YkJ6WE1mR0dvdCsxWWt6SjJ1RkJ5bzRwbXdSTzJjR05DcmlFTFFaODBkeGNjWEpHcGIKN2p5WHQ0RUhVTzVHNE1taEUxYzZLVWwvOXpkSE9YU1NDcy9sVEZvYTRDdnIra2VZSERBQTB2Z0txVE4xK3ROMgpreS96d2E2VHJ6N1NBbmVvYTZkbVdlRy9kbXNTaGQ5YTYwbGE3dkpJRlNlNUFKM0lMVGp5UmU2cGY5K3ZMVlUrCjJiZHdMSjd4QytlWXpyQWtWc1Z1OHJIV1phTzVWa1k2YXRkbWluTkUwTkhkdUM5V2RRdjIweGFnc0FIOFVQWncKY1ZzM0ZOaXJqaFIwYjBWVnB4LzU4UT09Ci0tLS0tRU5EIENFUlRJRklDQVRFLS0tLS0K",
                            "master_auth.0.password": "NufqmBLo3YjusWnx",
                            "master_auth.0.username": "admin",
                            "master_authorized_networks_config.#": "0",
                            "master_ipv4_cidr_block": "",
                            "master_version": "1.9.7-gke.4",
                            "min_master_version": "1.9.7-gke.4",
                            "monitoring_service": "monitoring.googleapis.com",
                            "name": "identity",
                            "network": "projects/id-test-deploy-2/global/networks/default",
                            "network_policy.#": "1",
                            "network_policy.0.enabled": "false",
                            "network_policy.0.provider": "PROVIDER_UNSPECIFIED",
                            "node_config.#": "1",
                            "node_config.0.disk_size_gb": "100",
                            "node_config.0.disk_type": "pd-standard",
                            "node_config.0.guest_accelerator.#": "0",
                            "node_config.0.image_type": "COS",
                            "node_config.0.labels.%": "0",
                            "node_config.0.local_ssd_count": "0",
                            "node_config.0.machine_type": "n1-standard-1",
                            "node_config.0.metadata.%": "0",
                            "node_config.0.min_cpu_platform": "",
                            "node_config.0.oauth_scopes.#": "5",
                            "node_config.0.oauth_scopes.1277378754": "https://www.googleapis.com/auth/monitoring",
                            "node_config.0.oauth_scopes.1632638332": "https://www.googleapis.com/auth/devstorage.read_only",
                            "node_config.0.oauth_scopes.172152165": "https://www.googleapis.com/auth/logging.write",
                            "node_config.0.oauth_scopes.1733087937": "https://www.googleapis.com/auth/cloud-platform",
                            "node_config.0.oauth_scopes.3361740575": "https://www.googleapis.com/auth/iam",
                            "node_config.0.preemptible": "false",
                            "node_config.0.service_account": "identity-server@id-test-deploy-2.iam.gserviceaccount.com",
                            "node_config.0.tags.#": "1",
                            "node_config.0.tags.0": "identity",
                            "node_config.0.taint.#": "0",
                            "node_config.0.workload_metadata_config.#": "0",
                            "node_pool.#": "1",
                            "node_pool.0.autoscaling.#": "0",
                            "node_pool.0.initial_node_count": "2",
                            "node_pool.0.instance_group_urls.#": "1",
                            "node_pool.0.instance_group_urls.0": "https://www.googleapis.com/compute/v1/projects/id-test-deploy-2/zones/us-west1-a/instanceGroupManagers/gke-identity-default-pool-cf787585-grp",
                            "node_pool.0.management.#": "1",
                            "node_pool.0.management.0.auto_repair": "false",
                            "node_pool.0.management.0.auto_upgrade": "false",
                            "node_pool.0.name": "default-pool",
                            "node_pool.0.name_prefix": "",
                            "node_pool.0.node_config.#": "1",
                            "node_pool.0.node_config.0.disk_size_gb": "100",
                            "node_pool.0.node_config.0.disk_type": "pd-standard",
                            "node_pool.0.node_config.0.guest_accelerator.#": "0",
                            "node_pool.0.node_config.0.image_type": "COS",
                            "node_pool.0.node_config.0.labels.%": "0",
                            "node_pool.0.node_config.0.local_ssd_count": "0",
                            "node_pool.0.node_config.0.machine_type": "n1-standard-1",
                            "node_pool.0.node_config.0.metadata.%": "0",
                            "node_pool.0.node_config.0.min_cpu_platform": "",
                            "node_pool.0.node_config.0.oauth_scopes.#": "5",
                            "node_pool.0.node_config.0.oauth_scopes.1277378754": "https://www.googleapis.com/auth/monitoring",
                            "node_pool.0.node_config.0.oauth_scopes.1632638332": "https://www.googleapis.com/auth/devstorage.read_only",
                            "node_pool.0.node_config.0.oauth_scopes.172152165": "https://www.googleapis.com/auth/logging.write",
                            "node_pool.0.node_config.0.oauth_scopes.1733087937": "https://www.googleapis.com/auth/cloud-platform",
                            "node_pool.0.node_config.0.oauth_scopes.3361740575": "https://www.googleapis.com/auth/iam",
                            "node_pool.0.node_config.0.preemptible": "false",
                            "node_pool.0.node_config.0.service_account": "identity-server@id-test-deploy-2.iam.gserviceaccount.com",
                            "node_pool.0.node_config.0.tags.#": "1",
                            "node_pool.0.node_config.0.tags.0": "identity",
                            "node_pool.0.node_config.0.taint.#": "0",
                            "node_pool.0.node_config.0.workload_metadata_config.#": "0",
                            "node_pool.0.node_count": "2",
                            "node_pool.0.version": "1.9.7-gke.4",
                            "node_version": "1.9.7-gke.4",
                            "pod_security_policy_config.#": "0",
                            "private_cluster": "false",
                            "project": "id-test-deploy-2",
                            "resource_labels.%": "0",
                            "subnetwork": "projects/id-test-deploy-2/regions/us-west1/subnetworks/default",
                            "zone": "us-west1-a"
                        },
                        "meta": {
                            "e2bfb730-ecaa-11e6-8f88-34363bc7c4c0": {
                                "create": 1800000000000,
                                "delete": 600000000000,
                                "update": 600000000000
                            },
                            "schema_version": "1"
                        },
                        "tainted": false
                    },
                    "deposed": [],
                    "provider": "provider.google"
                },
                "google_project_iam_member.service-account.0": {
                    "type": "google_project_iam_member",
                    "depends_on": [
                        "google_service_account.identity-server"
                    ],
                    "primary": {
                        "id": "id-test-deploy-2/roles/resourcemanager.projectIamAdmin/serviceAccount:identity-server@id-test-deploy-2.iam.gserviceaccount.com",
                        "attributes": {
                            "etag": "BwVxkLiskBw=",
                            "id": "id-test-deploy-2/roles/resourcemanager.projectIamAdmin/serviceAccount:identity-server@id-test-deploy-2.iam.gserviceaccount.com",
                            "member": "serviceAccount:identity-server@id-test-deploy-2.iam.gserviceaccount.com",
                            "project": "id-test-deploy-2",
                            "role": "roles/resourcemanager.projectIamAdmin"
                        },
                        "meta": {},
                        "tainted": false
                    },
                    "deposed": [],
                    "provider": "provider.google"
                },
                "google_project_iam_member.service-account.1": {
                    "type": "google_project_iam_member",
                    "depends_on": [
                        "google_service_account.identity-server"
                    ],
                    "primary": {
                        "id": "id-test-deploy-2/roles/iam.serviceAccountAdmin/serviceAccount:identity-server@id-test-deploy-2.iam.gserviceaccount.com",
                        "attributes": {
                            "etag": "BwVxkLdi8J0=",
                            "id": "id-test-deploy-2/roles/iam.serviceAccountAdmin/serviceAccount:identity-server@id-test-deploy-2.iam.gserviceaccount.com",
                            "member": "serviceAccount:identity-server@id-test-deploy-2.iam.gserviceaccount.com",
                            "project": "id-test-deploy-2",
                            "role": "roles/iam.serviceAccountAdmin"
                        },
                        "meta": {},
                        "tainted": false
                    },
                    "deposed": [],
                    "provider": "provider.google"
                },
                "google_project_iam_member.service-account.2": {
                    "type": "google_project_iam_member",
                    "depends_on": [
                        "google_service_account.identity-server"
                    ],
                    "primary": {
                        "id": "id-test-deploy-2/roles/iam.serviceAccountKeyAdmin/serviceAccount:identity-server@id-test-deploy-2.iam.gserviceaccount.com",
                        "attributes": {
                            "etag": "BwVxkLhr9Oc=",
                            "id": "id-test-deploy-2/roles/iam.serviceAccountKeyAdmin/serviceAccount:identity-server@id-test-deploy-2.iam.gserviceaccount.com",
                            "member": "serviceAccount:identity-server@id-test-deploy-2.iam.gserviceaccount.com",
                            "project": "id-test-deploy-2",
                            "role": "roles/iam.serviceAccountKeyAdmin"
                        },
                        "meta": {},
                        "tainted": false
                    },
                    "deposed": [],
                    "provider": "provider.google"
                },
                "google_project_iam_member.service-account.3": {
                    "type": "google_project_iam_member",
                    "depends_on": [
                        "google_service_account.identity-server"
                    ],
                    "primary": {
                        "id": "id-test-deploy-2/roles/iam.serviceAccountTokenCreator/serviceAccount:identity-server@id-test-deploy-2.iam.gserviceaccount.com",
                        "attributes": {
                            "etag": "BwVxkLelsNU=",
                            "id": "id-test-deploy-2/roles/iam.serviceAccountTokenCreator/serviceAccount:identity-server@id-test-deploy-2.iam.gserviceaccount.com",
                            "member": "serviceAccount:identity-server@id-test-deploy-2.iam.gserviceaccount.com",
                            "project": "id-test-deploy-2",
                            "role": "roles/iam.serviceAccountTokenCreator"
                        },
                        "meta": {},
                        "tainted": false
                    },
                    "deposed": [],
                    "provider": "provider.google"
                },
                "google_project_iam_member.service-account.4": {
                    "type": "google_project_iam_member",
                    "depends_on": [
                        "google_service_account.identity-server"
                    ],
                    "primary": {
                        "id": "id-test-deploy-2/roles/iam.serviceAccountUser/serviceAccount:identity-server@id-test-deploy-2.iam.gserviceaccount.com",
                        "attributes": {
                            "etag": "BwVxkLgq69U=",
                            "id": "id-test-deploy-2/roles/iam.serviceAccountUser/serviceAccount:identity-server@id-test-deploy-2.iam.gserviceaccount.com",
                            "member": "serviceAccount:identity-server@id-test-deploy-2.iam.gserviceaccount.com",
                            "project": "id-test-deploy-2",
                            "role": "roles/iam.serviceAccountUser"
                        },
                        "meta": {},
                        "tainted": false
                    },
                    "deposed": [],
                    "provider": "provider.google"
                },
                "google_project_iam_member.service-account.5": {
                    "type": "google_project_iam_member",
                    "depends_on": [
                        "google_service_account.identity-server"
                    ],
                    "primary": {
                        "id": "id-test-deploy-2/roles/viewer/serviceAccount:identity-server@id-test-deploy-2.iam.gserviceaccount.com",
                        "attributes": {
                            "etag": "BwVxkLl8R2I=",
                            "id": "id-test-deploy-2/roles/viewer/serviceAccount:identity-server@id-test-deploy-2.iam.gserviceaccount.com",
                            "member": "serviceAccount:identity-server@id-test-deploy-2.iam.gserviceaccount.com",
                            "project": "id-test-deploy-2",
                            "role": "roles/viewer"
                        },
                        "meta": {},
                        "tainted": false
                    },
                    "deposed": [],
                    "provider": "provider.google"
                },
                "google_project_iam_member.service-account.6": {
                    "type": "google_project_iam_member",
                    "depends_on": [
                        "google_service_account.identity-server"
                    ],
                    "primary": {
                        "id": "id-test-deploy-2/roles/errorreporting.writer/serviceAccount:identity-server@id-test-deploy-2.iam.gserviceaccount.com",
                        "attributes": {
                            "etag": "BwVxkLjuVag=",
                            "id": "id-test-deploy-2/roles/errorreporting.writer/serviceAccount:identity-server@id-test-deploy-2.iam.gserviceaccount.com",
                            "member": "serviceAccount:identity-server@id-test-deploy-2.iam.gserviceaccount.com",
                            "project": "id-test-deploy-2",
                            "role": "roles/errorreporting.writer"
                        },
                        "meta": {},
                        "tainted": false
                    },
                    "deposed": [],
                    "provider": "provider.google"
                },
                "google_project_iam_member.service-account.7": {
                    "type": "google_project_iam_member",
                    "depends_on": [
                        "google_service_account.identity-server"
                    ],
                    "primary": {
                        "id": "id-test-deploy-2/roles/logging.logWriter/serviceAccount:identity-server@id-test-deploy-2.iam.gserviceaccount.com",
                        "attributes": {
                            "etag": "BwVxkLchWUs=",
                            "id": "id-test-deploy-2/roles/logging.logWriter/serviceAccount:identity-server@id-test-deploy-2.iam.gserviceaccount.com",
                            "member": "serviceAccount:identity-server@id-test-deploy-2.iam.gserviceaccount.com",
                            "project": "id-test-deploy-2",
                            "role": "roles/logging.logWriter"
                        },
                        "meta": {},
                        "tainted": false
                    },
                    "deposed": [],
                    "provider": "provider.google"
                },
                "google_project_iam_member.service-account.8": {
                    "type": "google_project_iam_member",
                    "depends_on": [
                        "google_service_account.identity-server"
                    ],
                    "primary": {
                        "id": "id-test-deploy-2/roles/monitoring.metricWriter/serviceAccount:identity-server@id-test-deploy-2.iam.gserviceaccount.com",
                        "attributes": {
                            "etag": "BwVxkLfmNpY=",
                            "id": "id-test-deploy-2/roles/monitoring.metricWriter/serviceAccount:identity-server@id-test-deploy-2.iam.gserviceaccount.com",
                            "member": "serviceAccount:identity-server@id-test-deploy-2.iam.gserviceaccount.com",
                            "project": "id-test-deploy-2",
                            "role": "roles/monitoring.metricWriter"
                        },
                        "meta": {},
                        "tainted": false
                    },
                    "deposed": [],
                    "provider": "provider.google"
                },
                "google_project_iam_member.service-account.9": {
                    "type": "google_project_iam_member",
                    "depends_on": [
                        "google_service_account.identity-server"
                    ],
                    "primary": {
                        "id": "id-test-deploy-2/roles/cloudtrace.agent/serviceAccount:identity-server@id-test-deploy-2.iam.gserviceaccount.com",
                        "attributes": {
                            "etag": "BwVxkLk27Ws=",
                            "id": "id-test-deploy-2/roles/cloudtrace.agent/serviceAccount:identity-server@id-test-deploy-2.iam.gserviceaccount.com",
                            "member": "serviceAccount:identity-server@id-test-deploy-2.iam.gserviceaccount.com",
                            "project": "id-test-deploy-2",
                            "role": "roles/cloudtrace.agent"
                        },
                        "meta": {},
                        "tainted": false
                    },
                    "deposed": [],
                    "provider": "provider.google"
                },
                "google_project_service.service.0": {
                    "type": "google_project_service",
                    "depends_on": [],
                    "primary": {
                        "id": "id-test-deploy-2/cloudkms.googleapis.com",
                        "attributes": {
                            "disable_on_destroy": "false",
                            "id": "id-test-deploy-2/cloudkms.googleapis.com",
                            "project": "id-test-deploy-2",
                            "service": "cloudkms.googleapis.com"
                        },
                        "meta": {},
                        "tainted": false
                    },
                    "deposed": [],
                    "provider": "provider.google"
                },
                "google_project_service.service.1": {
                    "type": "google_project_service",
                    "depends_on": [],
                    "primary": {
                        "id": "id-test-deploy-2/cloudresourcemanager.googleapis.com",
                        "attributes": {
                            "disable_on_destroy": "false",
                            "id": "id-test-deploy-2/cloudresourcemanager.googleapis.com",
                            "project": "id-test-deploy-2",
                            "service": "cloudresourcemanager.googleapis.com"
                        },
                        "meta": {},
                        "tainted": false
                    },
                    "deposed": [],
                    "provider": "provider.google"
                },
                "google_project_service.service.2": {
                    "type": "google_project_service",
                    "depends_on": [],
                    "primary": {
                        "id": "id-test-deploy-2/container.googleapis.com",
                        "attributes": {
                            "disable_on_destroy": "false",
                            "id": "id-test-deploy-2/container.googleapis.com",
                            "project": "id-test-deploy-2",
                            "service": "container.googleapis.com"
                        },
                        "meta": {},
                        "tainted": false
                    },
                    "deposed": [],
                    "provider": "provider.google"
                },
                "google_project_service.service.3": {
                    "type": "google_project_service",
                    "depends_on": [],
                    "primary": {
                        "id": "id-test-deploy-2/containerregistry.googleapis.com",
                        "attributes": {
                            "disable_on_destroy": "false",
                            "id": "id-test-deploy-2/containerregistry.googleapis.com",
                            "project": "id-test-deploy-2",
                            "service": "containerregistry.googleapis.com"
                        },
                        "meta": {},
                        "tainted": false
                    },
                    "deposed": [],
                    "provider": "provider.google"
                },
                "google_project_service.service.4": {
                    "type": "google_project_service",
                    "depends_on": [],
                    "primary": {
                        "id": "id-test-deploy-2/iam.googleapis.com",
                        "attributes": {
                            "disable_on_destroy": "false",
                            "id": "id-test-deploy-2/iam.googleapis.com",
                            "project": "id-test-deploy-2",
                            "service": "iam.googleapis.com"
                        },
                        "meta": {},
                        "tainted": false
                    },
                    "deposed": [],
                    "provider": "provider.google"
                },
                "google_service_account.identity-server": {
                    "type": "google_service_account",
                    "depends_on": [],
                    "primary": {
                        "id": "projects/id-test-deploy-2/serviceAccounts/identity-server@id-test-deploy-2.iam.gserviceaccount.com",
                        "attributes": {
                            "account_id": "identity-server",
                            "display_name": "Identity Server",
                            "email": "identity-server@id-test-deploy-2.iam.gserviceaccount.com",
                            "id": "projects/id-test-deploy-2/serviceAccounts/identity-server@id-test-deploy-2.iam.gserviceaccount.com",
                            "name": "projects/id-test-deploy-2/serviceAccounts/identity-server@id-test-deploy-2.iam.gserviceaccount.com",
                            "project": "id-test-deploy-2",
                            "unique_id": "105039186801000463742"
                        },
                        "meta": {},
                        "tainted": false
                    },
                    "deposed": [],
                    "provider": "provider.google"
                },
                "google_service_account_key.identity": {
                    "type": "google_service_account_key",
                    "depends_on": [
                        "google_service_account.identity-server"
                    ],
                    "primary": {
                        "id": "projects/id-test-deploy-2/serviceAccounts/identity-server@id-test-deploy-2.iam.gserviceaccount.com/keys/6af49c0d62cd5d955a4eeefd8630bb97a92860cf",
                        "attributes": {
                            "id": "projects/id-test-deploy-2/serviceAccounts/identity-server@id-test-deploy-2.iam.gserviceaccount.com/keys/6af49c0d62cd5d955a4eeefd8630bb97a92860cf",
                            "key_algorithm": "KEY_ALG_RSA_2048",
                            "name": "projects/id-test-deploy-2/serviceAccounts/identity-server@id-test-deploy-2.iam.gserviceaccount.com/keys/6af49c0d62cd5d955a4eeefd8630bb97a92860cf",
                            "private_key": "ewogICJ0eXBlIjogInNlcnZpY2VfYWNjb3VudCIsCiAgInByb2plY3RfaWQiOiAiaWQtdGVzdC1kZXBsb3ktMiIsCiAgInByaXZhdGVfa2V5X2lkIjogIjZhZjQ5YzBkNjJjZDVkOTU1YTRlZWVmZDg2MzBiYjk3YTkyODYwY2YiLAogICJwcml2YXRlX2tleSI6ICItLS0tLUJFR0lOIFBSSVZBVEUgS0VZLS0tLS1cbk1JSUV2UUlCQURBTkJna3Foa2lHOXcwQkFRRUZBQVNDQktjd2dnU2pBZ0VBQW9JQkFRQ3VXVWdTUk1MSmkrRy9cbkt1RGVYeTR1OC9NQSsvMWdlS0o4VkRTa0t1ZkpjNjZ0cm1LMEFTM2c4TFI1VzVJYUVlQ1pUSkJUNGJoRUlLR1pcbmdYdjlYTXlsTXpmRDIzK0JwSU1SVG1GbHY5NWRkdEVRSEdpRmZnbjZUNjM3MzEwdWFnY2w4RUpSTW5VdlJ1U0pcbmJ6OHVJeTByNWtWNWdaRUYzb1dRQVBad0hNNWh0YmthQlJReExZWEk1Tjg4SE4wVDlxVFoxK0JMeGdVVlZIS3hcbjJMMWpkT3JLU3R4UmVuSFhwd3g4KzZsUFRRenF1TnhzcVkrd205VzBTSW5KcFBSbitHSHZYaEhCK0J6SHUwa2lcbnRtTWo1Y2twcDNhL1BpamRoZFdmdG1NaitpQzVHaTJVVFJIUm1YcDF2RVltbndTN2h2YzQyRDFvaWd6d3EyNG1cbnNGVWJ5SXR2QWdNQkFBRUNnZ0VBVk9rVGdoNHQxWFdFTUpPajUzam9aNktVWnhiU2JDRGtWWE8zSFhydDNyMHhcbnhkRm5yYTNqVjZreTQrVzJibTdsZVJPQ09PLzF5Mnd1OTdGSm52ZUtqU3c0RFBHQ0ZEUDRSejNxam1EVzNhTUhcbnAzYUdhdmtheCtiMVgzVUZqeHpCTlhkZy9PVjdqOVpSYUNPZlhBdHlyTzRkU05OU3UwNkhzcjNkUjNXb0I0cG5cbndoaWU1VkFZbkZDaDlDbVdsLzFFd1JuVGRUa1g2NVlDalNXdndrRmd3MEVOQTNxUHYxNDBaUXZxRytXb3BtK3pcbjlKSkUwZWQwamRJR2ZmMEhya3NEZExoWUtaNXRtRDhFejVIZkUxaTRmVnBvTCt1RnlsdjFKYkFwK1g5R2t4azFcbnBuTjRuaGZvRE55dk9RZkVIMjlWRXF4Q3VLalRlVmpjbTJMa3prUzI5UUtCZ1FEcnZQbEN1UHNKd2IyTUp5ZEVcbjRBclNwZ0FPSmp2b0MvU052bkJpckEwMlBjQWtYZ29ndTQyM2k4YzhHUjdhQ3VNdFJiM0VFQ2prYmRiOU5PdjZcbjJHL1hYUk9MY2Q4YUR5eXV2N0MxNTZHOFVWaUU0cGNJRkRHajFjRjVKWjFGaGhqOXpHVW4wMzlJV1hxY1l3RlpcbmFlQlhmem5sVUl6MTBmNFBoeUZtTUg2ZFN3S0JnUUM5Vllrb1RsRTZkYWthMytYeHMzQmtsOHpUL0t0elFlbTBcblhEdGpIbGx5eUVvVjlnaG5Nd093bmRYYmlKaEVqeWJnM2JMUlFIcTRCNFZNTEw4T291MEJuZEtMVllqMUlPU2pcbjgyU1dsbGY3bmE2YmFaVWV0Y1M2Z3lDcVlGVlRBbFkrY3d6WVBnZnNhWndyKzJ5Q1hpVy9ZdndJMVlFOThFTkxcbjZMY0Y2YituN1FLQmdRQzRhMS84Nk1YTGZqdVJGMWhMTTVLRDlNVjZURUwxWjlUcnhwNFpNMHdxc09oT0N4dVZcbk8rVEVRSitlem5BcVYvWWRoci9NVUhBTk5EaktZY3B5dFR2Wm1jRWVoL2puWkJPcXFkL09qdVVpYytqeUhHblhcbk1pVWJiTEFzM0ZaSyszczFvZDlJNXRaZWZWSEVZbGU5NFd4V1J2dTkvK1Ftc3g4MGVweVFXMFBTUFFLQmdBdnFcbnYxaFBIYU85VmloLzRUeEdYQk9vemxhbGQ3RW9lK3BEUitXa09tTVVJajJobjhQSEhUdFhvK2RPZ0s4SUI1MXRcbnR0eWUzMXFIOXFibHhoekl1bnc0ajlEL1VFQ0ZrbjZUU2tpRUxBT0ZXRUVsOHlIY3RRWThUS2tNcVRJeFduWlJcbnpZUXEyMXJSQnVocHlkbW16Vjl2Zm9lYjBLZXlZTG45YXMrdmQ4VzlBb0dBTUJGbFlnRzhqS3Z3L216enhGOUFcblJvRnFOWE1WcitMR25DVHdydW9vZ1k3YVJNdy9CWStJMVdpVW8wNXBOUDJMcUlibjlQVGYzMWNJWTREWnRWRDNcbnMzNTdNRGlSSlVyMHIwNG1QZ3daVUphbEVVMjFGNjJJRVkydFdoWUNvWGJKMjh4Q29vODNsZVBudm8xZkVqVStcbk5OSktROFlRRnFjS2UwTTh4MitFOXc0PVxuLS0tLS1FTkQgUFJJVkFURSBLRVktLS0tLVxuIiwKICAiY2xpZW50X2VtYWlsIjogImlkZW50aXR5LXNlcnZlckBpZC10ZXN0LWRlcGxveS0yLmlhbS5nc2VydmljZWFjY291bnQuY29tIiwKICAiY2xpZW50X2lkIjogIjEwNTAzOTE4NjgwMTAwMDQ2Mzc0MiIsCiAgImF1dGhfdXJpIjogImh0dHBzOi8vYWNjb3VudHMuZ29vZ2xlLmNvbS9vL29hdXRoMi9hdXRoIiwKICAidG9rZW5fdXJpIjogImh0dHBzOi8vYWNjb3VudHMuZ29vZ2xlLmNvbS9vL29hdXRoMi90b2tlbiIsCiAgImF1dGhfcHJvdmlkZXJfeDUwOV9jZXJ0X3VybCI6ICJodHRwczovL3d3dy5nb29nbGVhcGlzLmNvbS9vYXV0aDIvdjEvY2VydHMiLAogICJjbGllbnRfeDUwOV9jZXJ0X3VybCI6ICJodHRwczovL3d3dy5nb29nbGVhcGlzLmNvbS9yb2JvdC92MS9tZXRhZGF0YS94NTA5L2lkZW50aXR5LXNlcnZlciU0MGlkLXRlc3QtZGVwbG95LTIuaWFtLmdzZXJ2aWNlYWNjb3VudC5jb20iCn0K",
                            "private_key_type": "TYPE_GOOGLE_CREDENTIALS_FILE",
                            "public_key": "LS0tLS1CRUdJTiBDRVJUSUZJQ0FURS0tLS0tCk1JSUMrakNDQWVLZ0F3SUJBZ0lJWWJ4eHhONzNzR3N3RFFZSktvWklodmNOQVFFRkJRQXdJREVlTUJ3R0ExVUUKQXhNVk1UQTFNRE01TVRnMk9EQXhNREF3TkRZek56UXlNQjRYRFRFNE1EY3lNakEyTXpRd05Gb1hEVEk0TURjeApPVEEyTXpRd05Gb3dJREVlTUJ3R0ExVUVBeE1WTVRBMU1ETTVNVGcyT0RBeE1EQXdORFl6TnpReU1JSUJJakFOCkJna3Foa2lHOXcwQkFRRUZBQU9DQVE4QU1JSUJDZ0tDQVFFQXJsbElFa1RDeVl2aHZ5cmczbDh1THZQekFQdjkKWUhpaWZGUTBwQ3JueVhPdXJhNWl0QUV0NFBDMGVWdVNHaEhnbVV5UVUrRzRSQ0NobVlGNy9Wek1wVE0zdzl0LwpnYVNERVU1aFpiL2VYWGJSRUJ4b2hYNEorayt0Kzk5ZExtb0hKZkJDVVRKMUwwYmtpVzgvTGlNdEsrWkZlWUdSCkJkNkZrQUQyY0J6T1liVzVHZ1VVTVMyRnlPVGZQQnpkRS9hazJkZmdTOFlGRlZSeXNkaTlZM1RxeWtyY1VYcHgKMTZjTWZQdXBUMDBNNnJqY2JLbVBzSnZWdEVpSnlhVDBaL2hoNzE0UndmZ2N4N3RKSXJaakkrWEpLYWQydno0bwozWVhWbjdaakkvb2d1Um90bEUwUjBabDZkYnhHSnA4RXU0YjNPTmc5YUlvTThLdHVKckJWRzhpTGJ3SURBUUFCCm96Z3dOakFNQmdOVkhSTUJBZjhFQWpBQU1BNEdBMVVkRHdFQi93UUVBd0lIZ0RBV0JnTlZIU1VCQWY4RUREQUsKQmdnckJnRUZCUWNEQWpBTkJna3Foa2lHOXcwQkFRVUZBQU9DQVFFQVZCdUU5VzZUSnN4NXVWTUFCL1g0cnZNTQpHNzErUU16Sjc5ck9WdjlITXVhd2lxRjAyVHZ3M29aa0paMFFPb1lYOWltaXJQUUlYZFRPTkhCRXpJTWF1SVYxClJSaTFMdktlLzYxYXBpVDJZdzVENGptYllrNkMxbklJN1BNTGJBcmZlNGZiRzU1a1dVdnpHQ2V4S3R6VDdpTmMKbFc5czNQRzVpZ0dOQnVCMGFCUE1IVG10UmlidmJRUVpSQWMxM1RZZ2t0WG5hNko5Z3AzWVpjbmQ0Tm9idUVMTQpVZkpZbFJLRm10Q01MbUtabFE2VEgxMnRodUgvZzN2SDFwVEdhM1VWK2tUVkdIc3NJYm5ZeUo4SC94OG1sQTQ5CnQ0UW9ITWh4bTJCaXdESzdpeGlZbVNsSy93dC95WXBRKzBsdnlrdERNZk5VeVJ1R2pYOG4zUkdCR21XSHVBPT0KLS0tLS1FTkQgQ0VSVElGSUNBVEUtLS0tLQo=",
                            "public_key_type": "TYPE_X509_PEM_FILE",
                            "service_account_id": "projects/id-test-deploy-2/serviceAccounts/identity-server@id-test-deploy-2.iam.gserviceaccount.com",
                            "valid_after": "2018-07-22T06:34:04Z",
                            "valid_before": "2028-07-19T06:34:04Z"
                        },
                        "meta": {},
                        "tainted": false
                    },
                    "deposed": [],
                    "provider": "provider.google"
                },
                "kubernetes_secret.tlssecret": {
                    "type": "kubernetes_secret",
                    "depends_on": [],
                    "primary": {
                        "id": "default/tlssecret",
                        "attributes": {
                            "data.%": "2",
                            "data.tls.crt": "-----BEGIN CERTIFICATE-----\nMIIF/DCCBOSgAwIBAgISBJtYexVkf8x0NJlkvFcod+d0MA0GCSqGSIb3DQEBCwUA\nMEoxCzAJBgNVBAYTAlVTMRYwFAYDVQQKEw1MZXQncyBFbmNyeXB0MSMwIQYDVQQD\nExpMZXQncyBFbmNyeXB0IEF1dGhvcml0eSBYMzAeFw0xODA3MjIwNTI0MTJaFw0x\nODEwMjAwNTI0MTJaMBMxETAPBgNVBAMTCGxqbTIuY29tMIIBIjANBgkqhkiG9w0B\nAQEFAAOCAQ8AMIIBCgKCAQEAv3sluICXK6S3mdPvPp1PwqyqtkZGP1HCsZlvE/eV\nWXBHQNdzQ9JgsJn7DeIaQjOHPt5tovBAb4SKNTz9HX93tejfZvLajoKeDq8EE45d\nmR83eFIiUUo7WKSElIF/ABReoVWRoa4g69ZKnpst4EJIz2LD53shntsBUuVmhQpg\n4YuX+/Lhrni2y5Ou/+ZY6K7tF8JdwSRi/yLCmxQ2oexu7JKldmuHaWi3zvkx+7Zt\nISzDQlL5e/anWl0OUh9K+a2tOZ1UljP2SnHwkrXKRDtbNj9OdwJEDNARx5SEXOjO\nk1ak9btvxHjmLOAfLEiqMbXZbGvLOBT6VfKbdyRpG4WL/QIDAQABo4IDETCCAw0w\nDgYDVR0PAQH/BAQDAgWgMB0GA1UdJQQWMBQGCCsGAQUFBwMBBggrBgEFBQcDAjAM\nBgNVHRMBAf8EAjAAMB0GA1UdDgQWBBRgcic3aY4w9l5CUhPI51kQ+4aDrzAfBgNV\nHSMEGDAWgBSoSmpjBH3duubRObemRWXv86jsoTBvBggrBgEFBQcBAQRjMGEwLgYI\nKwYBBQUHMAGGImh0dHA6Ly9vY3NwLmludC14My5sZXRzZW5jcnlwdC5vcmcwLwYI\nKwYBBQUHMAKGI2h0dHA6Ly9jZXJ0LmludC14My5sZXRzZW5jcnlwdC5vcmcvMBMG\nA1UdEQQMMAqCCGxqbTIuY29tMIH+BgNVHSAEgfYwgfMwCAYGZ4EMAQIBMIHmBgsr\nBgEEAYLfEwEBATCB1jAmBggrBgEFBQcCARYaaHR0cDovL2Nwcy5sZXRzZW5jcnlw\ndC5vcmcwgasGCCsGAQUFBwICMIGeDIGbVGhpcyBDZXJ0aWZpY2F0ZSBtYXkgb25s\neSBiZSByZWxpZWQgdXBvbiBieSBSZWx5aW5nIFBhcnRpZXMgYW5kIG9ubHkgaW4g\nYWNjb3JkYW5jZSB3aXRoIHRoZSBDZXJ0aWZpY2F0ZSBQb2xpY3kgZm91bmQgYXQg\naHR0cHM6Ly9sZXRzZW5jcnlwdC5vcmcvcmVwb3NpdG9yeS8wggEFBgorBgEEAdZ5\nAgQCBIH2BIHzAPEAdwApPFGWVMg5ZbqqUPxYB9S3b79Yeily3KTDDPTlRUf0eAAA\nAWTAqOiWAAAEAwBIMEYCIQC+4riXUGZqok2BBvDTghrn3+giq2Ji3YP9EAOl6R2/\nIgIhAK5wKslgQIwG2vpl6BVL/gt8P28RhLHQvhSoZRL3sjIJAHYAb1N2rDHwMRnY\nmQCkURX/dxUcEdkCwQApBo2yCJo32RMAAAFkwKjo0QAABAMARzBFAiBHDgmlVrPJ\nx9WAyVlTHz7MhBqAkNz4HCGPmPOd5U6UdAIhAKc/ohSWxuqDAOuHE6DqS3uZZz8R\nLw/c4bBkqsTxvFvTMA0GCSqGSIb3DQEBCwUAA4IBAQAgT4tToUCbOKIt5ACKYyTa\n+Oq8deCW+cF+lBuUiy7aoFakUBKHuhRm3qu7wFoT5H0877OsyfzLmT4mltPQBata\n/+AfvpMDbBE1mTxMhfWEhopNBRcMjPvpFgatz2eaXOfgsjl8ZuKm10SkcBZsxCrG\nNxWZnemawfF9LlFuINCAKD8/txFYcWPjxXtYslFcDGRSYSLeKz++e37nBtB7lnrY\n2p4/98bJzkeHmr0OWnthAP8n/9G+FInkBo1yuo5JFtVkWMNYpQ4Fgs9g2OpPzEBP\nSTYpacw/J3DaOZGup4jLCNRypGRTyJgjRp/8muFzk59hWJWxDsru7zUW/B0o+vC9\n-----END CERTIFICATE-----\n-----BEGIN CERTIFICATE-----\nMIIEkjCCA3qgAwIBAgIQCgFBQgAAAVOFc2oLheynCDANBgkqhkiG9w0BAQsFADA/\nMSQwIgYDVQQKExtEaWdpdGFsIFNpZ25hdHVyZSBUcnVzdCBDby4xFzAVBgNVBAMT\nDkRTVCBSb290IENBIFgzMB4XDTE2MDMxNzE2NDA0NloXDTIxMDMxNzE2NDA0Nlow\nSjELMAkGA1UEBhMCVVMxFjAUBgNVBAoTDUxldCdzIEVuY3J5cHQxIzAhBgNVBAMT\nGkxldCdzIEVuY3J5cHQgQXV0aG9yaXR5IFgzMIIBIjANBgkqhkiG9w0BAQEFAAOC\nAQ8AMIIBCgKCAQEAnNMM8FrlLke3cl03g7NoYzDq1zUmGSXhvb418XCSL7e4S0EF\nq6meNQhY7LEqxGiHC6PjdeTm86dicbp5gWAf15Gan/PQeGdxyGkOlZHP/uaZ6WA8\nSMx+yk13EiSdRxta67nsHjcAHJyse6cF6s5K671B5TaYucv9bTyWaN8jKkKQDIZ0\nZ8h/pZq4UmEUEz9l6YKHy9v6Dlb2honzhT+Xhq+w3Brvaw2VFn3EK6BlspkENnWA\na6xK8xuQSXgvopZPKiAlKQTGdMDQMc2PMTiVFrqoM7hD8bEfwzB/onkxEz0tNvjj\n/PIzark5McWvxI0NHWQWM6r6hCm21AvA2H3DkwIDAQABo4IBfTCCAXkwEgYDVR0T\nAQH/BAgwBgEB/wIBADAOBgNVHQ8BAf8EBAMCAYYwfwYIKwYBBQUHAQEEczBxMDIG\nCCsGAQUFBzABhiZodHRwOi8vaXNyZy50cnVzdGlkLm9jc3AuaWRlbnRydXN0LmNv\nbTA7BggrBgEFBQcwAoYvaHR0cDovL2FwcHMuaWRlbnRydXN0LmNvbS9yb290cy9k\nc3Ryb290Y2F4My5wN2MwHwYDVR0jBBgwFoAUxKexpHsscfrb4UuQdf/EFWCFiRAw\nVAYDVR0gBE0wSzAIBgZngQwBAgEwPwYLKwYBBAGC3xMBAQEwMDAuBggrBgEFBQcC\nARYiaHR0cDovL2Nwcy5yb290LXgxLmxldHNlbmNyeXB0Lm9yZzA8BgNVHR8ENTAz\nMDGgL6AthitodHRwOi8vY3JsLmlkZW50cnVzdC5jb20vRFNUUk9PVENBWDNDUkwu\nY3JsMB0GA1UdDgQWBBSoSmpjBH3duubRObemRWXv86jsoTANBgkqhkiG9w0BAQsF\nAAOCAQEA3TPXEfNjWDjdGBX7CVW+dla5cEilaUcne8IkCJLxWh9KEik3JHRRHGJo\nuM2VcGfl96S8TihRzZvoroed6ti6WqEBmtzw3Wodatg+VyOeph4EYpr/1wXKtx8/\nwApIvJSwtmVi4MFU5aMqrSDE6ea73Mj2tcMyo5jMd6jmeWUHK8so/joWUoHOUgwu\nX4Po1QYz+3dszkDqMp4fklxBwXRsW10KXzPMTZ+sOPAveyxindmjkW8lGy+QsRlG\nPfZ+G6Z6h7mjem0Y+iWlkYcV4PIWL1iwBi8saCbGS5jN2p8M+X+Q7UNKEkROb3N6\nKOqkqm57TH2H3eDJAkSnh6/DNFu0Qg==\n-----END CERTIFICATE-----\n",
                            "data.tls.key": "-----BEGIN PRIVATE KEY-----\nMIIEvgIBADANBgkqhkiG9w0BAQEFAASCBKgwggSkAgEAAoIBAQC/eyW4gJcrpLeZ\n0+8+nU/CrKq2RkY/UcKxmW8T95VZcEdA13ND0mCwmfsN4hpCM4c+3m2i8EBvhIo1\nPP0df3e16N9m8tqOgp4OrwQTjl2ZHzd4UiJRSjtYpISUgX8AFF6hVZGhriDr1kqe\nmy3gQkjPYsPneyGe2wFS5WaFCmDhi5f78uGueLbLk67/5ljoru0Xwl3BJGL/IsKb\nFDah7G7skqV2a4dpaLfO+TH7tm0hLMNCUvl79qdaXQ5SH0r5ra05nVSWM/ZKcfCS\ntcpEO1s2P053AkQM0BHHlIRc6M6TVqT1u2/EeOYs4B8sSKoxtdlsa8s4FPpV8pt3\nJGkbhYv9AgMBAAECggEALcrMnZAbFvPgeKhHiejjH0Jd3RN3T0NFVWXFO7g0/lus\nnqQny6tvNizM7mgJMZXTHUTiYVolfsXqq4q3WauXPGjBrIQdooE4PXi7d9XPKoRd\npqe1z0z6XluR3VYOwj0c2GZ3WnwjIWNxGvcvhHc1pGsRQLWgt7XWXjXAS8bMnoNy\n3acFMdEd/H4LFHjWIa01UhBjEUvPOK3YqGGZXtPZ+MzrBTLus/fSDZGe801XFPw6\nVxpRr9lpiuZd6t7j8pJW7MwQ5gqBDd5/8k7/zqBUHm9g3QBg8LkIawENAgqW10dr\noLO+M4+HLPIKRGBWzFcqaie4lXkzT4n9q5CbHplVXQKBgQDhuBB97NIVzmNhN2a9\ndOVw0Eh5xPa3BAkBTVDWl0Sxp5GpDzvfl7gqvE5aOA3jxEsZvBl7iV+nAZBo47ys\nEQ/3ffdxtQBzkEfMNyl11M8YZT6gF13YTYFq0H7wjDSN20VEoZXVSAP9kzcm8AkO\nmcdyx8Ubf3KonTcstT01zIP7kwKBgQDZKz0LfbrSGEk4S7nLdyFDcwsQPRMe8lg1\nyvlczPFC2m1t2xuqH7ECENOzmjskh2CFjUUgBn/I2xRWndq+HXOHIWAMPDTp7z2Q\n4fXHcqNw2VdTw4DYxh5utfyBOdGfeUKTRZqOIgEfV+3g65DZcEX4d18dqTfsmmli\napP36l20LwKBgQDRWxng0nEhTKacmvguLWhKNMWkO+3hXlrD3GRoRTGv3Y6a0chk\n4KIu8S1zPJ6VbZGCsxanoIkZq7e3sdNjfQfkM+/4hTt/9IjDfz5zTgkvxWhKsKGY\naHrrCatTjZeJI6GhwIXqprsczRjQgr7DzhpR+bx2fsVoYzmzu/6kEacxBQKBgCYW\nZUBsrqVGSSEsdstue1D/DkOs0nus+TeF/7H855tX/7Uypmlx4XOBS//F3vWLIKyL\nmEIDocmyUqDWUpThSW+7tMKwlH8qzFtqpdZzDqMuGxi/wwtBw/iaxkxLva4AcGKv\n5GllIVlD7J5z8hWQkVUAapgjI4HFmxH9qzHh0slVAoGBANeVWJQsp86YLXKadJbd\n1EWtqyDSSS1m+H6MxNUuKhil2pFYVpmOOYGgiDBQnHK8UfNder3j0BY4pQJ8AemR\nPJGwrKBAxmwSFjJqrn+KNiPXMR3pVrpMWmD4y0EKwP/iBI1oBL3eHinsmcAk/u0u\nRzO4N7y9cMc4WPQ3i/hBhVVU\n-----END PRIVATE KEY-----\n",
                            "id": "default/tlssecret",
                            "metadata.#": "1",
                            "metadata.0.annotations.%": "0",
                            "metadata.0.generate_name": "",
                            "metadata.0.generation": "0",
                            "metadata.0.labels.%": "0",
                            "metadata.0.name": "tlssecret",
                            "metadata.0.namespace": "default",
                            "metadata.0.resource_version": "473",
                            "metadata.0.self_link": "/api/v1/namespaces/default/secrets/tlssecret",
                            "metadata.0.uid": "8b8b1c63-8d79-11e8-90c5-42010a8a009f",
                            "type": "kubernetes.io/tls"
                        },
                        "meta": {},
                        "tainted": false
                    },
                    "deposed": [],
                    "provider": "provider.kubernetes"
                },
                "null_resource.add_ingress": {
                    "type": "null_resource",
                    "depends_on": [
                        "data.template_file.ingress",
                        "google_container_cluster.identity",
                        "kubernetes_secret.tlssecret"
                    ],
                    "primary": {
                        "id": "3903589950849853149",
                        "attributes": {
                            "id": "3903589950849853149",
                            "triggers.%": "6",
                            "triggers.client_certificate": "ff88aefcabb9ef5e9f2907be6039b76f",
                            "triggers.client_key": "42274f60a1d6922f42d8da641eedd88c",
                            "triggers.cluster_ca_certificate": "d28015801375ccf06c77f46154545178",
                            "triggers.host": "d6741251a3df9689e33aeb2c1ae73336",
                            "triggers.password": "8fb751320f895b6e65613977326c94c3",
                            "triggers.username": "21232f297a57a5a743894a0e4a801fc3"
                        },
                        "meta": {},
                        "tainted": false
                    },
                    "deposed": [],
                    "provider": "provider.null"
                },
                "null_resource.apply": {
                    "type": "null_resource",
                    "depends_on": [
                        "data.template_file.app",
                        "google_container_cluster.identity"
                    ],
                    "primary": {
                        "id": "9012651374062437861",
                        "attributes": {
                            "id": "9012651374062437861",
                            "triggers.%": "6",
                            "triggers.client_certificate": "ff88aefcabb9ef5e9f2907be6039b76f",
                            "triggers.client_key": "42274f60a1d6922f42d8da641eedd88c",
                            "triggers.cluster_ca_certificate": "d28015801375ccf06c77f46154545178",
                            "triggers.host": "d6741251a3df9689e33aeb2c1ae73336",
                            "triggers.password": "8fb751320f895b6e65613977326c94c3",
                            "triggers.username": "21232f297a57a5a743894a0e4a801fc3"
                        },
                        "meta": {},
                        "tainted": false
                    },
                    "deposed": [],
                    "provider": "provider.null"
                }
            },
            "depends_on": []
        }
    ]
}
