{
    "version": 3,
    "terraform_version": "0.11.7",
    "serial": 51,
    "lineage": "6ce0452f-2ce1-01fe-8375-d1c66fa9856e",
    "modules": [
        {
            "path": [
                "root"
            ],
            "outputs": {},
            "resources": {
                "data.template_file.app": {
                    "type": "template_file",
                    "depends_on": [
                        "google_compute_global_address.identity"
                    ],
                    "primary": {
                        "id": "",
                        "attributes": {},
                        "meta": {},
                        "tainted": false
                    },
                    "deposed": [],
                    "provider": "provider.template"
                },
                "data.template_file.ingress": {
                    "type": "template_file",
                    "depends_on": [],
                    "primary": {
                        "id": "",
                        "attributes": {},
                        "meta": {},
                        "tainted": false
                    },
                    "deposed": [],
                    "provider": "provider.template"
                },
                "google_compute_global_address.identity": {
                    "type": "google_compute_global_address",
                    "depends_on": [
                        "google_project_service.service"
                    ],
                    "primary": {
                        "id": "",
                        "attributes": {},
                        "meta": {},
                        "tainted": false
                    },
                    "deposed": [],
                    "provider": "provider.google"
                },
                "google_container_cluster.identity": {
                    "type": "google_container_cluster",
                    "depends_on": [
                        "google_project_service.service",
                        "google_service_account.identity-server"
                    ],
                    "primary": {
                        "id": "identity",
                        "attributes": {
                            "additional_zones.#": "0",
                            "addons_config.#": "1",
                            "addons_config.0.horizontal_pod_autoscaling.#": "0",
                            "addons_config.0.http_load_balancing.#": "0",
                            "addons_config.0.kubernetes_dashboard.#": "1",
                            "addons_config.0.kubernetes_dashboard.0.disabled": "true",
                            "addons_config.0.network_policy_config.#": "1",
                            "addons_config.0.network_policy_config.0.disabled": "true",
                            "cluster_ipv4_cidr": "10.0.0.0/14",
                            "description": "",
                            "enable_kubernetes_alpha": "false",
                            "enable_legacy_abac": "false",
                            "endpoint": "35.236.237.15",
                            "id": "identity",
                            "initial_node_count": "2",
                            "instance_group_urls.#": "1",
                            "instance_group_urls.0": "https://www.googleapis.com/compute/v1/projects/id-test-deploy-2/zones/us-east4-b/instanceGroups/gke-identity-default-pool-e7912915-grp",
                            "ip_allocation_policy.#": "0",
                            "logging_service": "logging.googleapis.com",
                            "maintenance_policy.#": "0",
                            "master_auth.#": "1",
                            "master_auth.0.client_certificate": "LS0tLS1CRUdJTiBDRVJUSUZJQ0FURS0tLS0tCk1JSUMyakNDQWNLZ0F3SUJBZ0lRTWNPZ3JsN3p6TEMxOGhpN0tLRUlPekFOQmdrcWhraUc5dzBCQVFzRkFEQXYKTVMwd0t3WURWUVFERXlRNU56UmlOVEkxTXkwd01qazJMVFJsWlRBdE9HSTJOeTB4TmprNE9XRTRNbUpsWm1ZdwpIaGNOTVRnd056RTNNRFUxTlRBNFdoY05Nak13TnpFMk1EVTFOVEE0V2pBUk1ROHdEUVlEVlFRREV3WmpiR2xsCmJuUXdnZ0VpTUEwR0NTcUdTSWIzRFFFQkFRVUFBNElCRHdBd2dnRUtBb0lCQVFDdFdPcEM0MSswQU9CUER2NVEKZlU5TExKZllMRk9ydjNPUStmUVZIa1ZMSHhaendZTXNzUFlEV1FyWUk5dmI0am9rbm5aSFBoNC9VYVlRaHl4bQppNGtPNjR6UjVvdTlHQUxxSTlod1NBWjFQV3MzMExHNG43SEIvTHI4K0ZqYTNVVWxFVHFGeUNGU2JmcUUzVWsvCkJSbWhGMy9hZ2NJRUVHaCtoWmdjMnRkWFNZdEhWVlQzZWNTM1lZU0twNG5wWEwvNTFsWTVwTDZpREdyVFpxYVcKY2RnQWtJYzBCL2p0UGowaE1Xb0tsbXp4Tis1MkxwLzE1UzYxOENuSFNOYzRTVnlsNXQvOElPRzV4MHM3Uk82MQpCNjUyVTRxYytzamM0a0UremZhNzhOd1I3dEtDRERZV056cnVoV1FwVkZmM2xJSThKam5MdzRaYWhrYlBFeVZhCldibmZBZ01CQUFHakVEQU9NQXdHQTFVZEV3RUIvd1FDTUFBd0RRWUpLb1pJaHZjTkFRRUxCUUFEZ2dFQkFJcmcKUk0vb0YxajhuaGhWL2I3a21kUzQ3TWpSTm8vNDhGanhXYm1mRjQxY0VsRm1yMXZUbDM0M3U2NWExWk40ZzRjcAo5d3R2QnlJTUhFbkZMeS9kdjBGdEJZUEROclJUd3YwdTlYOW5ZbWQrT0t1d0Y3aEVkLy90T3Y4U0ZYQWJQbHlpCnhmc1ovK09najFMZE5ZMGg5WnZhNW02bUdBeGVBYkgzMHFiNTRxblJVNHZ3NE9XV0Zld0lrRHR2UFBoUVpENzEKbVRyYVRENDB6dldiRmxMTTRGaUJZdUZSRW1pWTExdFJudHdOUEYrVlV6RzU4c0NaM3pYdnpKSnVURTZBb0x1cwpyZEUyaGhhMlZRWk1wSUpYRWpMR3lvaCtTdHZER2xKZERJRjZHVjJvTktUMWFrVG9BNmhwelRVL0VxdlB0UFBKCkFKN21LY1Z5M2tQQlBvWDEvazA9Ci0tLS0tRU5EIENFUlRJRklDQVRFLS0tLS0K",
                            "master_auth.0.client_certificate_config.#": "0",
                            "master_auth.0.client_key": "LS0tLS1CRUdJTiBSU0EgUFJJVkFURSBLRVktLS0tLQpNSUlFb2dJQkFBS0NBUUVBclZqcVF1TmZ0QURnVHc3K1VIMVBTeXlYMkN4VHE3OXprUG4wRlI1RlN4OFdjOEdECkxMRDJBMWtLMkNQYjIrSTZKSjUyUno0ZVAxR21FSWNzWm91SkR1dU0wZWFMdlJnQzZpUFljRWdHZFQxck45Q3gKdUoreHdmeTYvUGhZMnQxRkpSRTZoY2doVW0zNmhOMUpQd1Vab1JkLzJvSENCQkJvZm9XWUhOclhWMG1MUjFWVQo5M25FdDJHRWlxZUo2VnkvK2RaV09hUytvZ3hxMDJhbWxuSFlBSkNITkFmNDdUNDlJVEZxQ3BaczhUZnVkaTZmCjllVXV0ZkFweDBqWE9FbGNwZWJmL0NEaHVjZExPMFR1dFFldWRsT0tuUHJJM09KQlBzMzJ1L0RjRWU3U2dndzIKRmpjNjdvVmtLVlJYOTVTQ1BDWTV5OE9HV29aR3p4TWxXbG01M3dJREFRQUJBb0lCQUN2S0w5ZDR6OGJOaDl5QQoyWjZrb1NESTRZemkyYm9qc1lKNG1mK3h0Mmg4TUhSS2VLUVVDZm1iaDBGRmdiZEFwVloxejBROC9YQWFaSng5ClFTcWdhaDJpUkY4TDRkWUJXRThrZ2ZzUFBzNWtGdzh4QVl3MWp6YUZiUWtWaFlDNGI4eW0xd1ZQb3BkTG9BTHIKVWFNQlcxR1YrWjdOczZES01sTnYxUmJJODZnaFNmOVdXaEk1aWhBRkpqZnhBN3VNV09XRGRJbkJiYVoxc3JsaApKRkJId09qNjZyUm4vK2Z2Q2ljS3NqWmRtaFpPTkhUUGpkUXJHVk5SWThxMyttb3U0V1NMcHR4bGMyKzZNVnV1CmN6azhlRHduN2ZwZG1WcmptZEpGSFV0c3dheDNWR2hDTUNyeTgvT0JYSnp1dTQxSzQ4bTkxZlFIMGhFTHpkTkkKS05QalptVUNnWUVBMTZrRFE5NWJCL0ZOMGJ3L1FEb0JuRG5GUXl2VlRwS1pjMnVSOXpoMitGdkNsZHB2di93cgpydlFDcGdlYjF2c1AzTnQwOU1iVHBUenFuM3lyTjBmN1ZRdXBvaUlDcTl3dDhFWXp1amVIdlFGTWlkdXczQWNkCktxdHNRZ1N4UW01dXlRY1NpOVdTd3NTTDdncjRweFV1cU9YZlQ5K1ZqQWZXMm5xdkc4VWRIbnNDZ1lFQXpjVzcKRUJ0NEFHeU92Q2IvOUpFeHBTbldQSVBkT1g0ZkFhZ05JVmJob0lqN01WcktNOE0zcG0zZUNWTCs2SkVyZzFQcgpYWFIzMjFBTWVVWEplK0JMdjJuNlkxOWgyME9yVW5oUVJkNHdFNWNQSm1ORGt2aWYzWHJsa3hjeVNPemxXSUxZCk1qdTFOYlE3dUJoaVVUQzZMd1lqS3U2Q294TUVqTHM0aTdCbTV1MENnWUJybkh4eW16dVZSUVZ0eUo5UEx5S3EKai9Fc3lXeVEzbm9QcS9lVUF1cnFsdThMMDRtN3BOc3ZXN2NPbmZGWFhzUFZrdlJUUi90SUVwT0lyYTdKMFBOSwp4cDBJdUN2WkVlOGlYQVZud0ZuTktCN0hFNGEyNUIzYnN0bzhQeGNzYk9wL0NUWnA3RkpsT2FvUlNBdzNZMHg3Ckh1bEZjKzJ0aUNQZnRTUTNtUzRralFLQmdGcUVXWlpyVHUxNDA0MEc1dDhSbzdJUTVsSDJlN0ZYdnBIKzk4K3IKcFZMMkR2R1dDNDZibUhaWXJDeVQydGc1UzlmWWFaZlJyUXZIZWNVN0lyZWdZaEhRcjdsWTh2WCtIWFlJd044TApMMERlMldZOGtqUXJ0RDg4V1pMTHlHMzE3Nmx3M1dPemlqSVdsNUtTLzJUUnQ0VUtBUnhZa1JUbFA4SWNkWEpWClpkNjlBb0dBSkRVVDZHQUt4Vk9LV1RzekJuWUZZNkRxS0doNUFLL0tVcVF5eGFMVGtRYXRrWFg0NnVpMHhnUUQKbHZsVFl6WVhsK05peE5NUG5LaHNRTVV0cHBKRVpDV2g4U2NsR0RxWTdrWXBZS3YzVncvRE14TWlmcnlwdHJJYwpyVUVFaWdiTERvYkJKNFVDZmJwWFVOVlJ6VWh6d2V2QXhlV1RSMk9jaEJmSklHY3lFNnc9Ci0tLS0tRU5EIFJTQSBQUklWQVRFIEtFWS0tLS0tCg==",
                            "master_auth.0.cluster_ca_certificate": "LS0tLS1CRUdJTiBDRVJUSUZJQ0FURS0tLS0tCk1JSURDekNDQWZPZ0F3SUJBZ0lRY25UNUhLNm8vR3ZZNlhiOFNmSWdLakFOQmdrcWhraUc5dzBCQVFzRkFEQXYKTVMwd0t3WURWUVFERXlRNU56UmlOVEkxTXkwd01qazJMVFJsWlRBdE9HSTJOeTB4TmprNE9XRTRNbUpsWm1ZdwpIaGNOTVRnd056RTNNRFExTlRBNFdoY05Nak13TnpFMk1EVTFOVEE0V2pBdk1TMHdLd1lEVlFRREV5UTVOelJpCk5USTFNeTB3TWprMkxUUmxaVEF0T0dJMk55MHhOams0T1dFNE1tSmxabVl3Z2dFaU1BMEdDU3FHU0liM0RRRUIKQVFVQUE0SUJEd0F3Z2dFS0FvSUJBUUNyYWR2V3Zia1pKcW9Ob1prSXJpQngxRW1uVFovK3FVK28wZGRRbnZ3Zwp6bEQvc3U1VmswdUZQb2RiWEtuNlN4N1pteE9DM0hLS1RaU0M0em5iS3BYZkpVVVl0THNtWDhBcHhPSllsSFcyCkhZZGxSVTRFdXdjMm1BYURsbDNkbjl1ZTVNZk5yYXhDanZMa3N0TlZqQVZaLzhGSHd2S1BUZUdXc2Q5NUl4VUYKRk5CUkw4OGo3OFl2dGZrV0VPbHF5Uk1CVmJkVU9udGZBZ2Uza2kvREwreGxlYnlFWmd4c1p6MWxlZmlrTUV3bQowL2JzbnRsb0FlWmJxczBpb3RkbHN6bGZWZ1N2ZS9FalRYaE81aWVRU1Z1OFpWSDUzU3lKNllIVjRCaE10Q1VSCk5RRDQySGlDVXRxSHFLYlFEd3JKM1V5dXY2T1h3RC8veWkxNVV4YjgzUjZwQWdNQkFBR2pJekFoTUE0R0ExVWQKRHdFQi93UUVBd0lDQkRBUEJnTlZIUk1CQWY4RUJUQURBUUgvTUEwR0NTcUdTSWIzRFFFQkN3VUFBNElCQVFCKwpHYVZiR1RRQnFWTVJiVDFDa2ZOM0FvL3M2QlpvVHhMSVVOS0NyVENuWW1jbVNoeDBtSGdrSGpPUWs5RTdLRVhBCjdiWE5FakRrRU1qOERhaG03RSt0Zlhsd0t6TlR2ckE0ZUpZbmhqT1NKWWZJc0JkU0VwTlNaeVc0QjAyYmZMTzEKQ0pQU0E4TTcrSS9CZEt3Z3NhUnJZd2tWUHZJb051MVJlYUJxakZydUlwd0ZxV3QyRG9oVkpxTE1hKzlCaTlvcApxVXVoSE1aYXJveVR5WEFVK1FUQWhpeGt6bHRHWVoxbE9CdVdwV201TDNsdHNpM1l5WUZyQ1RibzcwN1JLKzlpCkIxK1VWdW1nOXdLeFFTZjJLQjM3NXRLa0Y3RTl3RlUraHQ0WDBtR2czRHJCd2F2ZFpKakxOeWNJa1Z1Q1NoM1IKNkdOaGptYVRGaHFWbWtYMVRqZE4KLS0tLS1FTkQgQ0VSVElGSUNBVEUtLS0tLQo=",
                            "master_auth.0.password": "F7GkVBuTAyHbv5S9",
                            "master_auth.0.username": "admin",
                            "master_authorized_networks_config.#": "0",
                            "master_ipv4_cidr_block": "",
                            "master_version": "1.10.5-gke.2",
                            "min_master_version": "1.10.5-gke.2",
                            "monitoring_service": "monitoring.googleapis.com",
                            "name": "identity",
                            "network": "projects/id-test-deploy-2/global/networks/default",
                            "network_policy.#": "1",
                            "network_policy.0.enabled": "false",
                            "network_policy.0.provider": "PROVIDER_UNSPECIFIED",
                            "node_config.#": "1",
                            "node_config.0.disk_size_gb": "100",
                            "node_config.0.disk_type": "pd-standard",
                            "node_config.0.guest_accelerator.#": "0",
                            "node_config.0.image_type": "COS",
                            "node_config.0.labels.%": "0",
                            "node_config.0.local_ssd_count": "0",
                            "node_config.0.machine_type": "n1-standard-1",
                            "node_config.0.metadata.%": "0",
                            "node_config.0.min_cpu_platform": "",
                            "node_config.0.oauth_scopes.#": "2",
                            "node_config.0.oauth_scopes.1733087937": "https://www.googleapis.com/auth/cloud-platform",
                            "node_config.0.oauth_scopes.3361740575": "https://www.googleapis.com/auth/iam",
                            "node_config.0.preemptible": "false",
                            "node_config.0.service_account": "identity-server@id-test-deploy-2.iam.gserviceaccount.com",
                            "node_config.0.tags.#": "1",
                            "node_config.0.tags.0": "identity",
                            "node_config.0.taint.#": "0",
                            "node_config.0.workload_metadata_config.#": "0",
                            "node_pool.#": "1",
                            "node_pool.0.autoscaling.#": "0",
                            "node_pool.0.initial_node_count": "2",
                            "node_pool.0.instance_group_urls.#": "1",
                            "node_pool.0.instance_group_urls.0": "https://www.googleapis.com/compute/v1/projects/id-test-deploy-2/zones/us-east4-b/instanceGroupManagers/gke-identity-default-pool-e7912915-grp",
                            "node_pool.0.management.#": "1",
                            "node_pool.0.management.0.auto_repair": "false",
                            "node_pool.0.management.0.auto_upgrade": "false",
                            "node_pool.0.name": "default-pool",
                            "node_pool.0.name_prefix": "",
                            "node_pool.0.node_config.#": "1",
                            "node_pool.0.node_config.0.disk_size_gb": "100",
                            "node_pool.0.node_config.0.disk_type": "pd-standard",
                            "node_pool.0.node_config.0.guest_accelerator.#": "0",
                            "node_pool.0.node_config.0.image_type": "COS",
                            "node_pool.0.node_config.0.labels.%": "0",
                            "node_pool.0.node_config.0.local_ssd_count": "0",
                            "node_pool.0.node_config.0.machine_type": "n1-standard-1",
                            "node_pool.0.node_config.0.metadata.%": "0",
                            "node_pool.0.node_config.0.min_cpu_platform": "",
                            "node_pool.0.node_config.0.oauth_scopes.#": "2",
                            "node_pool.0.node_config.0.oauth_scopes.1733087937": "https://www.googleapis.com/auth/cloud-platform",
                            "node_pool.0.node_config.0.oauth_scopes.3361740575": "https://www.googleapis.com/auth/iam",
                            "node_pool.0.node_config.0.preemptible": "false",
                            "node_pool.0.node_config.0.service_account": "identity-server@id-test-deploy-2.iam.gserviceaccount.com",
                            "node_pool.0.node_config.0.tags.#": "1",
                            "node_pool.0.node_config.0.tags.0": "identity",
                            "node_pool.0.node_config.0.taint.#": "0",
                            "node_pool.0.node_config.0.workload_metadata_config.#": "0",
                            "node_pool.0.node_count": "2",
                            "node_pool.0.version": "1.10.5-gke.2",
                            "node_version": "1.10.5-gke.2",
                            "pod_security_policy_config.#": "0",
                            "private_cluster": "false",
                            "project": "id-test-deploy-2",
                            "resource_labels.%": "0",
                            "subnetwork": "projects/id-test-deploy-2/regions/us-east4/subnetworks/default",
                            "zone": "us-east4-b"
                        },
                        "meta": {
                            "e2bfb730-ecaa-11e6-8f88-34363bc7c4c0": {
                                "create": 1800000000000,
                                "delete": 600000000000,
                                "update": 600000000000
                            },
                            "schema_version": "1"
                        },
                        "tainted": false
                    },
                    "deposed": [],
                    "provider": "provider.google"
                },
                "google_project_iam_member.service-account.0": {
                    "type": "google_project_iam_member",
                    "depends_on": [
                        "google_service_account.identity-server"
                    ],
                    "primary": {
                        "id": "id-test-deploy-2/roles/resourcemanager.projectIamAdmin/serviceAccount:identity-server@id-test-deploy-2.iam.gserviceaccount.com",
                        "attributes": {
                            "etag": "BwVxK5f8kYY=",
                            "id": "id-test-deploy-2/roles/resourcemanager.projectIamAdmin/serviceAccount:identity-server@id-test-deploy-2.iam.gserviceaccount.com",
                            "member": "serviceAccount:identity-server@id-test-deploy-2.iam.gserviceaccount.com",
                            "project": "id-test-deploy-2",
                            "role": "roles/resourcemanager.projectIamAdmin"
                        },
                        "meta": {},
                        "tainted": false
                    },
                    "deposed": [],
                    "provider": "provider.google"
                },
                "google_project_iam_member.service-account.1": {
                    "type": "google_project_iam_member",
                    "depends_on": [
                        "google_service_account.identity-server"
                    ],
                    "primary": {
                        "id": "",
                        "attributes": {},
                        "meta": {},
                        "tainted": false
                    },
                    "deposed": [],
                    "provider": "provider.google"
                },
                "google_project_iam_member.service-account.2": {
                    "type": "google_project_iam_member",
                    "depends_on": [
                        "google_service_account.identity-server"
                    ],
                    "primary": {
                        "id": "id-test-deploy-2/roles/iam.serviceAccountKeyAdmin/serviceAccount:identity-server@id-test-deploy-2.iam.gserviceaccount.com",
                        "attributes": {
                            "etag": "BwVxK5f8kYY=",
                            "id": "id-test-deploy-2/roles/iam.serviceAccountKeyAdmin/serviceAccount:identity-server@id-test-deploy-2.iam.gserviceaccount.com",
                            "member": "serviceAccount:identity-server@id-test-deploy-2.iam.gserviceaccount.com",
                            "project": "id-test-deploy-2",
                            "role": "roles/iam.serviceAccountKeyAdmin"
                        },
                        "meta": {},
                        "tainted": false
                    },
                    "deposed": [],
                    "provider": "provider.google"
                },
                "google_project_iam_member.service-account.3": {
                    "type": "google_project_iam_member",
                    "depends_on": [
                        "google_service_account.identity-server"
                    ],
                    "primary": {
                        "id": "",
                        "attributes": {},
                        "meta": {},
                        "tainted": false
                    },
                    "deposed": [],
                    "provider": "provider.google"
                },
                "google_project_iam_member.service-account.4": {
                    "type": "google_project_iam_member",
                    "depends_on": [
                        "google_service_account.identity-server"
                    ],
                    "primary": {
                        "id": "id-test-deploy-2/roles/iam.serviceAccountUser/serviceAccount:identity-server@id-test-deploy-2.iam.gserviceaccount.com",
                        "attributes": {
                            "etag": "BwVxK5f8kYY=",
                            "id": "id-test-deploy-2/roles/iam.serviceAccountUser/serviceAccount:identity-server@id-test-deploy-2.iam.gserviceaccount.com",
                            "member": "serviceAccount:identity-server@id-test-deploy-2.iam.gserviceaccount.com",
                            "project": "id-test-deploy-2",
                            "role": "roles/iam.serviceAccountUser"
                        },
                        "meta": {},
                        "tainted": false
                    },
                    "deposed": [],
                    "provider": "provider.google"
                },
                "google_project_iam_member.service-account.5": {
                    "type": "google_project_iam_member",
                    "depends_on": [
                        "google_service_account.identity-server"
                    ],
                    "primary": {
                        "id": "id-test-deploy-2/roles/viewer/serviceAccount:identity-server@id-test-deploy-2.iam.gserviceaccount.com",
                        "attributes": {
                            "etag": "BwVxK5f8kYY=",
                            "id": "id-test-deploy-2/roles/viewer/serviceAccount:identity-server@id-test-deploy-2.iam.gserviceaccount.com",
                            "member": "serviceAccount:identity-server@id-test-deploy-2.iam.gserviceaccount.com",
                            "project": "id-test-deploy-2",
                            "role": "roles/viewer"
                        },
                        "meta": {},
                        "tainted": false
                    },
                    "deposed": [],
                    "provider": "provider.google"
                },
                "google_project_service.service.0": {
                    "type": "google_project_service",
                    "depends_on": [],
                    "primary": {
                        "id": "id-test-deploy-2/cloudkms.googleapis.com",
                        "attributes": {
                            "disable_on_destroy": "false",
                            "id": "id-test-deploy-2/cloudkms.googleapis.com",
                            "project": "id-test-deploy-2",
                            "service": "cloudkms.googleapis.com"
                        },
                        "meta": {},
                        "tainted": false
                    },
                    "deposed": [],
                    "provider": "provider.google"
                },
                "google_project_service.service.1": {
                    "type": "google_project_service",
                    "depends_on": [],
                    "primary": {
                        "id": "id-test-deploy-2/cloudresourcemanager.googleapis.com",
                        "attributes": {
                            "disable_on_destroy": "false",
                            "id": "id-test-deploy-2/cloudresourcemanager.googleapis.com",
                            "project": "id-test-deploy-2",
                            "service": "cloudresourcemanager.googleapis.com"
                        },
                        "meta": {},
                        "tainted": false
                    },
                    "deposed": [],
                    "provider": "provider.google"
                },
                "google_project_service.service.2": {
                    "type": "google_project_service",
                    "depends_on": [],
                    "primary": {
                        "id": "id-test-deploy-2/container.googleapis.com",
                        "attributes": {
                            "disable_on_destroy": "false",
                            "id": "id-test-deploy-2/container.googleapis.com",
                            "project": "id-test-deploy-2",
                            "service": "container.googleapis.com"
                        },
                        "meta": {},
                        "tainted": false
                    },
                    "deposed": [],
                    "provider": "provider.google"
                },
                "google_project_service.service.3": {
                    "type": "google_project_service",
                    "depends_on": [],
                    "primary": {
                        "id": "id-test-deploy-2/containerregistry.googleapis.com",
                        "attributes": {
                            "disable_on_destroy": "false",
                            "id": "id-test-deploy-2/containerregistry.googleapis.com",
                            "project": "id-test-deploy-2",
                            "service": "containerregistry.googleapis.com"
                        },
                        "meta": {},
                        "tainted": false
                    },
                    "deposed": [],
                    "provider": "provider.google"
                },
                "google_project_service.service.4": {
                    "type": "google_project_service",
                    "depends_on": [],
                    "primary": {
                        "id": "id-test-deploy-2/iam.googleapis.com",
                        "attributes": {
                            "disable_on_destroy": "false",
                            "id": "id-test-deploy-2/iam.googleapis.com",
                            "project": "id-test-deploy-2",
                            "service": "iam.googleapis.com"
                        },
                        "meta": {},
                        "tainted": false
                    },
                    "deposed": [],
                    "provider": "provider.google"
                },
                "google_service_account.identity-server": {
                    "type": "google_service_account",
                    "depends_on": [],
                    "primary": {
                        "id": "projects/id-test-deploy-2/serviceAccounts/identity-server@id-test-deploy-2.iam.gserviceaccount.com",
                        "attributes": {
                            "account_id": "identity-server",
                            "display_name": "Identity Server",
                            "email": "identity-server@id-test-deploy-2.iam.gserviceaccount.com",
                            "id": "projects/id-test-deploy-2/serviceAccounts/identity-server@id-test-deploy-2.iam.gserviceaccount.com",
                            "name": "projects/id-test-deploy-2/serviceAccounts/identity-server@id-test-deploy-2.iam.gserviceaccount.com",
                            "project": "id-test-deploy-2",
                            "unique_id": "111976751886848406272"
                        },
                        "meta": {},
                        "tainted": false
                    },
                    "deposed": [],
                    "provider": "provider.google"
                },
                "google_service_account_key.identity": {
                    "type": "google_service_account_key",
                    "depends_on": [
                        "google_service_account.identity-server"
                    ],
                    "primary": {
                        "id": "",
                        "attributes": {},
                        "meta": {},
                        "tainted": false
                    },
                    "deposed": [],
                    "provider": "provider.google"
                },
                "null_resource.add_ingress": {
                    "type": "null_resource",
                    "depends_on": [
                        "data.template_file.ingress",
                        "google_container_cluster.identity",
                        "null_resource.add_tls_secret"
                    ],
                    "primary": {
                        "id": "",
                        "attributes": {},
                        "meta": {},
                        "tainted": false
                    },
                    "deposed": [],
                    "provider": "provider.null"
                },
                "null_resource.add_tls_secret": {
                    "type": "null_resource",
                    "depends_on": [
                        "google_container_cluster.identity",
                        "null_resource.apply"
                    ],
                    "primary": {
                        "id": "",
                        "attributes": {},
                        "meta": {},
                        "tainted": false
                    },
                    "deposed": [],
                    "provider": "provider.null"
                },
                "null_resource.apply": {
                    "type": "null_resource",
                    "depends_on": [
                        "data.template_file.app",
                        "google_container_cluster.identity"
                    ],
                    "primary": {
                        "id": "",
                        "attributes": {},
                        "meta": {},
                        "tainted": false
                    },
                    "deposed": [],
                    "provider": "provider.null"
                }
            },
            "depends_on": []
        }
    ]
}
