{
    "version": 3,
    "terraform_version": "0.11.7",
    "serial": 51,
    "lineage": "6ce0452f-2ce1-01fe-8375-d1c66fa9856e",
    "modules": [
        {
            "path": [
                "root"
            ],
            "outputs": {},
            "resources": {
                "data.template_file.app": {
                    "type": "template_file",
                    "depends_on": [
                        "google_compute_global_address.identity"
                    ],
                    "primary": {
                        "id": "7a73ae07e17163dbcaf11ec8fc4d21e124bd9a3de6d4ef5515813e018a688ae8",
                        "attributes": {
                            "id": "7a73ae07e17163dbcaf11ec8fc4d21e124bd9a3de6d4ef5515813e018a688ae8",
                            "rendered": "---\napiVersion: apps/v1\nkind: Deployment\nmetadata:\n  name: identity-deployment\n  labels:\n    app: identity\nspec:\n  replicas: 3\n  selector:\n    matchLabels:\n      app: identity\n  template:\n    metadata:\n      labels:\n        app: identity\n    spec:\n      containers:\n      - name: identity\n        image: gcr.io/id-test-deploy-2/identityserver:v2\n        ports:\n        - name: identity\n          containerPort: 8080\n        readinessProbe:\n          httpGet:\n            path: /\n            port: 8080\n            scheme: HTTP\n\n\n\n---\napiVersion: v1\nkind: Service\nmetadata:\n  name: identity\n  labels:\n    app: identity\nspec:\n  type: NodePort\n  ports:\n  - port: 8080\n    protocol: TCP\n    name: http\n  selector:\n    app: identity\n",
                            "template": "---\napiVersion: apps/v1\nkind: Deployment\nmetadata:\n  name: identity-deployment\n  labels:\n    app: identity\nspec:\n  replicas: 3\n  selector:\n    matchLabels:\n      app: identity\n  template:\n    metadata:\n      labels:\n        app: identity\n    spec:\n      containers:\n      - name: identity\n        image: gcr.io/id-test-deploy-2/identityserver:v2\n        ports:\n        - name: identity\n          containerPort: 8080\n        readinessProbe:\n          httpGet:\n            path: /\n            port: 8080\n            scheme: HTTP\n\n\n\n---\napiVersion: v1\nkind: Service\nmetadata:\n  name: identity\n  labels:\n    app: identity\nspec:\n  type: NodePort\n  ports:\n  - port: 8080\n    protocol: TCP\n    name: http\n  selector:\n    app: identity\n",
                            "vars.%": "2",
                            "vars.load_balancer_ip": "identity-lb",
                            "vars.num_vault_servers": "2"
                        },
                        "meta": {},
                        "tainted": false
                    },
                    "deposed": [],
                    "provider": "provider.template"
                },
                "data.template_file.ingress": {
                    "type": "template_file",
                    "depends_on": [],
                    "primary": {
                        "id": "804f179a9041121603746b9b62eb83b341741ed08992c7cc9822360190af265f",
                        "attributes": {
                            "id": "804f179a9041121603746b9b62eb83b341741ed08992c7cc9822360190af265f",
                            "rendered": "---\napiVersion: extensions/v1beta1\nkind: Ingress\nmetadata:\n  name: basic-ingress\n  annotations:\n    kubernetes.io/ingress.global-static-ip-name: \"identity-lb\"\n    kubernetes.io/ingress.allow-http: \"false\"\nspec:\n  tls:\n  - secretName: tlssecret\n  backend:\n    serviceName: identity\n    servicePort: 8080\n  # rules:\n  # - http:\n  #     paths:\n  #     - path: /*\n  #       backend:\n  #         serviceName: identity\n  #         servicePort: 8080",
                            "template": "---\napiVersion: extensions/v1beta1\nkind: Ingress\nmetadata:\n  name: basic-ingress\n  annotations:\n    kubernetes.io/ingress.global-static-ip-name: \"identity-lb\"\n    kubernetes.io/ingress.allow-http: \"false\"\nspec:\n  tls:\n  - secretName: tlssecret\n  backend:\n    serviceName: identity\n    servicePort: 8080\n  # rules:\n  # - http:\n  #     paths:\n  #     - path: /*\n  #       backend:\n  #         serviceName: identity\n  #         servicePort: 8080"
                        },
                        "meta": {},
                        "tainted": false
                    },
                    "deposed": [],
                    "provider": "provider.template"
                },
                "google_compute_global_address.identity": {
                    "type": "google_compute_global_address",
                    "depends_on": [
                        "google_project_service.service"
                    ],
                    "primary": {
                        "id": "identity-lb",
                        "attributes": {
                            "address": "130.211.45.80",
                            "creation_timestamp": "2018-07-16T22:55:08.868-07:00",
                            "description": "",
                            "id": "identity-lb",
                            "ip_version": "",
                            "name": "identity-lb",
                            "project": "id-test-deploy-2",
                            "self_link": "https://www.googleapis.com/compute/v1/projects/id-test-deploy-2/global/addresses/identity-lb"
                        },
                        "meta": {
                            "e2bfb730-ecaa-11e6-8f88-34363bc7c4c0": {
                                "create": 240000000000,
                                "delete": 240000000000
                            }
                        },
                        "tainted": false
                    },
                    "deposed": [],
                    "provider": "provider.google"
                },
                "google_container_cluster.identity": {
                    "type": "google_container_cluster",
                    "depends_on": [
                        "google_project_service.service",
                        "google_service_account.identity-server"
                    ],
                    "primary": {
                        "id": "identity",
                        "attributes": {
                            "additional_zones.#": "0",
                            "addons_config.#": "1",
                            "addons_config.0.horizontal_pod_autoscaling.#": "0",
                            "addons_config.0.http_load_balancing.#": "0",
                            "addons_config.0.kubernetes_dashboard.#": "1",
                            "addons_config.0.kubernetes_dashboard.0.disabled": "true",
                            "addons_config.0.network_policy_config.#": "1",
                            "addons_config.0.network_policy_config.0.disabled": "true",
                            "cluster_ipv4_cidr": "10.0.0.0/14",
                            "description": "",
                            "enable_kubernetes_alpha": "false",
                            "enable_legacy_abac": "false",
                            "endpoint": "35.236.237.15",
                            "id": "identity",
                            "initial_node_count": "2",
                            "instance_group_urls.#": "1",
                            "instance_group_urls.0": "https://www.googleapis.com/compute/v1/projects/id-test-deploy-2/zones/us-east4-b/instanceGroups/gke-identity-default-pool-e7912915-grp",
                            "ip_allocation_policy.#": "0",
                            "logging_service": "logging.googleapis.com",
                            "maintenance_policy.#": "0",
                            "master_auth.#": "1",
                            "master_auth.0.client_certificate": "LS0tLS1CRUdJTiBDRVJUSUZJQ0FURS0tLS0tCk1JSUMyakNDQWNLZ0F3SUJBZ0lRTWNPZ3JsN3p6TEMxOGhpN0tLRUlPekFOQmdrcWhraUc5dzBCQVFzRkFEQXYKTVMwd0t3WURWUVFERXlRNU56UmlOVEkxTXkwd01qazJMVFJsWlRBdE9HSTJOeTB4TmprNE9XRTRNbUpsWm1ZdwpIaGNOTVRnd056RTNNRFUxTlRBNFdoY05Nak13TnpFMk1EVTFOVEE0V2pBUk1ROHdEUVlEVlFRREV3WmpiR2xsCmJuUXdnZ0VpTUEwR0NTcUdTSWIzRFFFQkFRVUFBNElCRHdBd2dnRUtBb0lCQVFDdFdPcEM0MSswQU9CUER2NVEKZlU5TExKZllMRk9ydjNPUStmUVZIa1ZMSHhaendZTXNzUFlEV1FyWUk5dmI0am9rbm5aSFBoNC9VYVlRaHl4bQppNGtPNjR6UjVvdTlHQUxxSTlod1NBWjFQV3MzMExHNG43SEIvTHI4K0ZqYTNVVWxFVHFGeUNGU2JmcUUzVWsvCkJSbWhGMy9hZ2NJRUVHaCtoWmdjMnRkWFNZdEhWVlQzZWNTM1lZU0twNG5wWEwvNTFsWTVwTDZpREdyVFpxYVcKY2RnQWtJYzBCL2p0UGowaE1Xb0tsbXp4Tis1MkxwLzE1UzYxOENuSFNOYzRTVnlsNXQvOElPRzV4MHM3Uk82MQpCNjUyVTRxYytzamM0a0UremZhNzhOd1I3dEtDRERZV056cnVoV1FwVkZmM2xJSThKam5MdzRaYWhrYlBFeVZhCldibmZBZ01CQUFHakVEQU9NQXdHQTFVZEV3RUIvd1FDTUFBd0RRWUpLb1pJaHZjTkFRRUxCUUFEZ2dFQkFJcmcKUk0vb0YxajhuaGhWL2I3a21kUzQ3TWpSTm8vNDhGanhXYm1mRjQxY0VsRm1yMXZUbDM0M3U2NWExWk40ZzRjcAo5d3R2QnlJTUhFbkZMeS9kdjBGdEJZUEROclJUd3YwdTlYOW5ZbWQrT0t1d0Y3aEVkLy90T3Y4U0ZYQWJQbHlpCnhmc1ovK09najFMZE5ZMGg5WnZhNW02bUdBeGVBYkgzMHFiNTRxblJVNHZ3NE9XV0Zld0lrRHR2UFBoUVpENzEKbVRyYVRENDB6dldiRmxMTTRGaUJZdUZSRW1pWTExdFJudHdOUEYrVlV6RzU4c0NaM3pYdnpKSnVURTZBb0x1cwpyZEUyaGhhMlZRWk1wSUpYRWpMR3lvaCtTdHZER2xKZERJRjZHVjJvTktUMWFrVG9BNmhwelRVL0VxdlB0UFBKCkFKN21LY1Z5M2tQQlBvWDEvazA9Ci0tLS0tRU5EIENFUlRJRklDQVRFLS0tLS0K",
                            "master_auth.0.client_certificate_config.#": "0",
                            "master_auth.0.client_key": "LS0tLS1CRUdJTiBSU0EgUFJJVkFURSBLRVktLS0tLQpNSUlFb2dJQkFBS0NBUUVBclZqcVF1TmZ0QURnVHc3K1VIMVBTeXlYMkN4VHE3OXprUG4wRlI1RlN4OFdjOEdECkxMRDJBMWtLMkNQYjIrSTZKSjUyUno0ZVAxR21FSWNzWm91SkR1dU0wZWFMdlJnQzZpUFljRWdHZFQxck45Q3gKdUoreHdmeTYvUGhZMnQxRkpSRTZoY2doVW0zNmhOMUpQd1Vab1JkLzJvSENCQkJvZm9XWUhOclhWMG1MUjFWVQo5M25FdDJHRWlxZUo2VnkvK2RaV09hUytvZ3hxMDJhbWxuSFlBSkNITkFmNDdUNDlJVEZxQ3BaczhUZnVkaTZmCjllVXV0ZkFweDBqWE9FbGNwZWJmL0NEaHVjZExPMFR1dFFldWRsT0tuUHJJM09KQlBzMzJ1L0RjRWU3U2dndzIKRmpjNjdvVmtLVlJYOTVTQ1BDWTV5OE9HV29aR3p4TWxXbG01M3dJREFRQUJBb0lCQUN2S0w5ZDR6OGJOaDl5QQoyWjZrb1NESTRZemkyYm9qc1lKNG1mK3h0Mmg4TUhSS2VLUVVDZm1iaDBGRmdiZEFwVloxejBROC9YQWFaSng5ClFTcWdhaDJpUkY4TDRkWUJXRThrZ2ZzUFBzNWtGdzh4QVl3MWp6YUZiUWtWaFlDNGI4eW0xd1ZQb3BkTG9BTHIKVWFNQlcxR1YrWjdOczZES01sTnYxUmJJODZnaFNmOVdXaEk1aWhBRkpqZnhBN3VNV09XRGRJbkJiYVoxc3JsaApKRkJId09qNjZyUm4vK2Z2Q2ljS3NqWmRtaFpPTkhUUGpkUXJHVk5SWThxMyttb3U0V1NMcHR4bGMyKzZNVnV1CmN6azhlRHduN2ZwZG1WcmptZEpGSFV0c3dheDNWR2hDTUNyeTgvT0JYSnp1dTQxSzQ4bTkxZlFIMGhFTHpkTkkKS05QalptVUNnWUVBMTZrRFE5NWJCL0ZOMGJ3L1FEb0JuRG5GUXl2VlRwS1pjMnVSOXpoMitGdkNsZHB2di93cgpydlFDcGdlYjF2c1AzTnQwOU1iVHBUenFuM3lyTjBmN1ZRdXBvaUlDcTl3dDhFWXp1amVIdlFGTWlkdXczQWNkCktxdHNRZ1N4UW01dXlRY1NpOVdTd3NTTDdncjRweFV1cU9YZlQ5K1ZqQWZXMm5xdkc4VWRIbnNDZ1lFQXpjVzcKRUJ0NEFHeU92Q2IvOUpFeHBTbldQSVBkT1g0ZkFhZ05JVmJob0lqN01WcktNOE0zcG0zZUNWTCs2SkVyZzFQcgpYWFIzMjFBTWVVWEplK0JMdjJuNlkxOWgyME9yVW5oUVJkNHdFNWNQSm1ORGt2aWYzWHJsa3hjeVNPemxXSUxZCk1qdTFOYlE3dUJoaVVUQzZMd1lqS3U2Q294TUVqTHM0aTdCbTV1MENnWUJybkh4eW16dVZSUVZ0eUo5UEx5S3EKai9Fc3lXeVEzbm9QcS9lVUF1cnFsdThMMDRtN3BOc3ZXN2NPbmZGWFhzUFZrdlJUUi90SUVwT0lyYTdKMFBOSwp4cDBJdUN2WkVlOGlYQVZud0ZuTktCN0hFNGEyNUIzYnN0bzhQeGNzYk9wL0NUWnA3RkpsT2FvUlNBdzNZMHg3Ckh1bEZjKzJ0aUNQZnRTUTNtUzRralFLQmdGcUVXWlpyVHUxNDA0MEc1dDhSbzdJUTVsSDJlN0ZYdnBIKzk4K3IKcFZMMkR2R1dDNDZibUhaWXJDeVQydGc1UzlmWWFaZlJyUXZIZWNVN0lyZWdZaEhRcjdsWTh2WCtIWFlJd044TApMMERlMldZOGtqUXJ0RDg4V1pMTHlHMzE3Nmx3M1dPemlqSVdsNUtTLzJUUnQ0VUtBUnhZa1JUbFA4SWNkWEpWClpkNjlBb0dBSkRVVDZHQUt4Vk9LV1RzekJuWUZZNkRxS0doNUFLL0tVcVF5eGFMVGtRYXRrWFg0NnVpMHhnUUQKbHZsVFl6WVhsK05peE5NUG5LaHNRTVV0cHBKRVpDV2g4U2NsR0RxWTdrWXBZS3YzVncvRE14TWlmcnlwdHJJYwpyVUVFaWdiTERvYkJKNFVDZmJwWFVOVlJ6VWh6d2V2QXhlV1RSMk9jaEJmSklHY3lFNnc9Ci0tLS0tRU5EIFJTQSBQUklWQVRFIEtFWS0tLS0tCg==",
                            "master_auth.0.cluster_ca_certificate": "LS0tLS1CRUdJTiBDRVJUSUZJQ0FURS0tLS0tCk1JSURDekNDQWZPZ0F3SUJBZ0lRY25UNUhLNm8vR3ZZNlhiOFNmSWdLakFOQmdrcWhraUc5dzBCQVFzRkFEQXYKTVMwd0t3WURWUVFERXlRNU56UmlOVEkxTXkwd01qazJMVFJsWlRBdE9HSTJOeTB4TmprNE9XRTRNbUpsWm1ZdwpIaGNOTVRnd056RTNNRFExTlRBNFdoY05Nak13TnpFMk1EVTFOVEE0V2pBdk1TMHdLd1lEVlFRREV5UTVOelJpCk5USTFNeTB3TWprMkxUUmxaVEF0T0dJMk55MHhOams0T1dFNE1tSmxabVl3Z2dFaU1BMEdDU3FHU0liM0RRRUIKQVFVQUE0SUJEd0F3Z2dFS0FvSUJBUUNyYWR2V3Zia1pKcW9Ob1prSXJpQngxRW1uVFovK3FVK28wZGRRbnZ3Zwp6bEQvc3U1VmswdUZQb2RiWEtuNlN4N1pteE9DM0hLS1RaU0M0em5iS3BYZkpVVVl0THNtWDhBcHhPSllsSFcyCkhZZGxSVTRFdXdjMm1BYURsbDNkbjl1ZTVNZk5yYXhDanZMa3N0TlZqQVZaLzhGSHd2S1BUZUdXc2Q5NUl4VUYKRk5CUkw4OGo3OFl2dGZrV0VPbHF5Uk1CVmJkVU9udGZBZ2Uza2kvREwreGxlYnlFWmd4c1p6MWxlZmlrTUV3bQowL2JzbnRsb0FlWmJxczBpb3RkbHN6bGZWZ1N2ZS9FalRYaE81aWVRU1Z1OFpWSDUzU3lKNllIVjRCaE10Q1VSCk5RRDQySGlDVXRxSHFLYlFEd3JKM1V5dXY2T1h3RC8veWkxNVV4YjgzUjZwQWdNQkFBR2pJekFoTUE0R0ExVWQKRHdFQi93UUVBd0lDQkRBUEJnTlZIUk1CQWY4RUJUQURBUUgvTUEwR0NTcUdTSWIzRFFFQkN3VUFBNElCQVFCKwpHYVZiR1RRQnFWTVJiVDFDa2ZOM0FvL3M2QlpvVHhMSVVOS0NyVENuWW1jbVNoeDBtSGdrSGpPUWs5RTdLRVhBCjdiWE5FakRrRU1qOERhaG03RSt0Zlhsd0t6TlR2ckE0ZUpZbmhqT1NKWWZJc0JkU0VwTlNaeVc0QjAyYmZMTzEKQ0pQU0E4TTcrSS9CZEt3Z3NhUnJZd2tWUHZJb051MVJlYUJxakZydUlwd0ZxV3QyRG9oVkpxTE1hKzlCaTlvcApxVXVoSE1aYXJveVR5WEFVK1FUQWhpeGt6bHRHWVoxbE9CdVdwV201TDNsdHNpM1l5WUZyQ1RibzcwN1JLKzlpCkIxK1VWdW1nOXdLeFFTZjJLQjM3NXRLa0Y3RTl3RlUraHQ0WDBtR2czRHJCd2F2ZFpKakxOeWNJa1Z1Q1NoM1IKNkdOaGptYVRGaHFWbWtYMVRqZE4KLS0tLS1FTkQgQ0VSVElGSUNBVEUtLS0tLQo=",
                            "master_auth.0.password": "F7GkVBuTAyHbv5S9",
                            "master_auth.0.username": "admin",
                            "master_authorized_networks_config.#": "0",
                            "master_ipv4_cidr_block": "",
                            "master_version": "1.10.5-gke.2",
                            "min_master_version": "1.10.5-gke.2",
                            "monitoring_service": "monitoring.googleapis.com",
                            "name": "identity",
                            "network": "projects/id-test-deploy-2/global/networks/default",
                            "network_policy.#": "1",
                            "network_policy.0.enabled": "false",
                            "network_policy.0.provider": "PROVIDER_UNSPECIFIED",
                            "node_config.#": "1",
                            "node_config.0.disk_size_gb": "100",
                            "node_config.0.disk_type": "pd-standard",
                            "node_config.0.guest_accelerator.#": "0",
                            "node_config.0.image_type": "COS",
                            "node_config.0.labels.%": "0",
                            "node_config.0.local_ssd_count": "0",
                            "node_config.0.machine_type": "n1-standard-1",
                            "node_config.0.metadata.%": "0",
                            "node_config.0.min_cpu_platform": "",
                            "node_config.0.oauth_scopes.#": "2",
                            "node_config.0.oauth_scopes.1733087937": "https://www.googleapis.com/auth/cloud-platform",
                            "node_config.0.oauth_scopes.3361740575": "https://www.googleapis.com/auth/iam",
                            "node_config.0.preemptible": "false",
                            "node_config.0.service_account": "identity-server@id-test-deploy-2.iam.gserviceaccount.com",
                            "node_config.0.tags.#": "1",
                            "node_config.0.tags.0": "identity",
                            "node_config.0.taint.#": "0",
                            "node_config.0.workload_metadata_config.#": "0",
                            "node_pool.#": "1",
                            "node_pool.0.autoscaling.#": "0",
                            "node_pool.0.initial_node_count": "2",
                            "node_pool.0.instance_group_urls.#": "1",
                            "node_pool.0.instance_group_urls.0": "https://www.googleapis.com/compute/v1/projects/id-test-deploy-2/zones/us-east4-b/instanceGroupManagers/gke-identity-default-pool-e7912915-grp",
                            "node_pool.0.management.#": "1",
                            "node_pool.0.management.0.auto_repair": "false",
                            "node_pool.0.management.0.auto_upgrade": "false",
                            "node_pool.0.name": "default-pool",
                            "node_pool.0.name_prefix": "",
                            "node_pool.0.node_config.#": "1",
                            "node_pool.0.node_config.0.disk_size_gb": "100",
                            "node_pool.0.node_config.0.disk_type": "pd-standard",
                            "node_pool.0.node_config.0.guest_accelerator.#": "0",
                            "node_pool.0.node_config.0.image_type": "COS",
                            "node_pool.0.node_config.0.labels.%": "0",
                            "node_pool.0.node_config.0.local_ssd_count": "0",
                            "node_pool.0.node_config.0.machine_type": "n1-standard-1",
                            "node_pool.0.node_config.0.metadata.%": "0",
                            "node_pool.0.node_config.0.min_cpu_platform": "",
                            "node_pool.0.node_config.0.oauth_scopes.#": "2",
                            "node_pool.0.node_config.0.oauth_scopes.1733087937": "https://www.googleapis.com/auth/cloud-platform",
                            "node_pool.0.node_config.0.oauth_scopes.3361740575": "https://www.googleapis.com/auth/iam",
                            "node_pool.0.node_config.0.preemptible": "false",
                            "node_pool.0.node_config.0.service_account": "identity-server@id-test-deploy-2.iam.gserviceaccount.com",
                            "node_pool.0.node_config.0.tags.#": "1",
                            "node_pool.0.node_config.0.tags.0": "identity",
                            "node_pool.0.node_config.0.taint.#": "0",
                            "node_pool.0.node_config.0.workload_metadata_config.#": "0",
                            "node_pool.0.node_count": "2",
                            "node_pool.0.version": "1.10.5-gke.2",
                            "node_version": "1.10.5-gke.2",
                            "pod_security_policy_config.#": "0",
                            "private_cluster": "false",
                            "project": "id-test-deploy-2",
                            "resource_labels.%": "0",
                            "subnetwork": "projects/id-test-deploy-2/regions/us-east4/subnetworks/default",
                            "zone": "us-east4-b"
                        },
                        "meta": {
                            "e2bfb730-ecaa-11e6-8f88-34363bc7c4c0": {
                                "create": 1800000000000,
                                "delete": 600000000000,
                                "update": 600000000000
                            },
                            "schema_version": "1"
                        },
                        "tainted": false
                    },
                    "deposed": [],
                    "provider": "provider.google"
                },
                "google_project_iam_member.service-account.0": {
                    "type": "google_project_iam_member",
                    "depends_on": [
                        "google_service_account.identity-server"
                    ],
                    "primary": {
                        "id": "id-test-deploy-2/roles/resourcemanager.projectIamAdmin/serviceAccount:identity-server@id-test-deploy-2.iam.gserviceaccount.com",
                        "attributes": {
                            "etag": "BwVxK5f8kYY=",
                            "id": "id-test-deploy-2/roles/resourcemanager.projectIamAdmin/serviceAccount:identity-server@id-test-deploy-2.iam.gserviceaccount.com",
                            "member": "serviceAccount:identity-server@id-test-deploy-2.iam.gserviceaccount.com",
                            "project": "id-test-deploy-2",
                            "role": "roles/resourcemanager.projectIamAdmin"
                        },
                        "meta": {},
                        "tainted": false
                    },
                    "deposed": [],
                    "provider": "provider.google"
                },
                "google_project_iam_member.service-account.1": {
                    "type": "google_project_iam_member",
                    "depends_on": [
                        "google_service_account.identity-server"
                    ],
                    "primary": {
                        "id": "id-test-deploy-2/roles/iam.serviceAccountAdmin/serviceAccount:identity-server@id-test-deploy-2.iam.gserviceaccount.com",
                        "attributes": {
                            "etag": "BwVxK5bwD5s=",
                            "id": "id-test-deploy-2/roles/iam.serviceAccountAdmin/serviceAccount:identity-server@id-test-deploy-2.iam.gserviceaccount.com",
                            "member": "serviceAccount:identity-server@id-test-deploy-2.iam.gserviceaccount.com",
                            "project": "id-test-deploy-2",
                            "role": "roles/iam.serviceAccountAdmin"
                        },
                        "meta": {},
                        "tainted": false
                    },
                    "deposed": [],
                    "provider": "provider.google"
                },
                "google_project_iam_member.service-account.2": {
                    "type": "google_project_iam_member",
                    "depends_on": [
                        "google_service_account.identity-server"
                    ],
                    "primary": {
                        "id": "id-test-deploy-2/roles/iam.serviceAccountKeyAdmin/serviceAccount:identity-server@id-test-deploy-2.iam.gserviceaccount.com",
                        "attributes": {
                            "etag": "BwVxK5aueNM=",
                            "id": "id-test-deploy-2/roles/iam.serviceAccountKeyAdmin/serviceAccount:identity-server@id-test-deploy-2.iam.gserviceaccount.com",
                            "member": "serviceAccount:identity-server@id-test-deploy-2.iam.gserviceaccount.com",
                            "project": "id-test-deploy-2",
                            "role": "roles/iam.serviceAccountKeyAdmin"
                        },
                        "meta": {},
                        "tainted": false
                    },
                    "deposed": [],
                    "provider": "provider.google"
                },
                "google_project_iam_member.service-account.3": {
                    "type": "google_project_iam_member",
                    "depends_on": [
                        "google_service_account.identity-server"
                    ],
                    "primary": {
                        "id": "id-test-deploy-2/roles/iam.serviceAccountTokenCreator/serviceAccount:identity-server@id-test-deploy-2.iam.gserviceaccount.com",
                        "attributes": {
                            "etag": "BwVxK5cxDXU=",
                            "id": "id-test-deploy-2/roles/iam.serviceAccountTokenCreator/serviceAccount:identity-server@id-test-deploy-2.iam.gserviceaccount.com",
                            "member": "serviceAccount:identity-server@id-test-deploy-2.iam.gserviceaccount.com",
                            "project": "id-test-deploy-2",
                            "role": "roles/iam.serviceAccountTokenCreator"
                        },
                        "meta": {},
                        "tainted": false
                    },
                    "deposed": [],
                    "provider": "provider.google"
                },
                "google_project_iam_member.service-account.4": {
                    "type": "google_project_iam_member",
                    "depends_on": [
                        "google_service_account.identity-server"
                    ],
                    "primary": {
                        "id": "id-test-deploy-2/roles/iam.serviceAccountUser/serviceAccount:identity-server@id-test-deploy-2.iam.gserviceaccount.com",
                        "attributes": {
                            "etag": "BwVxK5dx2gA=",
                            "id": "id-test-deploy-2/roles/iam.serviceAccountUser/serviceAccount:identity-server@id-test-deploy-2.iam.gserviceaccount.com",
                            "member": "serviceAccount:identity-server@id-test-deploy-2.iam.gserviceaccount.com",
                            "project": "id-test-deploy-2",
                            "role": "roles/iam.serviceAccountUser"
                        },
                        "meta": {},
                        "tainted": false
                    },
                    "deposed": [],
                    "provider": "provider.google"
                },
                "google_project_iam_member.service-account.5": {
                    "type": "google_project_iam_member",
                    "depends_on": [
                        "google_service_account.identity-server"
                    ],
                    "primary": {
                        "id": "id-test-deploy-2/roles/viewer/serviceAccount:identity-server@id-test-deploy-2.iam.gserviceaccount.com",
                        "attributes": {
                            "etag": "BwVxK5ezgZs=",
                            "id": "id-test-deploy-2/roles/viewer/serviceAccount:identity-server@id-test-deploy-2.iam.gserviceaccount.com",
                            "member": "serviceAccount:identity-server@id-test-deploy-2.iam.gserviceaccount.com",
                            "project": "id-test-deploy-2",
                            "role": "roles/viewer"
                        },
                        "meta": {},
                        "tainted": false
                    },
                    "deposed": [],
                    "provider": "provider.google"
                },
                "google_project_service.service.0": {
                    "type": "google_project_service",
                    "depends_on": [],
                    "primary": {
                        "id": "id-test-deploy-2/cloudkms.googleapis.com",
                        "attributes": {
                            "disable_on_destroy": "false",
                            "id": "id-test-deploy-2/cloudkms.googleapis.com",
                            "project": "id-test-deploy-2",
                            "service": "cloudkms.googleapis.com"
                        },
                        "meta": {},
                        "tainted": false
                    },
                    "deposed": [],
                    "provider": "provider.google"
                },
                "google_project_service.service.1": {
                    "type": "google_project_service",
                    "depends_on": [],
                    "primary": {
                        "id": "id-test-deploy-2/cloudresourcemanager.googleapis.com",
                        "attributes": {
                            "disable_on_destroy": "false",
                            "id": "id-test-deploy-2/cloudresourcemanager.googleapis.com",
                            "project": "id-test-deploy-2",
                            "service": "cloudresourcemanager.googleapis.com"
                        },
                        "meta": {},
                        "tainted": false
                    },
                    "deposed": [],
                    "provider": "provider.google"
                },
                "google_project_service.service.2": {
                    "type": "google_project_service",
                    "depends_on": [],
                    "primary": {
                        "id": "id-test-deploy-2/container.googleapis.com",
                        "attributes": {
                            "disable_on_destroy": "false",
                            "id": "id-test-deploy-2/container.googleapis.com",
                            "project": "id-test-deploy-2",
                            "service": "container.googleapis.com"
                        },
                        "meta": {},
                        "tainted": false
                    },
                    "deposed": [],
                    "provider": "provider.google"
                },
                "google_project_service.service.3": {
                    "type": "google_project_service",
                    "depends_on": [],
                    "primary": {
                        "id": "id-test-deploy-2/containerregistry.googleapis.com",
                        "attributes": {
                            "disable_on_destroy": "false",
                            "id": "id-test-deploy-2/containerregistry.googleapis.com",
                            "project": "id-test-deploy-2",
                            "service": "containerregistry.googleapis.com"
                        },
                        "meta": {},
                        "tainted": false
                    },
                    "deposed": [],
                    "provider": "provider.google"
                },
                "google_project_service.service.4": {
                    "type": "google_project_service",
                    "depends_on": [],
                    "primary": {
                        "id": "id-test-deploy-2/iam.googleapis.com",
                        "attributes": {
                            "disable_on_destroy": "false",
                            "id": "id-test-deploy-2/iam.googleapis.com",
                            "project": "id-test-deploy-2",
                            "service": "iam.googleapis.com"
                        },
                        "meta": {},
                        "tainted": false
                    },
                    "deposed": [],
                    "provider": "provider.google"
                },
                "google_service_account.identity-server": {
                    "type": "google_service_account",
                    "depends_on": [],
                    "primary": {
                        "id": "projects/id-test-deploy-2/serviceAccounts/identity-server@id-test-deploy-2.iam.gserviceaccount.com",
                        "attributes": {
                            "account_id": "identity-server",
                            "display_name": "Identity Server",
                            "email": "identity-server@id-test-deploy-2.iam.gserviceaccount.com",
                            "id": "projects/id-test-deploy-2/serviceAccounts/identity-server@id-test-deploy-2.iam.gserviceaccount.com",
                            "name": "projects/id-test-deploy-2/serviceAccounts/identity-server@id-test-deploy-2.iam.gserviceaccount.com",
                            "project": "id-test-deploy-2",
                            "unique_id": "111976751886848406272"
                        },
                        "meta": {},
                        "tainted": false
                    },
                    "deposed": [],
                    "provider": "provider.google"
                },
                "google_service_account_key.identity": {
                    "type": "google_service_account_key",
                    "depends_on": [
                        "google_service_account.identity-server"
                    ],
                    "primary": {
                        "id": "projects/id-test-deploy-2/serviceAccounts/identity-server@id-test-deploy-2.iam.gserviceaccount.com/keys/0afc57f72372ba055e9598550d7910b985bc851b",
                        "attributes": {
                            "id": "projects/id-test-deploy-2/serviceAccounts/identity-server@id-test-deploy-2.iam.gserviceaccount.com/keys/0afc57f72372ba055e9598550d7910b985bc851b",
                            "key_algorithm": "KEY_ALG_RSA_2048",
                            "name": "projects/id-test-deploy-2/serviceAccounts/identity-server@id-test-deploy-2.iam.gserviceaccount.com/keys/0afc57f72372ba055e9598550d7910b985bc851b",
                            "private_key": "ewogICJ0eXBlIjogInNlcnZpY2VfYWNjb3VudCIsCiAgInByb2plY3RfaWQiOiAiaWQtdGVzdC1kZXBsb3ktMiIsCiAgInByaXZhdGVfa2V5X2lkIjogIjBhZmM1N2Y3MjM3MmJhMDU1ZTk1OTg1NTBkNzkxMGI5ODViYzg1MWIiLAogICJwcml2YXRlX2tleSI6ICItLS0tLUJFR0lOIFBSSVZBVEUgS0VZLS0tLS1cbk1JSUV2UUlCQURBTkJna3Foa2lHOXcwQkFRRUZBQVNDQktjd2dnU2pBZ0VBQW9JQkFRQ251ZkpnQkpWeXYzWlZcbmd0cjg2dHJGaU52NjB3TnIzdWRVcitaVTZHdTladXRIUVFjQlVhNEZRQUlwWmU4QUdxNDBFc0Q1T2xwTDIxWTBcbk5kRjFsendNQitsVXIwUHVRcklIdG83TlZqVENuYW9wSVpETDZZY3ZhL1F5RVZ3MTRxOTBCU0N3cDJpNzBnb0VcblE4RHlzaUw4Nmx4eDdOQVNsejJqOWE0dVlGUnl6VkZ0WGdPbVJBaUMzVkFPb2RaeW9Ld1duekhYRmd6Nk5tTm9cbkZUajJxbkR0bTNXTXVwR2VhWWVtQkNwbjQ4eGpoWnBudVhzRVZrYmFYbDA2Q3kyaDVoUEFqVjQ0b0ZjQ0RqQnlcbmRpcUpvbE9jbHBha25jTTBwc1lRSjRyNGxrZ0FMTW5yN3I5RGZaUlZ6dWFxbU5SQkgzVllSaUtUaC9tRUh4QjRcblNETDJKQXp2QWdNQkFBRUNnZ0VBQkNDbWlvTmR5d0djeEQ0WGZ4ZHd3ODc2VTNRMXhvOEVwbjd4OHNaQW0xd2RcbmhrU1dDekJXZGVrSysyN1M5UlJYazlnTmNtSmp2QXNvc2JUeER5UDRhaHVxVGhkcTdYaDFJckdaZTFUWHNOUmdcbjRMSWFhSnRlcmFXVFlxRGxkRDBxRkp3TnNkSVNqOUN5V1I4N3VQaXRJd2dTMitWdkZTQlM5OHNLVmpoQ2dwNGZcbjlGL1dOUlZTQUxKRzVSOWdSeE5wbkk5aGRxSkZwR0l3Tk9ha1hpck1JNUg5YnJVOHZtam9ScGRsVUpLM1VkaW1cbkg4UGgrNForb2VCNW0zSFNDTHNjUmllTkhoMjZ4SGlqYmJFcEpUVVdXbWd3bTZtaE96V2lkREV0UG14YVlRWWpcbnpoTWtQTVF6YkRZNWpUT29Ob3ZEdStzTkdkZTJ1dUNpMjZGWTJJYVJJUUtCZ1FEWEdMRVZTN0pNTTd4ZkJpQTNcbkxnbGR2WVg5K0pUNndXTGRsSkRMcEhDV2tHN3QyU0tISGNFdGh4TVFleGVFRlVBVzYvNEtkNENmRGgzN2FjWDVcbmNWVWtncTVPb0x4VFlkRm9iVTVRVlBjZVM2ZzY5RlJxcWFKVGY3U2NOcHE2QkdWMkZSRnJ3U2RGdVExU1AvMjRcbnYvb1BxM292MGx5UmJtWmQvWCtaczN4VlR3S0JnUURIbnpBUWU0QnVlS1kzV0RidW5tRlhjZ2dvYlVTK1RzSVVcbi9PbmUyeHNSTVZVTk1vZVFNd0NvSFczbTRBUGp0M3RGaVBPQUo0aVE5ZjRBTk5hWUVhNW1zTU9YVnNSWHovOGVcbllyeUh3UmtUTGF5c3gweUEyak5LOFdFUy9VYXpOdGl3dmhsK0cvRkJlV0dITElyeEVYaDdrdGdaZXJBcHBMeTRcbkEvOUdMMEltWVFLQmdRQ1JlVjJxN1hzMUZuaDhQQVJselhrQU1VSUNOckZydG9kTEhVT2d0eUorY2tqVURGclJcbnowbnJwTU04RGtRbFRNbi90clFtR0JTaGZrYkExeFRTVTlnbHpVeGVXVStGaFU2L3RjMlZmeUZ6Ri9BN2p5dllcbng4bkZkMFdMc1ZLTUpKVUtlODFBZDI0OE5aL1ExUDZnaVJaeXFxTUUzTjFHYnNoRklVRy9qaWkwK1FLQmdFcWtcbjBkbzM5Q3hhM1B4dzlnbUFHN0lSSjgvR0hDQjFYc2x1VVIxT0hPN3UzWGpUM2pFamdTbGI1ODZmRVpWQzlNdHBcbmpIUHRWSG13SWt4OWRZampnNjFPaDdTOWN5bkswd0RQdHVPa1p2WHU3RlNuS1lvOURWVUdzVi9pYVY5Mk1NeldcbktMNHBRS3RVOGcwVHNOaTN5YStibDBiZnc2T3V3QXFuSS90Z2pJSEJBb0dBSC9yMlVwTCtiTlN4eG5JVjhsQ3dcbi85cmVOU0l5NTI1amZmUWRxeXNZMWNlOHNYUkxzaXBwT0htSGdSNHl1c2Z1TXBHWk13ZlJSbE1UdEREdVdsbkZcbmNqNGlxd2JVcFNpOVdMdGdjb25hRWkwdU5SN2pBQnorWnN2MlMvNWJNT2lFYjVnenJRYlM4RzkrQUlXV3ZaVVdcbldGaytScWpWZGNRVFY4TVNPdjBabjVNPVxuLS0tLS1FTkQgUFJJVkFURSBLRVktLS0tLVxuIiwKICAiY2xpZW50X2VtYWlsIjogImlkZW50aXR5LXNlcnZlckBpZC10ZXN0LWRlcGxveS0yLmlhbS5nc2VydmljZWFjY291bnQuY29tIiwKICAiY2xpZW50X2lkIjogIjExMTk3Njc1MTg4Njg0ODQwNjI3MiIsCiAgImF1dGhfdXJpIjogImh0dHBzOi8vYWNjb3VudHMuZ29vZ2xlLmNvbS9vL29hdXRoMi9hdXRoIiwKICAidG9rZW5fdXJpIjogImh0dHBzOi8vYWNjb3VudHMuZ29vZ2xlLmNvbS9vL29hdXRoMi90b2tlbiIsCiAgImF1dGhfcHJvdmlkZXJfeDUwOV9jZXJ0X3VybCI6ICJodHRwczovL3d3dy5nb29nbGVhcGlzLmNvbS9vYXV0aDIvdjEvY2VydHMiLAogICJjbGllbnRfeDUwOV9jZXJ0X3VybCI6ICJodHRwczovL3d3dy5nb29nbGVhcGlzLmNvbS9yb2JvdC92MS9tZXRhZGF0YS94NTA5L2lkZW50aXR5LXNlcnZlciU0MGlkLXRlc3QtZGVwbG95LTIuaWFtLmdzZXJ2aWNlYWNjb3VudC5jb20iCn0K",
                            "private_key_type": "TYPE_GOOGLE_CREDENTIALS_FILE",
                            "public_key": "LS0tLS1CRUdJTiBDRVJUSUZJQ0FURS0tLS0tCk1JSUMrakNDQWVLZ0F3SUJBZ0lJTUlYSTd4ZmtONU13RFFZSktvWklodmNOQVFFRkJRQXdJREVlTUJ3R0ExVUUKQXhNVk1URXhPVGMyTnpVeE9EZzJPRFE0TkRBMk1qY3lNQjRYRFRFNE1EY3hOekExTlRVd09Gb1hEVEk0TURjeApOREExTlRVd09Gb3dJREVlTUJ3R0ExVUVBeE1WTVRFeE9UYzJOelV4T0RnMk9EUTROREEyTWpjeU1JSUJJakFOCkJna3Foa2lHOXcwQkFRRUZBQU9DQVE4QU1JSUJDZ0tDQVFFQXA3bnlZQVNWY3I5MlZZTGEvT3JheFlqYit0TUQKYTk3blZLL21WT2hydldiclIwRUhBVkd1QlVBQ0tXWHZBQnF1TkJMQStUcGFTOXRXTkRYUmRaYzhEQWZwVks5RAo3a0t5QjdhT3pWWTB3cDJxS1NHUXkrbUhMMnYwTWhGY05lS3ZkQVVnc0tkb3U5SUtCRVBBOHJJaS9PcGNjZXpRCkVwYzlvL1d1TG1CVWNzMVJiVjREcGtRSWd0MVFEcUhXY3FDc0ZwOHgxeFlNK2paamFCVTQ5cXB3N1p0MWpMcVIKbm1tSHBnUXFaK1BNWTRXYVo3bDdCRlpHMmw1ZE9nc3RvZVlUd0kxZU9LQlhBZzR3Y25ZcWlhSlRuSmFXcEozRApOS2JHRUNlSytKWklBQ3pKNis2L1EzMlVWYzdtcXBqVVFSOTFXRVlpazRmNWhCOFFlRWd5OWlRTTd3SURBUUFCCm96Z3dOakFNQmdOVkhSTUJBZjhFQWpBQU1BNEdBMVVkRHdFQi93UUVBd0lIZ0RBV0JnTlZIU1VCQWY4RUREQUsKQmdnckJnRUZCUWNEQWpBTkJna3Foa2lHOXcwQkFRVUZBQU9DQVFFQWVDbnhLVGllK24rSTBoNmc2dnoya3o5ZQp2QUhsZnNpUjJVY1dFVjgrTWllaWdxTnlibXEvaCtlZEZxditESzlEY0ZhNlNRaXJQRlpyS1RWaHlrblg4ZHZyCk5haVpWbVQxU3UxZURDNFltcytIYlQyeGsrQkNlU1hzUEl4cXU2Ynk4QkxlM3lZL0R0ejlFcU51dlBSM0NhREQKZWpRWStWVlhEWEY0cWV3TUlKeHZoQS9mYVlncW5FbFVtVEg5a1J1bXhqUVlSRkk3RnhSL0lXL3JaREMwK2t0ZQpVdlkwOTJ3U05pNGI5Wm1ScENrRkxTNmQ2dlB3ME9ZemorOFBobTNtdUVHMVdDcnlJeEMxenBlOWg5WXV5WVNnCkk5SDQ2a0YxYlRXZmRqUlZGWE1PV0V5cFNQQ0xSajB5V2NOUVA3N3lyRW1lc1Vnb1NROE9rZ3VZZ3hJNWtBPT0KLS0tLS1FTkQgQ0VSVElGSUNBVEUtLS0tLQo=",
                            "public_key_type": "TYPE_X509_PEM_FILE",
                            "service_account_id": "projects/id-test-deploy-2/serviceAccounts/identity-server@id-test-deploy-2.iam.gserviceaccount.com",
                            "valid_after": "2018-07-17T05:55:08Z",
                            "valid_before": "2028-07-14T05:55:08Z"
                        },
                        "meta": {},
                        "tainted": false
                    },
                    "deposed": [],
                    "provider": "provider.google"
                },
                "null_resource.add_ingress": {
                    "type": "null_resource",
                    "depends_on": [
                        "data.template_file.ingress",
                        "google_container_cluster.identity",
                        "null_resource.add_tls_secret"
                    ],
                    "primary": {
                        "id": "3633463368649502339",
                        "attributes": {
                            "id": "3633463368649502339",
                            "triggers.%": "6",
                            "triggers.client_certificate": "32b956c81a0cbe0347aad189e31eda14",
                            "triggers.client_key": "5ef90cb206a46fe8ac4636996bc6ee42",
                            "triggers.cluster_ca_certificate": "5f2805bd61e1e98ffa808a4f97f6b9b2",
                            "triggers.host": "281df31087ee0c79d71584faded9588a",
                            "triggers.password": "ee14a62872a380dae4f6c034ff76617d",
                            "triggers.username": "21232f297a57a5a743894a0e4a801fc3"
                        },
                        "meta": {},
                        "tainted": false
                    },
                    "deposed": [],
                    "provider": "provider.null"
                },
                "null_resource.add_tls_secret": {
                    "type": "null_resource",
                    "depends_on": [
                        "google_container_cluster.identity",
                        "null_resource.apply"
                    ],
                    "primary": {
                        "id": "1155174803698830126",
                        "attributes": {
                            "id": "1155174803698830126",
                            "triggers.%": "6",
                            "triggers.client_certificate": "32b956c81a0cbe0347aad189e31eda14",
                            "triggers.client_key": "5ef90cb206a46fe8ac4636996bc6ee42",
                            "triggers.cluster_ca_certificate": "5f2805bd61e1e98ffa808a4f97f6b9b2",
                            "triggers.host": "281df31087ee0c79d71584faded9588a",
                            "triggers.password": "ee14a62872a380dae4f6c034ff76617d",
                            "triggers.username": "21232f297a57a5a743894a0e4a801fc3"
                        },
                        "meta": {},
                        "tainted": false
                    },
                    "deposed": [],
                    "provider": "provider.null"
                },
                "null_resource.apply": {
                    "type": "null_resource",
                    "depends_on": [
                        "data.template_file.app",
                        "google_container_cluster.identity"
                    ],
                    "primary": {
                        "id": "3558243575119677548",
                        "attributes": {
                            "id": "3558243575119677548",
                            "triggers.%": "6",
                            "triggers.client_certificate": "32b956c81a0cbe0347aad189e31eda14",
                            "triggers.client_key": "5ef90cb206a46fe8ac4636996bc6ee42",
                            "triggers.cluster_ca_certificate": "5f2805bd61e1e98ffa808a4f97f6b9b2",
                            "triggers.host": "281df31087ee0c79d71584faded9588a",
                            "triggers.password": "ee14a62872a380dae4f6c034ff76617d",
                            "triggers.username": "21232f297a57a5a743894a0e4a801fc3"
                        },
                        "meta": {},
                        "tainted": false
                    },
                    "deposed": [],
                    "provider": "provider.null"
                }
            },
            "depends_on": []
        }
    ]
}
