{
    "version": 3,
    "terraform_version": "0.11.7",
    "serial": 33,
    "lineage": "6ce0452f-2ce1-01fe-8375-d1c66fa9856e",
    "modules": [
        {
            "path": [
                "root"
            ],
            "outputs": {},
            "resources": {
                "data.template_file.app": {
                    "type": "template_file",
                    "depends_on": [
                        "google_compute_global_address.identity"
                    ],
                    "primary": {
                        "id": "6d5f71bc2369a4176f7c9a1dd381c64deed472f399895ed8836b2110a79b6818",
                        "attributes": {
                            "id": "6d5f71bc2369a4176f7c9a1dd381c64deed472f399895ed8836b2110a79b6818",
                            "rendered": "---\napiVersion: apps/v1\nkind: Deployment\nmetadata:\n  name: identity-deployment\n  labels:\n    app: identity\nspec:\n  replicas: 3\n  selector:\n    matchLabels:\n      app: identity\n  template:\n    metadata:\n      labels:\n        app: identity\n    spec:\n      containers:\n      - name: identity\n        image: gcr.io/id-test-deploy-2/identityserver:v2\n        readinessProbe:\n          httpGet:\n            path: /healthz\n            port: 80\n            scheme: HTTP\n        livenessProbe:\n          httpGet:\n            path: /healthz\n            port: 80\n            scheme: HTTP\n          initialDelaySeconds: 10\n          timeoutSeconds: 1\n        ports:\n        - containerPort: 8080\n          name: identity-port\n          protocol: TCP\n\n\n---\napiVersion: v1\nkind: Service\nmetadata:\n  name: identity\n  labels:\n    app: identity\nspec:\n  type: NodePort\n  ports:\n  - port: 8080\n    protocol: TCP\n    name: http\n  selector:\n    app: identity\n",
                            "template": "---\napiVersion: apps/v1\nkind: Deployment\nmetadata:\n  name: identity-deployment\n  labels:\n    app: identity\nspec:\n  replicas: 3\n  selector:\n    matchLabels:\n      app: identity\n  template:\n    metadata:\n      labels:\n        app: identity\n    spec:\n      containers:\n      - name: identity\n        image: gcr.io/id-test-deploy-2/identityserver:v2\n        readinessProbe:\n          httpGet:\n            path: /healthz\n            port: 80\n            scheme: HTTP\n        livenessProbe:\n          httpGet:\n            path: /healthz\n            port: 80\n            scheme: HTTP\n          initialDelaySeconds: 10\n          timeoutSeconds: 1\n        ports:\n        - containerPort: 8080\n          name: identity-port\n          protocol: TCP\n\n\n---\napiVersion: v1\nkind: Service\nmetadata:\n  name: identity\n  labels:\n    app: identity\nspec:\n  type: NodePort\n  ports:\n  - port: 8080\n    protocol: TCP\n    name: http\n  selector:\n    app: identity\n",
                            "vars.%": "2",
                            "vars.load_balancer_ip": "identity-lb",
                            "vars.num_vault_servers": "2"
                        },
                        "meta": {},
                        "tainted": false
                    },
                    "deposed": [],
                    "provider": "provider.template"
                },
                "data.template_file.ingress": {
                    "type": "template_file",
                    "depends_on": [],
                    "primary": {
                        "id": "804f179a9041121603746b9b62eb83b341741ed08992c7cc9822360190af265f",
                        "attributes": {
                            "id": "804f179a9041121603746b9b62eb83b341741ed08992c7cc9822360190af265f",
                            "rendered": "---\napiVersion: extensions/v1beta1\nkind: Ingress\nmetadata:\n  name: basic-ingress\n  annotations:\n    kubernetes.io/ingress.global-static-ip-name: \"identity-lb\"\n    kubernetes.io/ingress.allow-http: \"false\"\nspec:\n  tls:\n  - secretName: tlssecret\n  backend:\n    serviceName: identity\n    servicePort: 8080\n  # rules:\n  # - http:\n  #     paths:\n  #     - path: /*\n  #       backend:\n  #         serviceName: identity\n  #         servicePort: 8080",
                            "template": "---\napiVersion: extensions/v1beta1\nkind: Ingress\nmetadata:\n  name: basic-ingress\n  annotations:\n    kubernetes.io/ingress.global-static-ip-name: \"identity-lb\"\n    kubernetes.io/ingress.allow-http: \"false\"\nspec:\n  tls:\n  - secretName: tlssecret\n  backend:\n    serviceName: identity\n    servicePort: 8080\n  # rules:\n  # - http:\n  #     paths:\n  #     - path: /*\n  #       backend:\n  #         serviceName: identity\n  #         servicePort: 8080"
                        },
                        "meta": {},
                        "tainted": false
                    },
                    "deposed": [],
                    "provider": "provider.template"
                },
                "google_compute_global_address.identity": {
                    "type": "google_compute_global_address",
                    "depends_on": [
                        "google_project_service.service"
                    ],
                    "primary": {
                        "id": "identity-lb",
                        "attributes": {
                            "address": "35.241.34.177",
                            "creation_timestamp": "2018-07-15T22:48:06.688-07:00",
                            "description": "",
                            "id": "identity-lb",
                            "ip_version": "",
                            "name": "identity-lb",
                            "project": "id-test-deploy-2",
                            "self_link": "https://www.googleapis.com/compute/v1/projects/id-test-deploy-2/global/addresses/identity-lb"
                        },
                        "meta": {
                            "e2bfb730-ecaa-11e6-8f88-34363bc7c4c0": {
                                "create": 240000000000,
                                "delete": 240000000000
                            }
                        },
                        "tainted": false
                    },
                    "deposed": [],
                    "provider": "provider.google"
                },
                "google_container_cluster.identity": {
                    "type": "google_container_cluster",
                    "depends_on": [
                        "google_project_service.service",
                        "google_service_account.identity-server"
                    ],
                    "primary": {
                        "id": "identity",
                        "attributes": {
                            "additional_zones.#": "0",
                            "addons_config.#": "1",
                            "addons_config.0.horizontal_pod_autoscaling.#": "0",
                            "addons_config.0.http_load_balancing.#": "0",
                            "addons_config.0.kubernetes_dashboard.#": "1",
                            "addons_config.0.kubernetes_dashboard.0.disabled": "true",
                            "addons_config.0.network_policy_config.#": "1",
                            "addons_config.0.network_policy_config.0.disabled": "true",
                            "cluster_ipv4_cidr": "10.0.0.0/14",
                            "description": "",
                            "enable_kubernetes_alpha": "false",
                            "enable_legacy_abac": "false",
                            "endpoint": "35.186.165.255",
                            "id": "identity",
                            "initial_node_count": "2",
                            "instance_group_urls.#": "1",
                            "instance_group_urls.0": "https://www.googleapis.com/compute/v1/projects/id-test-deploy-2/zones/us-east4-b/instanceGroups/gke-identity-default-pool-89d83434-grp",
                            "ip_allocation_policy.#": "0",
                            "logging_service": "logging.googleapis.com",
                            "maintenance_policy.#": "0",
                            "master_auth.#": "1",
                            "master_auth.0.client_certificate": "LS0tLS1CRUdJTiBDRVJUSUZJQ0FURS0tLS0tCk1JSUMyakNDQWNLZ0F3SUJBZ0lRWk9NSDBjNnNYRjE2dHVpa1pOM0YxekFOQmdrcWhraUc5dzBCQVFzRkFEQXYKTVMwd0t3WURWUVFERXlSaU1XRXdabVZoTWkwNU1tRTBMVFF5TkRFdFltRTJNeTAwT0dGbU9UUmhabVk0WVdRdwpIaGNOTVRnd056RTJNRFUwT0RBMldoY05Nak13TnpFMU1EVTBPREEyV2pBUk1ROHdEUVlEVlFRREV3WmpiR2xsCmJuUXdnZ0VpTUEwR0NTcUdTSWIzRFFFQkFRVUFBNElCRHdBd2dnRUtBb0lCQVFEZk5jUXAveWJJcVI2TTVEQzMKaWc3TW42aHg5d1lIT096TGlaM0hTa2xjR1NXc0QxTXR3K2xEdDVraDZqOUpxYVo5TE1YQzZVOUVDYmlKUTFQOApRbGpiRmdJQmdnQSszc3EreTFBTzJ6MmtndFJTMzlGcFFZSWpoU1ZHYWdiT0hZMTRXMmF4WEpOQkplUGhFeFkwClppU3FJN3NrbVNaaXA0U3M4TUpGclFGRnl3Q0J6RFNDWGtMYWY4QUNsdU12M21pQTVDVzZhYXFCY2ZoMjExNFgKMUdYeDBjZmFQNm5pdlZZd29BaVkwOTRpQ2liVzZiNUFxamYwYWFVMWJoY1kwcjJGS0MwYWMzUHlMV1hrbklRMAoveTA0b2xtSGtPWkdTQ21jbHFtUEZjaFNkakRxTlN1MEdOZlhWSkpKNlBRR2NoaC9CVWFuWlFlQy9SVjdsamtTCkl0RlpBZ01CQUFHakVEQU9NQXdHQTFVZEV3RUIvd1FDTUFBd0RRWUpLb1pJaHZjTkFRRUxCUUFEZ2dFQkFBVFYKZE5zcHpBelpldytNN09KNjl5algrTGdyWFljbkJkQS9zRktCU1BqRnhCNXBiUXlTRWtVWFhnajR4L1N5YU9tSQphc2FKdHNNY29CU1hNRDNVMmhEMlBjMFEvSS82WVp1ZzNnb1NuSFdPa1NEZmFEekJDcVlFL2t6cFZ4dDFaVkRDCllNQjdGMDVqYTIyb2N6YUpsV1kwYUc3d3NNVWsyNDY2Q1VZZ0lvcEhYbUh6bnpCcjBlZEdPc21uZTFWM0JTMjAKZVZXSlBZNDJMQ096R3VWNGVRU3ZYMVRoLy81QXlyRVJsQTV5WVM0MnhnMmVoeUlEd1NTRHhEc2tTL0lnZk5naQplNCtsazMxUnJPSUZrT2xUNzVhd1R4R1cydFUxRmNEdktkK1JUTXpFL21EWWwwS3k0YkNpU3dtUlFNaDRvQ3NPCkxLdzdGc3QxeTMyUUp3NnAvY1U9Ci0tLS0tRU5EIENFUlRJRklDQVRFLS0tLS0K",
                            "master_auth.0.client_certificate_config.#": "0",
                            "master_auth.0.client_key": "LS0tLS1CRUdJTiBSU0EgUFJJVkFURSBLRVktLS0tLQpNSUlFb3dJQkFBS0NBUUVBM3pYRUtmOG15S2tlak9Rd3Q0b096SitvY2ZjR0J6anN5NG1keDBwSlhCa2xyQTlUCkxjUHBRN2VaSWVvL1NhbW1mU3pGd3VsUFJBbTRpVU5UL0VKWTJ4WUNBWUlBUHQ3S3ZzdFFEdHM5cElMVVV0L1IKYVVHQ0k0VWxSbW9HemgyTmVGdG1zVnlUUVNYajRSTVdOR1lrcWlPN0pKa21ZcWVFclBEQ1JhMEJSY3NBZ2N3MApnbDVDMm4vQUFwYmpMOTVvZ09RbHVtbXFnWEg0ZHRkZUY5Umw4ZEhIMmorcDRyMVdNS0FJbU5QZUlnb20xdW0rClFLbzM5R21sTlc0WEdOSzloU2d0R25OejhpMWw1SnlFTlA4dE9LSlpoNURtUmtncG5KYXBqeFhJVW5ZdzZqVXIKdEJqWDExU1NTZWowQm5JWWZ3VkdwMlVIZ3YwVmU1WTVFaUxSV1FJREFRQUJBb0lCQUJDM3pFbTdTOVVaMVBQYwpyOVBBdDNqaGcyMEh3VnFVb1AyM1Znc3V3cDJ2Tk5NS2h5SndJRDVHRjlEWHVlWkRSVGp1Wm5YWEROZGpKVlhECk84ZUlLUE5vZ1AxMUZuTjBYZVNhUWVuZThnMXFqc3NSNnZOeWZkNjVzcVZGRWQzcHVPWnViWEVKZSs1VVQyNnAKN283b1VKb3lyaFMyRTNuWStLeGkrdllHTGgzTjRhZ0pCTGY4U2V2OEVFcFkzSFJFOGFIZUZjV2MwUFNxY1p4ZwppZ2lyUW52L0wxNC9oaFJxR0MyNGIvamp2cmErRjhGRnhwRE5uTlJhZ2VCWlFmUVJmZHB5ZHhrR2tlWWJFNjg2CjNpQkIwVzlVcFdjT0h6dXhEd3d6UXcwYmJMdEs3TVhENWNPd00reUE2eTJmR3pFTHkyWng2clZZbXJWY1AwcFkKNjVXaC9pVUNnWUVBK25XYUpXalUxYVFaTlJvejhSd2llN0hqTkZNUzdWZ2FlejdaWDN0T2VTRnhOVHQ1ZTMyNApnTVJPOWY2d1I2Y2ViUTk5ZytjdGFjUm9ER1lyK292ek8wR0pkQkR6L01iSjBOeGpOUWhybWFVSFgxenByVDVuClRjN3ZlRXJsaWROR3lRNTVGZlI5UFkzNmRyekNkV1ExN2NTdnY1V1ovUlh1RDI4OTFZQnYwWTBDZ1lFQTVDWFkKa1ZGNG1tMnJ5S2hwaTNIMWlLUGpMN3YyU0I4R1luZ005V1paeVZZUVlwQndBK0pONkxMN3FDY1lLQXpQQmlTbApSNEJOWEVwUlNNTHM5cndwYlhNS21JQ2hMSFdGck9sQUtYVE5xQ1MxcmtKNk4zUkRwcWlOS3ZINmRNYitFS2JzCnVzaXIxR0l0TlB5MnRHRHl2ZXN5enAxak16OG5JTW9UMnFNaTNmMENnWUJkWDlTOUY2MHBqUWs4eSswTGVkSzkKVE4rSTFXUGNDcG1zMHd5VlZWSTNSS21CRUJCRll1U1RWUnlmQjNuTzdOWWlFTUZabUtsTW9rV3NRYmNwckYxYwovUnp5b1pOazdQTzJvME4xTlJOd2I1OGxCVzIxQWV2ZmpVT29GRHdwT3hSTHh0S0x4ZCtmUUR4ZFloZ1pUZWZ4CklmL25yQzJCdGxoUGRzaVZ2VkZ5elFLQmdEbUprZVNVTjJZNjRtZm9rVFdwdDlLT0FtMjNhWlVtdmVWM2dVMGkKVXVLRDRmMzVqMFpyZkZxRFNSUlBSN2hTQXFQNStmVGVWcVEvMmVBUHlOTXhBUUdwVWJMRVBlR0lnZjNwbFZUZgpNRDZIZzRvL0diT0NqczBwRlBFUHRhcGR4UlZPQThYWGRmNUtCRHlvdnlzZWlCbDloNEswRHFDTi9NQTRObW1kCld0M0JBb0dCQVBmZUdBVm51bVB0TFUrbGpqOStsdmhBRE5qaktCdFFWWUR0ODdrMlJOeUM2RDYweFhTY3dYUHcKK2N1T2FHZHU1MFJsaCtqRjRQMDMxNCtpUnhDcTFwQ2tldFdBU3NsWkFUUlZpZFlmQ29HMlo2aEY0RklBOGMvUgplREZPWHJKUk00aDlmSCttMlp2RW5TUlJ3N0RlK2d0R2RwYmRwS0hxTGdzWVhrUnVwTEZjCi0tLS0tRU5EIFJTQSBQUklWQVRFIEtFWS0tLS0tCg==",
                            "master_auth.0.cluster_ca_certificate": "LS0tLS1CRUdJTiBDRVJUSUZJQ0FURS0tLS0tCk1JSURERENDQWZTZ0F3SUJBZ0lSQVAyY0FOWFRuY0VseG9pQ1N0MnVwZjR3RFFZSktvWklodmNOQVFFTEJRQXcKTHpFdE1Dc0dBMVVFQXhNa1lqRmhNR1psWVRJdE9USmhOQzAwTWpReExXSmhOak10TkRoaFpqazBZV1ptT0dGawpNQjRYRFRFNE1EY3hOakEwTkRnd05sb1hEVEl6TURjeE5UQTFORGd3Tmxvd0x6RXRNQ3NHQTFVRUF4TWtZakZoCk1HWmxZVEl0T1RKaE5DMDBNalF4TFdKaE5qTXRORGhoWmprMFlXWm1PR0ZrTUlJQklqQU5CZ2txaGtpRzl3MEIKQVFFRkFBT0NBUThBTUlJQkNnS0NBUUVBMFU2SnRMcGRqVzUxTEZwZy94RW5lSkhOa0ZhcnJLMHpYMUsvOU1jLwpIQW50bFRJZXVCK0NEaDJhSkkxOWNIQTM3L3I0M2Y1V1lYWjI5a0IwOEtJR0pTWHNxeXZPczBBLzQvbHBqMTRJCkRxZ0VBaVMxOTRMU2NIQmF3UWhrTnRsUVQrZGtZNnNLUXFBaDU3anlFVXhDYnFYWXh0WXZscWNQdEVOYnorWXAKTVEzcUdCb3NJbXZUWWFrYlBlU1d6ZWdsZ2c2ZzdQR0pzSnBDaVg3T0tCR3FROWdkNXB0MUVycWl2OFV3QkRPRgpZZzNqT2NZRDh6MGpXU1l3bS9qNjFJQXowTTJkN1lzZVFPOUFyb0dJVW0zZDlRRm91cGhBSUFUNXpIN0hFREtyClVoUEwvSFJaY2t6cTJCMVF2TXRicUd3L0pMS3IvZHNvZzBxR21tZW9EYm1tRndJREFRQUJveU13SVRBT0JnTlYKSFE4QkFmOEVCQU1DQWdRd0R3WURWUjBUQVFIL0JBVXdBd0VCL3pBTkJna3Foa2lHOXcwQkFRc0ZBQU9DQVFFQQppamRKemVMYmFlZDFmSm1nd013WGUyQWZoMmhpSUh2MU53S0dEeGQxbDB2TDB3TUV3eEExanJQM291TlJWaTBGCmF2Z3UrVkxOakw5RU9UWWNKRVVpQUZ2WUw4SmlHSGpWMmc4QWo5OTdvay9wRFRJQ2VHU3NDcEEvYW9ORU1JR3YKVFY2b3lEWnRhRVd2NzVQcEkrTlR1OTFnVmF3Z3Jvd1lyWXVvbk5ZaFBhRkN0T2RpT0l5aG9uTmEvanBqeTVoUAo4ZkIyZHR5RmRseTh6S2ZubUlzRGxXOTByK0hTa0hVeU1NQWRjdjNNaDlCYTR1VzFZcGV0QkU5R284bTNucjRVClNKVFV4ZmZjZ0VhOUwrV2lmZWdPMkZZUzUySjdaVTRBSW54ZlRoSXdYUVBCallVdUhTWlVmUkJrSFNlT2FmQ2YKY1A2Q1o0KzRSajRGZGo1Zkc4bUw3UT09Ci0tLS0tRU5EIENFUlRJRklDQVRFLS0tLS0K",
                            "master_auth.0.password": "AgNVZbgiSOymjPDr",
                            "master_auth.0.username": "admin",
                            "master_authorized_networks_config.#": "0",
                            "master_ipv4_cidr_block": "",
                            "master_version": "1.10.5-gke.2",
                            "min_master_version": "1.10.5-gke.2",
                            "monitoring_service": "monitoring.googleapis.com",
                            "name": "identity",
                            "network": "projects/id-test-deploy-2/global/networks/default",
                            "network_policy.#": "1",
                            "network_policy.0.enabled": "false",
                            "network_policy.0.provider": "PROVIDER_UNSPECIFIED",
                            "node_config.#": "1",
                            "node_config.0.disk_size_gb": "100",
                            "node_config.0.disk_type": "pd-standard",
                            "node_config.0.guest_accelerator.#": "0",
                            "node_config.0.image_type": "COS",
                            "node_config.0.labels.%": "0",
                            "node_config.0.local_ssd_count": "0",
                            "node_config.0.machine_type": "n1-standard-1",
                            "node_config.0.metadata.%": "0",
                            "node_config.0.min_cpu_platform": "",
                            "node_config.0.oauth_scopes.#": "2",
                            "node_config.0.oauth_scopes.1733087937": "https://www.googleapis.com/auth/cloud-platform",
                            "node_config.0.oauth_scopes.3361740575": "https://www.googleapis.com/auth/iam",
                            "node_config.0.preemptible": "false",
                            "node_config.0.service_account": "identity-server@id-test-deploy-2.iam.gserviceaccount.com",
                            "node_config.0.tags.#": "1",
                            "node_config.0.tags.0": "identity",
                            "node_config.0.taint.#": "0",
                            "node_config.0.workload_metadata_config.#": "0",
                            "node_pool.#": "1",
                            "node_pool.0.autoscaling.#": "0",
                            "node_pool.0.initial_node_count": "2",
                            "node_pool.0.instance_group_urls.#": "1",
                            "node_pool.0.instance_group_urls.0": "https://www.googleapis.com/compute/v1/projects/id-test-deploy-2/zones/us-east4-b/instanceGroupManagers/gke-identity-default-pool-89d83434-grp",
                            "node_pool.0.management.#": "1",
                            "node_pool.0.management.0.auto_repair": "false",
                            "node_pool.0.management.0.auto_upgrade": "false",
                            "node_pool.0.name": "default-pool",
                            "node_pool.0.name_prefix": "",
                            "node_pool.0.node_config.#": "1",
                            "node_pool.0.node_config.0.disk_size_gb": "100",
                            "node_pool.0.node_config.0.disk_type": "pd-standard",
                            "node_pool.0.node_config.0.guest_accelerator.#": "0",
                            "node_pool.0.node_config.0.image_type": "COS",
                            "node_pool.0.node_config.0.labels.%": "0",
                            "node_pool.0.node_config.0.local_ssd_count": "0",
                            "node_pool.0.node_config.0.machine_type": "n1-standard-1",
                            "node_pool.0.node_config.0.metadata.%": "0",
                            "node_pool.0.node_config.0.min_cpu_platform": "",
                            "node_pool.0.node_config.0.oauth_scopes.#": "2",
                            "node_pool.0.node_config.0.oauth_scopes.1733087937": "https://www.googleapis.com/auth/cloud-platform",
                            "node_pool.0.node_config.0.oauth_scopes.3361740575": "https://www.googleapis.com/auth/iam",
                            "node_pool.0.node_config.0.preemptible": "false",
                            "node_pool.0.node_config.0.service_account": "identity-server@id-test-deploy-2.iam.gserviceaccount.com",
                            "node_pool.0.node_config.0.tags.#": "1",
                            "node_pool.0.node_config.0.tags.0": "identity",
                            "node_pool.0.node_config.0.taint.#": "0",
                            "node_pool.0.node_config.0.workload_metadata_config.#": "0",
                            "node_pool.0.node_count": "2",
                            "node_pool.0.version": "1.10.5-gke.2",
                            "node_version": "1.10.5-gke.2",
                            "pod_security_policy_config.#": "0",
                            "private_cluster": "false",
                            "project": "id-test-deploy-2",
                            "resource_labels.%": "0",
                            "subnetwork": "projects/id-test-deploy-2/regions/us-east4/subnetworks/default",
                            "zone": "us-east4-b"
                        },
                        "meta": {
                            "e2bfb730-ecaa-11e6-8f88-34363bc7c4c0": {
                                "create": 1800000000000,
                                "delete": 600000000000,
                                "update": 600000000000
                            },
                            "schema_version": "1"
                        },
                        "tainted": false
                    },
                    "deposed": [],
                    "provider": "provider.google"
                },
                "google_project_iam_member.service-account.0": {
                    "type": "google_project_iam_member",
                    "depends_on": [
                        "google_service_account.identity-server"
                    ],
                    "primary": {
                        "id": "id-test-deploy-2/roles/resourcemanager.projectIamAdmin/serviceAccount:identity-server@id-test-deploy-2.iam.gserviceaccount.com",
                        "attributes": {
                            "etag": "BwVxF2BtKqg=",
                            "id": "id-test-deploy-2/roles/resourcemanager.projectIamAdmin/serviceAccount:identity-server@id-test-deploy-2.iam.gserviceaccount.com",
                            "member": "serviceAccount:identity-server@id-test-deploy-2.iam.gserviceaccount.com",
                            "project": "id-test-deploy-2",
                            "role": "roles/resourcemanager.projectIamAdmin"
                        },
                        "meta": {},
                        "tainted": false
                    },
                    "deposed": [],
                    "provider": "provider.google"
                },
                "google_project_iam_member.service-account.1": {
                    "type": "google_project_iam_member",
                    "depends_on": [
                        "google_service_account.identity-server"
                    ],
                    "primary": {
                        "id": "id-test-deploy-2/roles/iam.serviceAccountAdmin/serviceAccount:identity-server@id-test-deploy-2.iam.gserviceaccount.com",
                        "attributes": {
                            "etag": "BwVxF2Cvy/A=",
                            "id": "id-test-deploy-2/roles/iam.serviceAccountAdmin/serviceAccount:identity-server@id-test-deploy-2.iam.gserviceaccount.com",
                            "member": "serviceAccount:identity-server@id-test-deploy-2.iam.gserviceaccount.com",
                            "project": "id-test-deploy-2",
                            "role": "roles/iam.serviceAccountAdmin"
                        },
                        "meta": {},
                        "tainted": false
                    },
                    "deposed": [],
                    "provider": "provider.google"
                },
                "google_project_iam_member.service-account.2": {
                    "type": "google_project_iam_member",
                    "depends_on": [
                        "google_service_account.identity-server"
                    ],
                    "primary": {
                        "id": "id-test-deploy-2/roles/iam.serviceAccountKeyAdmin/serviceAccount:identity-server@id-test-deploy-2.iam.gserviceaccount.com",
                        "attributes": {
                            "etag": "BwVxF2DxwpE=",
                            "id": "id-test-deploy-2/roles/iam.serviceAccountKeyAdmin/serviceAccount:identity-server@id-test-deploy-2.iam.gserviceaccount.com",
                            "member": "serviceAccount:identity-server@id-test-deploy-2.iam.gserviceaccount.com",
                            "project": "id-test-deploy-2",
                            "role": "roles/iam.serviceAccountKeyAdmin"
                        },
                        "meta": {},
                        "tainted": false
                    },
                    "deposed": [],
                    "provider": "provider.google"
                },
                "google_project_iam_member.service-account.3": {
                    "type": "google_project_iam_member",
                    "depends_on": [
                        "google_service_account.identity-server"
                    ],
                    "primary": {
                        "id": "id-test-deploy-2/roles/iam.serviceAccountTokenCreator/serviceAccount:identity-server@id-test-deploy-2.iam.gserviceaccount.com",
                        "attributes": {
                            "etag": "BwVxF1/rQVY=",
                            "id": "id-test-deploy-2/roles/iam.serviceAccountTokenCreator/serviceAccount:identity-server@id-test-deploy-2.iam.gserviceaccount.com",
                            "member": "serviceAccount:identity-server@id-test-deploy-2.iam.gserviceaccount.com",
                            "project": "id-test-deploy-2",
                            "role": "roles/iam.serviceAccountTokenCreator"
                        },
                        "meta": {},
                        "tainted": false
                    },
                    "deposed": [],
                    "provider": "provider.google"
                },
                "google_project_iam_member.service-account.4": {
                    "type": "google_project_iam_member",
                    "depends_on": [
                        "google_service_account.identity-server"
                    ],
                    "primary": {
                        "id": "id-test-deploy-2/roles/iam.serviceAccountUser/serviceAccount:identity-server@id-test-deploy-2.iam.gserviceaccount.com",
                        "attributes": {
                            "etag": "BwVxF1+pUzQ=",
                            "id": "id-test-deploy-2/roles/iam.serviceAccountUser/serviceAccount:identity-server@id-test-deploy-2.iam.gserviceaccount.com",
                            "member": "serviceAccount:identity-server@id-test-deploy-2.iam.gserviceaccount.com",
                            "project": "id-test-deploy-2",
                            "role": "roles/iam.serviceAccountUser"
                        },
                        "meta": {},
                        "tainted": false
                    },
                    "deposed": [],
                    "provider": "provider.google"
                },
                "google_project_iam_member.service-account.5": {
                    "type": "google_project_iam_member",
                    "depends_on": [
                        "google_service_account.identity-server"
                    ],
                    "primary": {
                        "id": "id-test-deploy-2/roles/viewer/serviceAccount:identity-server@id-test-deploy-2.iam.gserviceaccount.com",
                        "attributes": {
                            "etag": "BwVxF2AsZcM=",
                            "id": "id-test-deploy-2/roles/viewer/serviceAccount:identity-server@id-test-deploy-2.iam.gserviceaccount.com",
                            "member": "serviceAccount:identity-server@id-test-deploy-2.iam.gserviceaccount.com",
                            "project": "id-test-deploy-2",
                            "role": "roles/viewer"
                        },
                        "meta": {},
                        "tainted": false
                    },
                    "deposed": [],
                    "provider": "provider.google"
                },
                "google_project_service.service.0": {
                    "type": "google_project_service",
                    "depends_on": [],
                    "primary": {
                        "id": "id-test-deploy-2/cloudkms.googleapis.com",
                        "attributes": {
                            "disable_on_destroy": "false",
                            "id": "id-test-deploy-2/cloudkms.googleapis.com",
                            "project": "id-test-deploy-2",
                            "service": "cloudkms.googleapis.com"
                        },
                        "meta": {},
                        "tainted": false
                    },
                    "deposed": [],
                    "provider": "provider.google"
                },
                "google_project_service.service.1": {
                    "type": "google_project_service",
                    "depends_on": [],
                    "primary": {
                        "id": "id-test-deploy-2/cloudresourcemanager.googleapis.com",
                        "attributes": {
                            "disable_on_destroy": "false",
                            "id": "id-test-deploy-2/cloudresourcemanager.googleapis.com",
                            "project": "id-test-deploy-2",
                            "service": "cloudresourcemanager.googleapis.com"
                        },
                        "meta": {},
                        "tainted": false
                    },
                    "deposed": [],
                    "provider": "provider.google"
                },
                "google_project_service.service.2": {
                    "type": "google_project_service",
                    "depends_on": [],
                    "primary": {
                        "id": "id-test-deploy-2/container.googleapis.com",
                        "attributes": {
                            "disable_on_destroy": "false",
                            "id": "id-test-deploy-2/container.googleapis.com",
                            "project": "id-test-deploy-2",
                            "service": "container.googleapis.com"
                        },
                        "meta": {},
                        "tainted": false
                    },
                    "deposed": [],
                    "provider": "provider.google"
                },
                "google_project_service.service.3": {
                    "type": "google_project_service",
                    "depends_on": [],
                    "primary": {
                        "id": "id-test-deploy-2/containerregistry.googleapis.com",
                        "attributes": {
                            "disable_on_destroy": "false",
                            "id": "id-test-deploy-2/containerregistry.googleapis.com",
                            "project": "id-test-deploy-2",
                            "service": "containerregistry.googleapis.com"
                        },
                        "meta": {},
                        "tainted": false
                    },
                    "deposed": [],
                    "provider": "provider.google"
                },
                "google_project_service.service.4": {
                    "type": "google_project_service",
                    "depends_on": [],
                    "primary": {
                        "id": "id-test-deploy-2/iam.googleapis.com",
                        "attributes": {
                            "disable_on_destroy": "false",
                            "id": "id-test-deploy-2/iam.googleapis.com",
                            "project": "id-test-deploy-2",
                            "service": "iam.googleapis.com"
                        },
                        "meta": {},
                        "tainted": false
                    },
                    "deposed": [],
                    "provider": "provider.google"
                },
                "google_service_account.identity-server": {
                    "type": "google_service_account",
                    "depends_on": [],
                    "primary": {
                        "id": "projects/id-test-deploy-2/serviceAccounts/identity-server@id-test-deploy-2.iam.gserviceaccount.com",
                        "attributes": {
                            "account_id": "identity-server",
                            "display_name": "Identity Server",
                            "email": "identity-server@id-test-deploy-2.iam.gserviceaccount.com",
                            "id": "projects/id-test-deploy-2/serviceAccounts/identity-server@id-test-deploy-2.iam.gserviceaccount.com",
                            "name": "projects/id-test-deploy-2/serviceAccounts/identity-server@id-test-deploy-2.iam.gserviceaccount.com",
                            "project": "id-test-deploy-2",
                            "unique_id": "101354567875802407820"
                        },
                        "meta": {},
                        "tainted": false
                    },
                    "deposed": [],
                    "provider": "provider.google"
                },
                "google_service_account_key.identity": {
                    "type": "google_service_account_key",
                    "depends_on": [
                        "google_service_account.identity-server"
                    ],
                    "primary": {
                        "id": "projects/id-test-deploy-2/serviceAccounts/identity-server@id-test-deploy-2.iam.gserviceaccount.com/keys/793f4d0f444c1705734919d54c9529cead107df2",
                        "attributes": {
                            "id": "projects/id-test-deploy-2/serviceAccounts/identity-server@id-test-deploy-2.iam.gserviceaccount.com/keys/793f4d0f444c1705734919d54c9529cead107df2",
                            "key_algorithm": "KEY_ALG_RSA_2048",
                            "name": "projects/id-test-deploy-2/serviceAccounts/identity-server@id-test-deploy-2.iam.gserviceaccount.com/keys/793f4d0f444c1705734919d54c9529cead107df2",
                            "private_key": "ewogICJ0eXBlIjogInNlcnZpY2VfYWNjb3VudCIsCiAgInByb2plY3RfaWQiOiAiaWQtdGVzdC1kZXBsb3ktMiIsCiAgInByaXZhdGVfa2V5X2lkIjogIjc5M2Y0ZDBmNDQ0YzE3MDU3MzQ5MTlkNTRjOTUyOWNlYWQxMDdkZjIiLAogICJwcml2YXRlX2tleSI6ICItLS0tLUJFR0lOIFBSSVZBVEUgS0VZLS0tLS1cbk1JSUV2UUlCQURBTkJna3Foa2lHOXcwQkFRRUZBQVNDQktjd2dnU2pBZ0VBQW9JQkFRREdiQkl0MTAzMlF3QlBcbkZUM3c1Ri9GMjBSeG4xN29FaXAxczhVR3d2YXBZT3ZTOTlrMEFlZE56MTZ3MXMyZERidkNia3JCTm5oQklIdGlcbkZVdWNYd0k3Q3VpdlhCaUMrZTlxek9rUVErVnVUVm1jZFpqMWlpU0pOazVMbTF1LzcrS2pWbWlMSFFwT1JRRDFcblNvM3NUekFGWDQxc3Z2U1NGTGg3K0xISjJjMkRaaXZrK2dzckErQXNKcm5tVzJjbHFBL3hSQkYyQnFnSkplSS9cbjdwaytkNVFDYWJRUE9SQk9SdXExQjEyNllMSERwN0VZWE5sUys1UytyTmJJWndoWlNqTkVCUlY4a2x3dUNtT2JcblY1Y0JicDVBeUhLamZsMGZXbjdCb2RBT3lmSnQ3RzNTWkY4UEl6NkhrK0tVbXRZN1d4NGNaU0owQmZWVjRtOHBcbkZxVGJpQkdWQWdNQkFBRUNnZ0VBSzBwbjJ2V0hEbXdHMUxvN05lUDFtMHJnRDNRb2RqU0ViQUtwUVhUbThRUnlcbjN5ZnhEUjQvTTJSRGNneWpkcGtJOW40dXRDSG9zYmpmQW9MSDZObDN1SjhFTGtKSEhNaGYrbXF6akxkcmhwbThcbnE5eWlYeXZoRmNpeDQyQUZjQVpyNlp3UUdnM2ZjajB1M05XRHltTnFoRG1aTnZrZ2pnQ1VVWVBzY2pBaFhRSGFcbmRGUmVoYWJYOGcwVGdYakRCdTFkeXpQaU94TmE5MlpseUU3S29NTkVhVnB2enhRL3VLZkpIczJobzJJZWgwVWdcbkkxdUQvWUpUa1Bmem9EOUMvNXlsNkIvM1EraGk3OUxRWlJwSkY1cnQvVzFZR1RXcWYzZHgrZ0hQZmFxUGF4NVpcblJWSHZSdGxQeGpOZkpWWFkrL1pzSVlybXI5VHc0SFZNVTBESWZFaFdJUUtCZ1FEMGpiYnZQUmc0eWhGT1A5bWlcbndmTXMzSytaVFpscXBEL0o5bldFUXNZZzY4NWMrcTlsTXFGYkY1eWptL3p4RmtEZzlPMncyUzVKSlltdXg2aXNcbnhXdHVYSHRPcndpVkx4Z2tjNVZkUnpnUm96aUxuQldqMnJVdTN5NUlYbzY5NStZWTZOdGZQTk5TYU1nZlcxVVdcbmpXR2JqUHNib2NpYWUxR2Uxb05kbTNweTBRS0JnUURQdFpueUw1WDBhRzRraEY1Qkw0M2hGNEVMZEdSSmZoNTJcblY0UnZLaDY3ZU5BVkZmeXBCaDM0SUxZUmFNYXNkenI2RDVXOEpiZ2RFY1lrdHNaN1V0bHFZSWJPZFlkS25QcnRcbkhLRE40bjhqcGFQSXpBL0Y1YU9xZUhqMnc5eXdSY29ZZ3BuOUNwVXpGMmh2SUFLVGhkZzArVlZoRnNQTkV2RXhcbjJvSmhzOEI3aFFLQmdRRFMwQ05GZ3NZUmxtZHFxL0lCc3UzYzIzVG9VNU9QOFgwbnJiVEtTZ0dmdVliUWNpMm1cbnNBbVdpL2swdExCTVo2R1FDck9ud3VCNm44aGJpYlBuRTl3emE3ZkVNWERWb1o1UE5mQXBVODZLcmNoOTJSUnlcbmhvT3ZueWEzcmdPZ3czcUFPS043S3VVRVlsMDVZck1yMkw2dXA4NkRtR2hrZXkvMkcvZHNSeTQ4TVFLQmdDTVlcbkd0K3BuSnVEL1lBY0FWVGdOUWVnRWdTZWNNZGVFTVdMK2V0U1lZanBXN2NFVlFFMThHQlpIb29JZXZEdTREOFpcbjNRSENHYjZIbjBQYXdlUmFWak84QldyaXZxNGpvZDNvSlY5RDhwbFNSajhLQTJ3N1paREs5QjAxY0pjejQzYUtcbnNudm5pdGZzRDVBZkIzQm5mK1ZMYjFxTkh4NEtJa2g3RStad0dZaUZBb0dBUEE2VG16VGRiMDdnYlNLcDIvMlVcbjh5Q1paWDUyT3JxL3ZKdnpvS05LcTlmejZZeHZpSlM0UjNRd2FrZ1BjbS8rUlprc3FUWUs5VmZSL0kzRDQ1TXRcbndXZmtnUDY0WHg3WEY3U1pHOVJiWHp3MWk4cFBYUDRPU2RYWmJwS0I3OGE0cExpVCt0Uk8xVmF6bGt0aVNGTnRcbkNGSDlMWS9wYnZydVRkamxzQkV0alE0PVxuLS0tLS1FTkQgUFJJVkFURSBLRVktLS0tLVxuIiwKICAiY2xpZW50X2VtYWlsIjogImlkZW50aXR5LXNlcnZlckBpZC10ZXN0LWRlcGxveS0yLmlhbS5nc2VydmljZWFjY291bnQuY29tIiwKICAiY2xpZW50X2lkIjogIjEwMTM1NDU2Nzg3NTgwMjQwNzgyMCIsCiAgImF1dGhfdXJpIjogImh0dHBzOi8vYWNjb3VudHMuZ29vZ2xlLmNvbS9vL29hdXRoMi9hdXRoIiwKICAidG9rZW5fdXJpIjogImh0dHBzOi8vYWNjb3VudHMuZ29vZ2xlLmNvbS9vL29hdXRoMi90b2tlbiIsCiAgImF1dGhfcHJvdmlkZXJfeDUwOV9jZXJ0X3VybCI6ICJodHRwczovL3d3dy5nb29nbGVhcGlzLmNvbS9vYXV0aDIvdjEvY2VydHMiLAogICJjbGllbnRfeDUwOV9jZXJ0X3VybCI6ICJodHRwczovL3d3dy5nb29nbGVhcGlzLmNvbS9yb2JvdC92MS9tZXRhZGF0YS94NTA5L2lkZW50aXR5LXNlcnZlciU0MGlkLXRlc3QtZGVwbG95LTIuaWFtLmdzZXJ2aWNlYWNjb3VudC5jb20iCn0K",
                            "private_key_type": "TYPE_GOOGLE_CREDENTIALS_FILE",
                            "public_key": "LS0tLS1CRUdJTiBDRVJUSUZJQ0FURS0tLS0tCk1JSUMrakNDQWVLZ0F3SUJBZ0lJTEI2cFhwMzFCcFF3RFFZSktvWklodmNOQVFFRkJRQXdJREVlTUJ3R0ExVUUKQXhNVk1UQXhNelUwTlRZM09EYzFPREF5TkRBM09ESXdNQjRYRFRFNE1EY3hOakExTkRnd05sb1hEVEk0TURjeApNekExTkRnd05sb3dJREVlTUJ3R0ExVUVBeE1WTVRBeE16VTBOVFkzT0RjMU9EQXlOREEzT0RJd01JSUJJakFOCkJna3Foa2lHOXcwQkFRRUZBQU9DQVE4QU1JSUJDZ0tDQVFFQXhtd1NMZGROOWtNQVR4VTk4T1JmeGR0RWNaOWUKNkJJcWRiUEZCc0wycVdEcjB2ZlpOQUhuVGM5ZXNOYk5uUTI3d201S3dUWjRRU0I3WWhWTG5GOENPd3JvcjF3WQpndm52YXN6cEVFUGxiazFabkhXWTlZb2tpVFpPUzV0YnYrL2lvMVpvaXgwS1RrVUE5VXFON0U4d0JWK05iTDcwCmtoUzRlL2l4eWRuTmcyWXI1UG9MS3dQZ0xDYTU1bHRuSmFnUDhVUVJkZ2FvQ1NYaVArNlpQbmVVQW1tMER6a1EKVGticXRRZGR1bUN4dzZleEdGelpVdnVVdnF6V3lHY0lXVW96UkFVVmZKSmNMZ3BqbTFlWEFXNmVRTWh5bzM1ZApIMXArd2FIUURzbnliZXh0MG1SZkR5TStoNVBpbEpyV08xc2VIR1VpZEFYMVZlSnZLUmFrMjRnUmxRSURBUUFCCm96Z3dOakFNQmdOVkhSTUJBZjhFQWpBQU1BNEdBMVVkRHdFQi93UUVBd0lIZ0RBV0JnTlZIU1VCQWY4RUREQUsKQmdnckJnRUZCUWNEQWpBTkJna3Foa2lHOXcwQkFRVUZBQU9DQVFFQVFNNEVVMk9wUklnYkxoajFOd3NKdXBHcQpEc2pNSFdQVFhWYlZkT1p0all6SVdORWF0d1hvVy8yb2ZLblBIMHorSTZZZ0FUUGlJdXFtbmF0SElYY01jem5BCmUvL0w1M0IzclFScVBFWjB4VXVNUWQ1REZhUGJUZUtVUzMzVy8vRHF5N2JUblR0VmNKT2ovWWlQc0tFak1SVDAKS05mM2NuVkQ3QThHZTlQY2J3NnZETDZaazhiR0hFUVBNank0Y1g1eGNVMjRyOWlicldWSXM4TmlqRDRRbjZGaQpGTVZnbDQxWjhvNTZMdVlyWHM5Y2NRMi83c3BSL3lNU2RCUkEwQ1VsSCs1RE8yNGVkK3ZZa0U5SUh2ZHhWTGVvCkI3d2paczBvY0h4bWFTek8wdDQzK0lkcUVRZVA5VVFQM0lWR3JWWDR3bVYxcFlXSUczams4WnoyY3UxVVR3PT0KLS0tLS1FTkQgQ0VSVElGSUNBVEUtLS0tLQo=",
                            "public_key_type": "TYPE_X509_PEM_FILE",
                            "service_account_id": "projects/id-test-deploy-2/serviceAccounts/identity-server@id-test-deploy-2.iam.gserviceaccount.com",
                            "valid_after": "2018-07-16T05:48:06Z",
                            "valid_before": "2028-07-13T05:48:06Z"
                        },
                        "meta": {},
                        "tainted": false
                    },
                    "deposed": [],
                    "provider": "provider.google"
                },
                "null_resource.add_ingress": {
                    "type": "null_resource",
                    "depends_on": [
                        "data.template_file.ingress",
                        "google_container_cluster.identity",
                        "null_resource.add_tls_secret"
                    ],
                    "primary": {
                        "id": "6131002956545848008",
                        "attributes": {
                            "id": "6131002956545848008",
                            "triggers.%": "6",
                            "triggers.client_certificate": "9754177f3ed02c8405d1dc8afada6486",
                            "triggers.client_key": "f3a16713e656cc495309508246613e42",
                            "triggers.cluster_ca_certificate": "fa03b883195732c47cac46c41a7b9fd1",
                            "triggers.host": "c5a66d2b9642949d47b32c47ab29db02",
                            "triggers.password": "603cffa4063322ff165626aaf5bfcccb",
                            "triggers.username": "21232f297a57a5a743894a0e4a801fc3"
                        },
                        "meta": {},
                        "tainted": false
                    },
                    "deposed": [],
                    "provider": "provider.null"
                },
                "null_resource.add_tls_secret": {
                    "type": "null_resource",
                    "depends_on": [
                        "google_container_cluster.identity",
                        "null_resource.apply"
                    ],
                    "primary": {
                        "id": "4975708015810538252",
                        "attributes": {
                            "id": "4975708015810538252",
                            "triggers.%": "6",
                            "triggers.client_certificate": "9754177f3ed02c8405d1dc8afada6486",
                            "triggers.client_key": "f3a16713e656cc495309508246613e42",
                            "triggers.cluster_ca_certificate": "fa03b883195732c47cac46c41a7b9fd1",
                            "triggers.host": "c5a66d2b9642949d47b32c47ab29db02",
                            "triggers.password": "603cffa4063322ff165626aaf5bfcccb",
                            "triggers.username": "21232f297a57a5a743894a0e4a801fc3"
                        },
                        "meta": {},
                        "tainted": false
                    },
                    "deposed": [],
                    "provider": "provider.null"
                },
                "null_resource.apply": {
                    "type": "null_resource",
                    "depends_on": [
                        "data.template_file.app",
                        "google_container_cluster.identity"
                    ],
                    "primary": {
                        "id": "2351397939137848589",
                        "attributes": {
                            "id": "2351397939137848589",
                            "triggers.%": "6",
                            "triggers.client_certificate": "9754177f3ed02c8405d1dc8afada6486",
                            "triggers.client_key": "f3a16713e656cc495309508246613e42",
                            "triggers.cluster_ca_certificate": "fa03b883195732c47cac46c41a7b9fd1",
                            "triggers.host": "c5a66d2b9642949d47b32c47ab29db02",
                            "triggers.password": "603cffa4063322ff165626aaf5bfcccb",
                            "triggers.username": "21232f297a57a5a743894a0e4a801fc3"
                        },
                        "meta": {},
                        "tainted": false
                    },
                    "deposed": [],
                    "provider": "provider.null"
                }
            },
            "depends_on": []
        }
    ]
}
