{
    "version": 3,
    "terraform_version": "0.11.7",
    "serial": 53,
    "lineage": "6ce0452f-2ce1-01fe-8375-d1c66fa9856e",
    "modules": [
        {
            "path": [
                "root"
            ],
            "outputs": {},
            "resources": {
                "data.template_file.app": {
                    "type": "template_file",
                    "depends_on": [
                        "google_compute_global_address.identity"
                    ],
                    "primary": {
                        "id": "7a73ae07e17163dbcaf11ec8fc4d21e124bd9a3de6d4ef5515813e018a688ae8",
                        "attributes": {
                            "id": "7a73ae07e17163dbcaf11ec8fc4d21e124bd9a3de6d4ef5515813e018a688ae8",
                            "rendered": "---\napiVersion: apps/v1\nkind: Deployment\nmetadata:\n  name: identity-deployment\n  labels:\n    app: identity\nspec:\n  replicas: 3\n  selector:\n    matchLabels:\n      app: identity\n  template:\n    metadata:\n      labels:\n        app: identity\n    spec:\n      containers:\n      - name: identity\n        image: gcr.io/id-test-deploy-2/identityserver:v2\n        ports:\n        - name: identity\n          containerPort: 8080\n        readinessProbe:\n          httpGet:\n            path: /\n            port: 8080\n            scheme: HTTP\n\n\n\n---\napiVersion: v1\nkind: Service\nmetadata:\n  name: identity\n  labels:\n    app: identity\nspec:\n  type: NodePort\n  ports:\n  - port: 8080\n    protocol: TCP\n    name: http\n  selector:\n    app: identity\n",
                            "template": "---\napiVersion: apps/v1\nkind: Deployment\nmetadata:\n  name: identity-deployment\n  labels:\n    app: identity\nspec:\n  replicas: 3\n  selector:\n    matchLabels:\n      app: identity\n  template:\n    metadata:\n      labels:\n        app: identity\n    spec:\n      containers:\n      - name: identity\n        image: gcr.io/id-test-deploy-2/identityserver:v2\n        ports:\n        - name: identity\n          containerPort: 8080\n        readinessProbe:\n          httpGet:\n            path: /\n            port: 8080\n            scheme: HTTP\n\n\n\n---\napiVersion: v1\nkind: Service\nmetadata:\n  name: identity\n  labels:\n    app: identity\nspec:\n  type: NodePort\n  ports:\n  - port: 8080\n    protocol: TCP\n    name: http\n  selector:\n    app: identity\n",
                            "vars.%": "2",
                            "vars.load_balancer_ip": "identity-lb",
                            "vars.num_vault_servers": "2"
                        },
                        "meta": {},
                        "tainted": false
                    },
                    "deposed": [],
                    "provider": "provider.template"
                },
                "data.template_file.ingress": {
                    "type": "template_file",
                    "depends_on": [],
                    "primary": {
                        "id": "804f179a9041121603746b9b62eb83b341741ed08992c7cc9822360190af265f",
                        "attributes": {
                            "id": "804f179a9041121603746b9b62eb83b341741ed08992c7cc9822360190af265f",
                            "rendered": "---\napiVersion: extensions/v1beta1\nkind: Ingress\nmetadata:\n  name: basic-ingress\n  annotations:\n    kubernetes.io/ingress.global-static-ip-name: \"identity-lb\"\n    kubernetes.io/ingress.allow-http: \"false\"\nspec:\n  tls:\n  - secretName: tlssecret\n  backend:\n    serviceName: identity\n    servicePort: 8080\n  # rules:\n  # - http:\n  #     paths:\n  #     - path: /*\n  #       backend:\n  #         serviceName: identity\n  #         servicePort: 8080",
                            "template": "---\napiVersion: extensions/v1beta1\nkind: Ingress\nmetadata:\n  name: basic-ingress\n  annotations:\n    kubernetes.io/ingress.global-static-ip-name: \"identity-lb\"\n    kubernetes.io/ingress.allow-http: \"false\"\nspec:\n  tls:\n  - secretName: tlssecret\n  backend:\n    serviceName: identity\n    servicePort: 8080\n  # rules:\n  # - http:\n  #     paths:\n  #     - path: /*\n  #       backend:\n  #         serviceName: identity\n  #         servicePort: 8080"
                        },
                        "meta": {},
                        "tainted": false
                    },
                    "deposed": [],
                    "provider": "provider.template"
                },
                "google_compute_global_address.identity": {
                    "type": "google_compute_global_address",
                    "depends_on": [
                        "google_project_service.service"
                    ],
                    "primary": {
                        "id": "identity-lb",
                        "attributes": {
                            "address": "35.186.205.250",
                            "creation_timestamp": "2018-07-18T20:49:14.753-07:00",
                            "description": "",
                            "id": "identity-lb",
                            "ip_version": "",
                            "name": "identity-lb",
                            "project": "id-test-deploy-2",
                            "self_link": "https://www.googleapis.com/compute/v1/projects/id-test-deploy-2/global/addresses/identity-lb"
                        },
                        "meta": {
                            "e2bfb730-ecaa-11e6-8f88-34363bc7c4c0": {
                                "create": 240000000000,
                                "delete": 240000000000
                            }
                        },
                        "tainted": false
                    },
                    "deposed": [],
                    "provider": "provider.google"
                },
                "google_container_cluster.identity": {
                    "type": "google_container_cluster",
                    "depends_on": [
                        "google_project_service.service",
                        "google_service_account.identity-server"
                    ],
                    "primary": {
                        "id": "identity",
                        "attributes": {
                            "additional_zones.#": "0",
                            "addons_config.#": "1",
                            "addons_config.0.horizontal_pod_autoscaling.#": "0",
                            "addons_config.0.http_load_balancing.#": "0",
                            "addons_config.0.kubernetes_dashboard.#": "1",
                            "addons_config.0.kubernetes_dashboard.0.disabled": "true",
                            "addons_config.0.network_policy_config.#": "1",
                            "addons_config.0.network_policy_config.0.disabled": "true",
                            "cluster_ipv4_cidr": "10.0.0.0/14",
                            "description": "",
                            "enable_kubernetes_alpha": "false",
                            "enable_legacy_abac": "false",
                            "endpoint": "35.230.163.247",
                            "id": "identity",
                            "initial_node_count": "2",
                            "instance_group_urls.#": "1",
                            "instance_group_urls.0": "https://www.googleapis.com/compute/v1/projects/id-test-deploy-2/zones/us-east4-b/instanceGroups/gke-identity-default-pool-30114758-grp",
                            "ip_allocation_policy.#": "0",
                            "logging_service": "logging.googleapis.com",
                            "maintenance_policy.#": "0",
                            "master_auth.#": "1",
                            "master_auth.0.client_certificate": "LS0tLS1CRUdJTiBDRVJUSUZJQ0FURS0tLS0tCk1JSUMyekNDQWNPZ0F3SUJBZ0lSQUxUek1DbDlSdEhOcE4zSmRvMnZNa013RFFZSktvWklodmNOQVFFTEJRQXcKTHpFdE1Dc0dBMVVFQXhNa1l6RmtZV1kxTkdJdE1tUmxOQzAwTkdOaUxXSTRaRFV0WTJaa05qWTRaVGsyTnpBeApNQjRYRFRFNE1EY3hPVEF6TkRreE5Gb1hEVEl6TURjeE9EQXpORGt4TkZvd0VURVBNQTBHQTFVRUF4TUdZMnhwClpXNTBNSUlCSWpBTkJna3Foa2lHOXcwQkFRRUZBQU9DQVE4QU1JSUJDZ0tDQVFFQXJSQ1ROcWRQQldhem1lREwKeSs3M0FLdkExTjROLzc0aVdlNldBelg2dVpiR1Jtdkx2eVNYclR5Q1NHTEVsVnY1OTdOY0Q2NmRIMkZ3K2N2agpBc1BOSWhsUS9iZWQ4SVBmRmpEMmZvdFBLb2VJU3VSTXFNSHJBYktBVG1nbm1hdWJiTmpBMTJPdVJWMmtnamNvCk9SWjlLejBjN0dSa0NvR2pqelNNbnlLMlE1VTNwREdBTDVWVzhwU2Y4V2FNd0ZKL25EejVOaTB5MGVETUFTa2oKdXNNQzV4L3ExblJ0QVZWTjBmS08wSDV2Yyt4ZFEzc0E2cWVyOG5Wd0EzZGdlTmM1WHV6WmdPSUdydzhvMStndQpMWkdLbTZtanNhd1hTQjFZeHhaeFdFZ0VvdnQ4WXJKclpQVlpLZmdtaFlTZGQrVHp5Nk9DaEpvZEIvSEpvKzFOCkxneEErd0lEQVFBQm94QXdEakFNQmdOVkhSTUJBZjhFQWpBQU1BMEdDU3FHU0liM0RRRUJDd1VBQTRJQkFRQUsKdDEyeXdSYk1GRzBOcWk1TjRoeElTZkhkTmRDMktYVFcxMXFIekR1OTVuSU9aZ0VEM0J2RzNSY1gxWDE5UDhIMQpwWm5yVCtEN2k4cWgrdlNsdkFtTUlLakVTUFV5TWtqQ2dpdEpSa0R6SjR6Y2NPSXRjNHJCeThUZXJMc1VJTDNxCmFrM0FlTmJTdlZoN240YWgraUd3SmNKMWdMYWlEdVdvUEYxMFloYnFhYW1hbE01UFpMS2tnRnVUNU14ZWZIM1UKeUVuZ0g0Q0Jib3RiNzh3Q1h6TXc0VFlDUE5MLytVQm14bDNMTVEwbnJwclZ3bEFJZENKNi94OUYreEhmdTV2Kwo4TVRPZEhIeldodnZxZ3lNYkd4d1VyZERpTFF4dnlhUUhKTlFjQVlQcTNXcmI0c0lReVhHTm1adzVtajdWenlyCnNiZ3RRamRvMTlJcWVIRlgrbG1SCi0tLS0tRU5EIENFUlRJRklDQVRFLS0tLS0K",
                            "master_auth.0.client_certificate_config.#": "0",
                            "master_auth.0.client_key": "LS0tLS1CRUdJTiBSU0EgUFJJVkFURSBLRVktLS0tLQpNSUlFcEFJQkFBS0NBUUVBclJDVE5xZFBCV2F6bWVETHkrNzNBS3ZBMU40Ti83NGlXZTZXQXpYNnVaYkdSbXZMCnZ5U1hyVHlDU0dMRWxWdjU5N05jRDY2ZEgyRncrY3ZqQXNQTklobFEvYmVkOElQZkZqRDJmb3RQS29lSVN1Uk0KcU1IckFiS0FUbWdubWF1YmJOakExMk91UlYya2dqY29PUlo5S3owYzdHUmtDb0dqanpTTW55SzJRNVUzcERHQQpMNVZXOHBTZjhXYU13RkovbkR6NU5pMHkwZURNQVNranVzTUM1eC9xMW5SdEFWVk4wZktPMEg1dmMreGRRM3NBCjZxZXI4blZ3QTNkZ2VOYzVYdXpaZ09JR3J3OG8xK2d1TFpHS202bWpzYXdYU0IxWXh4WnhXRWdFb3Z0OFlySnIKWlBWWktmZ21oWVNkZCtUenk2T0NoSm9kQi9ISm8rMU5MZ3hBK3dJREFRQUJBb0lCQUI0WnFHa1VqMmRpbGZFNQpDbWtWVG11VTg4eHlOS0FhNnpHV0VBeE42cVkxeFpXQThTWjFFRlptbEVoUHVWNDY2WTU5NlJDbkw1ZkNKRnFsCjdmMVFuZENFODdPMUtHaXBIdmRtbTdDbHZTYXAvUGY5bmlHcDNKeG1kZTl0S1JvT29WRThuOG0yZ2h4NWJYL2kKWlFJTTJjZFg4VHhpTjQ0bVB4TE1zbnFKR0lkSFZxdW8wd2VzRnVrYkl6Z3Nsb3dteE9JOHdlTHFSQjFxek9xZgpSM3hEam8wWGtyOUtIWVltT3pwd2ZDWk5aWEk4L3JTc1UyYmlvaVhKM25VVTcwZFd5OVVvTVNFczBHb29MME9vCnZ0SEo0S3BvcEtsN0s3VzRGaTA3ZlorWEVEMG9sNmY3Sm53cHpqcGd6cTBYVmo0bHdOZ0ZuVWtqMUFvUFFaY1YKM0UzbVFvVUNnWUVBNWl3czBvV0JDZVd1bjBPTXBjZEsyZHQxalRkbHlSbnFFWmlwa2h1SmFxd3dVbjZOZWdjLwpzV0RLQmI3amh2LzZGS2REL0pOTTJEcHo3VWJ4dG1wZkdwRmdETU4ycW5vY1lZL2ZUL1RPMjRlOE5KWTdmSkhQCnpLYW9aaUVVUjFLT3B6Z2ZkSW5wZUtCS2gzR0F1OFhWb2J5cUQzcHovSlNPNXlKRWd4WTZCWmNDZ1lFQXdIdnkKNEJMcWFiUXNOclZzbVo1RzI1azhrTk1EbEloaTFyZzVSUHEyRGs0NXVaWCtUNDcrWkNJYjJCTExYb0dSdGZXegoxT29EQzM5b21vaHVRUG02QUE2MjZsVXdIMDlFcDZQWTRub1p6Y01DKzE5bm80MWdNN1dUc3lFV1FTcWhXS0VFCk53eEZMRFdvYnAvOXZpZUZZSUUycW54RnMwSFMyZXRnR21EajlEMENnWUVBMnFSdjEzSzJCdDdGSjhpVTNBMFoKenlTbTM0UVdEaGV0dnhWVFR0VVZqZDBPOGU0QkdqKzBneHc4QzRVdXdOaDdpQTd6aUFPc1pXSHhLUjNSRWNTdApucUVscWpvcWlQb0I1N014SDlTZWd1N0hHdlR5Z1B4SmRrK0JlN0pFZnhPdktxMG5SQjZWUnQ2TXJXaG1MdmhZClhKREl3bmRCb2xiRUFFOE80YTdGWXZVQ2dZQjZ6OXIwV3oxVHVsQ25pM1JDUTdta0xZNTJQUnpBclpDYXZhcFUKdDc1blBFUWFoSGhobkxQMWdjblFRSldmcy80YllpeWVnYnoxbmhKSTN4bXh2V1NPMnRTY2lVUU9CZzZoQTZyRApQZkt1MVdsV3A5WEJoZGZHeG1qNTF2ZVRGcmNoaklMYStLbzkvZko4dXZvMFZKVUdNUXVIRlltSFNVMVdHNWNTCjNaVTBaUUtCZ1FDYStkRHJkYTl3K3JnaTl0S0hqUVNUMlRrZVcyN054TFBkSXU0b2NLdzhOQTNHd1N0V2ErcUEKd0paY3NQTjRrOVZtRnZhNDBPMmdjdE5FdmdTL1N0SGRjbmMwekd6STRteGpJSi9zNUtoUlFkYWljRWt6MVVVZwppSkVya1ZnYzhQd0szMDVCMFNRRFFyRzl2Y3lMb295cWJUZGNlbHJCN1RHdng3M1lyWWwvV1E9PQotLS0tLUVORCBSU0EgUFJJVkFURSBLRVktLS0tLQo=",
                            "master_auth.0.cluster_ca_certificate": "LS0tLS1CRUdJTiBDRVJUSUZJQ0FURS0tLS0tCk1JSURERENDQWZTZ0F3SUJBZ0lSQU54VGpZaVZVWFI2cmZIZTljZFFTY293RFFZSktvWklodmNOQVFFTEJRQXcKTHpFdE1Dc0dBMVVFQXhNa1l6RmtZV1kxTkdJdE1tUmxOQzAwTkdOaUxXSTRaRFV0WTJaa05qWTRaVGsyTnpBeApNQjRYRFRFNE1EY3hPVEF5TkRreE5Gb1hEVEl6TURjeE9EQXpORGt4TkZvd0x6RXRNQ3NHQTFVRUF4TWtZekZrCllXWTFOR0l0TW1SbE5DMDBOR05pTFdJNFpEVXRZMlprTmpZNFpUazJOekF4TUlJQklqQU5CZ2txaGtpRzl3MEIKQVFFRkFBT0NBUThBTUlJQkNnS0NBUUVBMVVSTkxkeGgxNkRISnptalMvYXdHejJWOFVuakpXbnZZNjlQN00weApZcEdUa0ZiWTNqa3crZSs3dmE4bGRaeXNsd2xpZ285STZ4UW42MTNYTERWeVRGUTBrL0N0NEpCdWx0bkFvZkM1CkdZN3cycVBkM3lmUDVvbWVQSjBmTEdxUlFwMXlMSHZzQ0Z3RXQ1S3VNWis3TTFVQ3V6SVUwblhrbzJrSXU3T0oKTUxzaG5BSWxFU0tkL09jV2h4aG5QVnI2bmVoVjN1Slo4VDA4WTJ1MCtEclljdFFUV3MydXJRTUpmYm9KVHJiWQpFNkFTeXlGSXpzazFBUkRIUDdmRUxmZmlTY0U0aHprRXhYRkFWdWJMQU1VSnIrV2FIWHpOTDlpcVVGYk4zdnlICkhVVlhCZERnTWJKZnVjWHlnUHlXVkErMUl3UmNlR0svNFZsa1ZXeUtLbzhRZXdJREFRQUJveU13SVRBT0JnTlYKSFE4QkFmOEVCQU1DQWdRd0R3WURWUjBUQVFIL0JBVXdBd0VCL3pBTkJna3Foa2lHOXcwQkFRc0ZBQU9DQVFFQQpNRE92ejZDUTJjekYvRFVqMGNvdU9hNGVKaHZHVlMrT1hTWTQ3QkFMUU9BUU1ab3Exa2pxenhBUXY4RWxsaTM5CmoxVUJmcXBGQlhFbFlKOW1VL2tvU1lKWVBUYzErcVZVbmlzdmM2dVBjNXpNaGFXK3hiOTU4YWRuY3JvTXB5NjQKeVQ0Wi95UmVSa3diLzBZa21qU3lUbG13MUZqVlFXZ3AvZ2dCeCtEUzBSNzNvNnlRRW8vTkNhNSs2TzRaMEdPbgphb08wbUo1MDNjdFkvendYTlNkZUpraEMrYVBZYjZ4M1BKZUlmZEx3cUR3S1Z1RUJQdTRXbjFyQmlpNVA0K0orClFheGllRnpESlR5ZUZHMUIvdkhtb1NJdHQ3RitnSkVKY21ramlKMkN4cWxOYkN1ZHhrZHFSdHBQamtwZWF6NWQKdmpWZzlEc293ak1IS2U0VGQ2cE10dz09Ci0tLS0tRU5EIENFUlRJRklDQVRFLS0tLS0K",
                            "master_auth.0.password": "N9mPm20yG2zVRVWF",
                            "master_auth.0.username": "admin",
                            "master_authorized_networks_config.#": "0",
                            "master_ipv4_cidr_block": "",
                            "master_version": "1.10.5-gke.2",
                            "min_master_version": "1.10.5-gke.2",
                            "monitoring_service": "monitoring.googleapis.com",
                            "name": "identity",
                            "network": "projects/id-test-deploy-2/global/networks/default",
                            "network_policy.#": "1",
                            "network_policy.0.enabled": "false",
                            "network_policy.0.provider": "PROVIDER_UNSPECIFIED",
                            "node_config.#": "1",
                            "node_config.0.disk_size_gb": "100",
                            "node_config.0.disk_type": "pd-standard",
                            "node_config.0.guest_accelerator.#": "0",
                            "node_config.0.image_type": "COS",
                            "node_config.0.labels.%": "0",
                            "node_config.0.local_ssd_count": "0",
                            "node_config.0.machine_type": "n1-standard-1",
                            "node_config.0.metadata.%": "0",
                            "node_config.0.min_cpu_platform": "",
                            "node_config.0.oauth_scopes.#": "2",
                            "node_config.0.oauth_scopes.1733087937": "https://www.googleapis.com/auth/cloud-platform",
                            "node_config.0.oauth_scopes.3361740575": "https://www.googleapis.com/auth/iam",
                            "node_config.0.preemptible": "false",
                            "node_config.0.service_account": "identity-server@id-test-deploy-2.iam.gserviceaccount.com",
                            "node_config.0.tags.#": "1",
                            "node_config.0.tags.0": "identity",
                            "node_config.0.taint.#": "0",
                            "node_config.0.workload_metadata_config.#": "0",
                            "node_pool.#": "1",
                            "node_pool.0.autoscaling.#": "0",
                            "node_pool.0.initial_node_count": "2",
                            "node_pool.0.instance_group_urls.#": "1",
                            "node_pool.0.instance_group_urls.0": "https://www.googleapis.com/compute/v1/projects/id-test-deploy-2/zones/us-east4-b/instanceGroupManagers/gke-identity-default-pool-30114758-grp",
                            "node_pool.0.management.#": "1",
                            "node_pool.0.management.0.auto_repair": "false",
                            "node_pool.0.management.0.auto_upgrade": "false",
                            "node_pool.0.name": "default-pool",
                            "node_pool.0.name_prefix": "",
                            "node_pool.0.node_config.#": "1",
                            "node_pool.0.node_config.0.disk_size_gb": "100",
                            "node_pool.0.node_config.0.disk_type": "pd-standard",
                            "node_pool.0.node_config.0.guest_accelerator.#": "0",
                            "node_pool.0.node_config.0.image_type": "COS",
                            "node_pool.0.node_config.0.labels.%": "0",
                            "node_pool.0.node_config.0.local_ssd_count": "0",
                            "node_pool.0.node_config.0.machine_type": "n1-standard-1",
                            "node_pool.0.node_config.0.metadata.%": "0",
                            "node_pool.0.node_config.0.min_cpu_platform": "",
                            "node_pool.0.node_config.0.oauth_scopes.#": "2",
                            "node_pool.0.node_config.0.oauth_scopes.1733087937": "https://www.googleapis.com/auth/cloud-platform",
                            "node_pool.0.node_config.0.oauth_scopes.3361740575": "https://www.googleapis.com/auth/iam",
                            "node_pool.0.node_config.0.preemptible": "false",
                            "node_pool.0.node_config.0.service_account": "identity-server@id-test-deploy-2.iam.gserviceaccount.com",
                            "node_pool.0.node_config.0.tags.#": "1",
                            "node_pool.0.node_config.0.tags.0": "identity",
                            "node_pool.0.node_config.0.taint.#": "0",
                            "node_pool.0.node_config.0.workload_metadata_config.#": "0",
                            "node_pool.0.node_count": "2",
                            "node_pool.0.version": "1.10.5-gke.2",
                            "node_version": "1.10.5-gke.2",
                            "pod_security_policy_config.#": "0",
                            "private_cluster": "false",
                            "project": "id-test-deploy-2",
                            "resource_labels.%": "0",
                            "subnetwork": "projects/id-test-deploy-2/regions/us-east4/subnetworks/default",
                            "zone": "us-east4-b"
                        },
                        "meta": {
                            "e2bfb730-ecaa-11e6-8f88-34363bc7c4c0": {
                                "create": 1800000000000,
                                "delete": 600000000000,
                                "update": 600000000000
                            },
                            "schema_version": "1"
                        },
                        "tainted": false
                    },
                    "deposed": [],
                    "provider": "provider.google"
                },
                "google_project_iam_member.service-account.0": {
                    "type": "google_project_iam_member",
                    "depends_on": [
                        "google_service_account.identity-server"
                    ],
                    "primary": {
                        "id": "id-test-deploy-2/roles/resourcemanager.projectIamAdmin/serviceAccount:identity-server@id-test-deploy-2.iam.gserviceaccount.com",
                        "attributes": {
                            "etag": "BwVxUhExqSY=",
                            "id": "id-test-deploy-2/roles/resourcemanager.projectIamAdmin/serviceAccount:identity-server@id-test-deploy-2.iam.gserviceaccount.com",
                            "member": "serviceAccount:identity-server@id-test-deploy-2.iam.gserviceaccount.com",
                            "project": "id-test-deploy-2",
                            "role": "roles/resourcemanager.projectIamAdmin"
                        },
                        "meta": {},
                        "tainted": false
                    },
                    "deposed": [],
                    "provider": "provider.google"
                },
                "google_project_iam_member.service-account.1": {
                    "type": "google_project_iam_member",
                    "depends_on": [
                        "google_service_account.identity-server"
                    ],
                    "primary": {
                        "id": "id-test-deploy-2/roles/iam.serviceAccountAdmin/serviceAccount:identity-server@id-test-deploy-2.iam.gserviceaccount.com",
                        "attributes": {
                            "etag": "BwVxUhBkP3o=",
                            "id": "id-test-deploy-2/roles/iam.serviceAccountAdmin/serviceAccount:identity-server@id-test-deploy-2.iam.gserviceaccount.com",
                            "member": "serviceAccount:identity-server@id-test-deploy-2.iam.gserviceaccount.com",
                            "project": "id-test-deploy-2",
                            "role": "roles/iam.serviceAccountAdmin"
                        },
                        "meta": {},
                        "tainted": false
                    },
                    "deposed": [],
                    "provider": "provider.google"
                },
                "google_project_iam_member.service-account.2": {
                    "type": "google_project_iam_member",
                    "depends_on": [
                        "google_service_account.identity-server"
                    ],
                    "primary": {
                        "id": "id-test-deploy-2/roles/iam.serviceAccountKeyAdmin/serviceAccount:identity-server@id-test-deploy-2.iam.gserviceaccount.com",
                        "attributes": {
                            "etag": "BwVxUhF1Jtg=",
                            "id": "id-test-deploy-2/roles/iam.serviceAccountKeyAdmin/serviceAccount:identity-server@id-test-deploy-2.iam.gserviceaccount.com",
                            "member": "serviceAccount:identity-server@id-test-deploy-2.iam.gserviceaccount.com",
                            "project": "id-test-deploy-2",
                            "role": "roles/iam.serviceAccountKeyAdmin"
                        },
                        "meta": {},
                        "tainted": false
                    },
                    "deposed": [],
                    "provider": "provider.google"
                },
                "google_project_iam_member.service-account.3": {
                    "type": "google_project_iam_member",
                    "depends_on": [
                        "google_service_account.identity-server"
                    ],
                    "primary": {
                        "id": "id-test-deploy-2/roles/iam.serviceAccountTokenCreator/serviceAccount:identity-server@id-test-deploy-2.iam.gserviceaccount.com",
                        "attributes": {
                            "etag": "BwVxUhAbx2k=",
                            "id": "id-test-deploy-2/roles/iam.serviceAccountTokenCreator/serviceAccount:identity-server@id-test-deploy-2.iam.gserviceaccount.com",
                            "member": "serviceAccount:identity-server@id-test-deploy-2.iam.gserviceaccount.com",
                            "project": "id-test-deploy-2",
                            "role": "roles/iam.serviceAccountTokenCreator"
                        },
                        "meta": {},
                        "tainted": false
                    },
                    "deposed": [],
                    "provider": "provider.google"
                },
                "google_project_iam_member.service-account.4": {
                    "type": "google_project_iam_member",
                    "depends_on": [
                        "google_service_account.identity-server"
                    ],
                    "primary": {
                        "id": "id-test-deploy-2/roles/iam.serviceAccountUser/serviceAccount:identity-server@id-test-deploy-2.iam.gserviceaccount.com",
                        "attributes": {
                            "etag": "BwVxUhCrabg=",
                            "id": "id-test-deploy-2/roles/iam.serviceAccountUser/serviceAccount:identity-server@id-test-deploy-2.iam.gserviceaccount.com",
                            "member": "serviceAccount:identity-server@id-test-deploy-2.iam.gserviceaccount.com",
                            "project": "id-test-deploy-2",
                            "role": "roles/iam.serviceAccountUser"
                        },
                        "meta": {},
                        "tainted": false
                    },
                    "deposed": [],
                    "provider": "provider.google"
                },
                "google_project_iam_member.service-account.5": {
                    "type": "google_project_iam_member",
                    "depends_on": [
                        "google_service_account.identity-server"
                    ],
                    "primary": {
                        "id": "id-test-deploy-2/roles/viewer/serviceAccount:identity-server@id-test-deploy-2.iam.gserviceaccount.com",
                        "attributes": {
                            "etag": "BwVxUhDu0lQ=",
                            "id": "id-test-deploy-2/roles/viewer/serviceAccount:identity-server@id-test-deploy-2.iam.gserviceaccount.com",
                            "member": "serviceAccount:identity-server@id-test-deploy-2.iam.gserviceaccount.com",
                            "project": "id-test-deploy-2",
                            "role": "roles/viewer"
                        },
                        "meta": {},
                        "tainted": false
                    },
                    "deposed": [],
                    "provider": "provider.google"
                },
                "google_project_service.service.0": {
                    "type": "google_project_service",
                    "depends_on": [],
                    "primary": {
                        "id": "id-test-deploy-2/cloudkms.googleapis.com",
                        "attributes": {
                            "disable_on_destroy": "false",
                            "id": "id-test-deploy-2/cloudkms.googleapis.com",
                            "project": "id-test-deploy-2",
                            "service": "cloudkms.googleapis.com"
                        },
                        "meta": {},
                        "tainted": false
                    },
                    "deposed": [],
                    "provider": "provider.google"
                },
                "google_project_service.service.1": {
                    "type": "google_project_service",
                    "depends_on": [],
                    "primary": {
                        "id": "id-test-deploy-2/cloudresourcemanager.googleapis.com",
                        "attributes": {
                            "disable_on_destroy": "false",
                            "id": "id-test-deploy-2/cloudresourcemanager.googleapis.com",
                            "project": "id-test-deploy-2",
                            "service": "cloudresourcemanager.googleapis.com"
                        },
                        "meta": {},
                        "tainted": false
                    },
                    "deposed": [],
                    "provider": "provider.google"
                },
                "google_project_service.service.2": {
                    "type": "google_project_service",
                    "depends_on": [],
                    "primary": {
                        "id": "id-test-deploy-2/container.googleapis.com",
                        "attributes": {
                            "disable_on_destroy": "false",
                            "id": "id-test-deploy-2/container.googleapis.com",
                            "project": "id-test-deploy-2",
                            "service": "container.googleapis.com"
                        },
                        "meta": {},
                        "tainted": false
                    },
                    "deposed": [],
                    "provider": "provider.google"
                },
                "google_project_service.service.3": {
                    "type": "google_project_service",
                    "depends_on": [],
                    "primary": {
                        "id": "id-test-deploy-2/containerregistry.googleapis.com",
                        "attributes": {
                            "disable_on_destroy": "false",
                            "id": "id-test-deploy-2/containerregistry.googleapis.com",
                            "project": "id-test-deploy-2",
                            "service": "containerregistry.googleapis.com"
                        },
                        "meta": {},
                        "tainted": false
                    },
                    "deposed": [],
                    "provider": "provider.google"
                },
                "google_project_service.service.4": {
                    "type": "google_project_service",
                    "depends_on": [],
                    "primary": {
                        "id": "id-test-deploy-2/iam.googleapis.com",
                        "attributes": {
                            "disable_on_destroy": "false",
                            "id": "id-test-deploy-2/iam.googleapis.com",
                            "project": "id-test-deploy-2",
                            "service": "iam.googleapis.com"
                        },
                        "meta": {},
                        "tainted": false
                    },
                    "deposed": [],
                    "provider": "provider.google"
                },
                "google_service_account.identity-server": {
                    "type": "google_service_account",
                    "depends_on": [],
                    "primary": {
                        "id": "projects/id-test-deploy-2/serviceAccounts/identity-server@id-test-deploy-2.iam.gserviceaccount.com",
                        "attributes": {
                            "account_id": "identity-server",
                            "display_name": "Identity Server",
                            "email": "identity-server@id-test-deploy-2.iam.gserviceaccount.com",
                            "id": "projects/id-test-deploy-2/serviceAccounts/identity-server@id-test-deploy-2.iam.gserviceaccount.com",
                            "name": "projects/id-test-deploy-2/serviceAccounts/identity-server@id-test-deploy-2.iam.gserviceaccount.com",
                            "project": "id-test-deploy-2",
                            "unique_id": "115432882079385442553"
                        },
                        "meta": {},
                        "tainted": false
                    },
                    "deposed": [],
                    "provider": "provider.google"
                },
                "google_service_account_key.identity": {
                    "type": "google_service_account_key",
                    "depends_on": [
                        "google_service_account.identity-server"
                    ],
                    "primary": {
                        "id": "projects/id-test-deploy-2/serviceAccounts/identity-server@id-test-deploy-2.iam.gserviceaccount.com/keys/11124470c1eb078b8542d3e7bde0e3aa9ecca8a6",
                        "attributes": {
                            "id": "projects/id-test-deploy-2/serviceAccounts/identity-server@id-test-deploy-2.iam.gserviceaccount.com/keys/11124470c1eb078b8542d3e7bde0e3aa9ecca8a6",
                            "key_algorithm": "KEY_ALG_RSA_2048",
                            "name": "projects/id-test-deploy-2/serviceAccounts/identity-server@id-test-deploy-2.iam.gserviceaccount.com/keys/11124470c1eb078b8542d3e7bde0e3aa9ecca8a6",
                            "private_key": "ewogICJ0eXBlIjogInNlcnZpY2VfYWNjb3VudCIsCiAgInByb2plY3RfaWQiOiAiaWQtdGVzdC1kZXBsb3ktMiIsCiAgInByaXZhdGVfa2V5X2lkIjogIjExMTI0NDcwYzFlYjA3OGI4NTQyZDNlN2JkZTBlM2FhOWVjY2E4YTYiLAogICJwcml2YXRlX2tleSI6ICItLS0tLUJFR0lOIFBSSVZBVEUgS0VZLS0tLS1cbk1JSUV2QUlCQURBTkJna3Foa2lHOXcwQkFRRUZBQVNDQktZd2dnU2lBZ0VBQW9JQkFRREVLSnl4QWtmeldaWXRcbjVaNno2VDJZM0JlMmttdElzcVp3YVpnVWZUOUJwbzIybGtuc1kzdUF3MGVnTDg2TXZPT3ZXTFNHTndFc1F1RS9cbjBaQy9wVmMweEJ2Z01RcFVQV2h0WnI4ZkJyeW5WNEVEWGg1S092NDVWbkw0d3ExYWMzT0c3Nk9PbG92dHBwanpcblVmdStFQTNUT3plLzRlWEdOU0gvTEphNTc4SjBER01ENzlBcXh3VlVQZTIxME5mRmZ2L1M4QjMvNzB2Y0trczNcbmpWcWduK2R4T05WQ0MxNmx5VDU2QU5JdEJzcWhwMHR2WHVpTWFUN2k4TXFwQ0ZtMGFsV3ZYaTBKMllmbDZhenFcblZQMVhpN005bEd2MktEbGlQMkNCZUxkRS9VZmpnN0tuR2R1MmNCaGRXRjZuK0k4V1FPYlR0VnBRR2ZRYWdKNEFcbmFnR3dWTUFMQWdNQkFBRUNnZ0VBQjN3WDQ5YUJ4djFTSFArTlVMRnVVa09EcHNuQXpPTlVOU2N5VUZzcHdMMkpcbmhzQUdvMmgxc1VkczdPWFF3YzlWK0w0dnYrSDFhaXBGeks1REVhejR2allGYlBFeUdGNGN6L1V0c2J5MkVobmxcblV3QTlDUGxsODBETjNrUVV0L0RUMEZXYkxnNVIyZDJUZnlWUHI4UTVEWDJpOWtWanJtNTBsUGRaNjZVRVljZk9cbkhYRkpxSXg5dmE2bkgrVll0VmtrUk1TL0JGOXBSQnRwR1Y4WndVRUpXL2ZlWk84OFlVeVg1QUhTbHJRc3VMc0dcbnB3dUREdllLRFpSUXFFQnRWYWFHN1R3Q1VhaDFBa1djTHVGVkJvMmhDS2NkMDNERDhuS001OG9KZGVKdEk4L3Jcbk80NEFSeWRSTXk2K2NJM0xDUklpNXFjcFpRN01ya2x3RDhoK0pQSkJNUUtCZ1FEZ3hIbmR3NTBlbGhRYTN5NVlcbjRNRjR0eDRVQ2kwTlJTWWdrcEJvUGh1RmoweVMvcE5paDZWMmF3TFdNWE9rYmV2c0JpQzhOK202NDh3ZVNBU0VcbmxQdzNMTE5aRXBuSDcrTE1hYXR0MXVpRTJFcTgrTDRWNk1iL282RUJZaERtNVIyRjVubE5GWUFmWkk3WllVWnBcbldGYWVVUDNRY1NML2UwSEV2Z09TczV2NDVRS0JnUURmYW5NOW9TalpFMHdSNlgzSXpjR0dnTzNXaGNtVmhQOW1cbjl0MmtWeXpUTldiTHhTMjdmL29ITWZiMlE2S2gyQWdscW1jL2h4Z200R1ROZlYwVFc0RENtcW5JSCtuMkpObW1cblgzbVhibGtiRFcvSkVuRmVDMFFxa3dPYVVuUHp0QnJLTC9OY0V5aVZKREx2Vm9GMXh2REZEUy9KbDdHQllDdjVcbjlqOFB4UTcyTHdLQmdIeDhOT2FlOVlGQUs2aHFYVmY2T3cwcGxpNFJLTHlGeE1VYmg0RkVqS2VmSXhEeWtCeHNcbjlqWXN0R2gvQVFaYm51T2N6VHFSV1JFYUl5M09RenBPN1pWOVcyT0V5c2tTVWpGV2dReVhqellzT05DS2ozVEFcbjlKNFhPUS8wQ1Zwb0lMN05VL2RlWmhSODlDVHZIRGt5Sk44UUNsTU1wZzZMYkhTVHJKVHVodjhGQW9HQVNPM0ZcbnVudHVDeFlxZ2JwWFRnSWtSeFMxRG83VGs5UTdUdEFNMzhWNUkyVE9MbndxQm9lckJVaEJGbmhUa1VNa3ZhN1hcblR6eDVITStvK0E4UkgrMkJwWVM1SVZPUm1zRENyM1dCQ25hQjdidkFIc0cvY2ZSNWh2QkFmOUtrZVF2MHBzVnFcblNrY1N1MFI2di9mY0FLYzFGdzNMNktGMDF3ZWVzMVMzbHgwN1dnOENnWUI1MkE3V3B6eXA0cWxoVDhiN1Z0dDlcbnUxVkdmZi9tTEVIY1RObGNLU3hyenRMdks5dmI0OGpZTW9pOStZdjhNa21vY1BtMFVnd1Y5SjlXV092dTFNMVlcbitGNnpzTVo5a0VkK25kam84Z2lOanJrZzlQbHpRTnkwMVVZV3ZURnF4MlErK1lCbmozbHRFK1k0ZHU1emhEOXpcbkpNTjd0Z2lRTVlMYzdHNHdDdUdHbHc9PVxuLS0tLS1FTkQgUFJJVkFURSBLRVktLS0tLVxuIiwKICAiY2xpZW50X2VtYWlsIjogImlkZW50aXR5LXNlcnZlckBpZC10ZXN0LWRlcGxveS0yLmlhbS5nc2VydmljZWFjY291bnQuY29tIiwKICAiY2xpZW50X2lkIjogIjExNTQzMjg4MjA3OTM4NTQ0MjU1MyIsCiAgImF1dGhfdXJpIjogImh0dHBzOi8vYWNjb3VudHMuZ29vZ2xlLmNvbS9vL29hdXRoMi9hdXRoIiwKICAidG9rZW5fdXJpIjogImh0dHBzOi8vYWNjb3VudHMuZ29vZ2xlLmNvbS9vL29hdXRoMi90b2tlbiIsCiAgImF1dGhfcHJvdmlkZXJfeDUwOV9jZXJ0X3VybCI6ICJodHRwczovL3d3dy5nb29nbGVhcGlzLmNvbS9vYXV0aDIvdjEvY2VydHMiLAogICJjbGllbnRfeDUwOV9jZXJ0X3VybCI6ICJodHRwczovL3d3dy5nb29nbGVhcGlzLmNvbS9yb2JvdC92MS9tZXRhZGF0YS94NTA5L2lkZW50aXR5LXNlcnZlciU0MGlkLXRlc3QtZGVwbG95LTIuaWFtLmdzZXJ2aWNlYWNjb3VudC5jb20iCn0K",
                            "private_key_type": "TYPE_GOOGLE_CREDENTIALS_FILE",
                            "public_key": "LS0tLS1CRUdJTiBDRVJUSUZJQ0FURS0tLS0tCk1JSUMrakNDQWVLZ0F3SUJBZ0lJTGluQ3UzN3pPdkF3RFFZSktvWklodmNOQVFFRkJRQXdJREVlTUJ3R0ExVUUKQXhNVk1URTFORE15T0RneU1EYzVNemcxTkRReU5UVXpNQjRYRFRFNE1EY3hPVEF6TkRreE5Gb1hEVEk0TURjeApOakF6TkRreE5Gb3dJREVlTUJ3R0ExVUVBeE1WTVRFMU5ETXlPRGd5TURjNU16ZzFORFF5TlRVek1JSUJJakFOCkJna3Foa2lHOXcwQkFRRUZBQU9DQVE4QU1JSUJDZ0tDQVFFQXhDaWNzUUpIODFtV0xlV2VzK2s5bU53WHRwSnIKU0xLbWNHbVlGSDAvUWFhTnRwWko3R043Z01OSG9DL09qTHpqcjFpMGhqY0JMRUxoUDlHUXY2VlhOTVFiNERFSwpWRDFvYldhL0h3YThwMWVCQTE0ZVNqcitPVlp5K01LdFduTnpodStqanBhTDdhYVk4MUg3dmhBTjB6czN2K0hsCnhqVWgveXlXdWUvQ2RBeGpBKy9RS3NjRlZEM3R0ZERYeFg3LzB2QWQvKzlMM0NwTE40MWFvSi9uY1RqVlFndGUKcGNrK2VnRFNMUWJLb2FkTGIxN29qR2srNHZES3FRaFp0R3BWcjE0dENkbUg1ZW1zNmxUOVY0dXpQWlJyOWlnNQpZajlnZ1hpM1JQMUg0NE95cHhuYnRuQVlYVmhlcC9pUEZrRG0wN1ZhVUJuMEdvQ2VBR29Cc0ZUQUN3SURBUUFCCm96Z3dOakFNQmdOVkhSTUJBZjhFQWpBQU1BNEdBMVVkRHdFQi93UUVBd0lIZ0RBV0JnTlZIU1VCQWY4RUREQUsKQmdnckJnRUZCUWNEQWpBTkJna3Foa2lHOXcwQkFRVUZBQU9DQVFFQUdnclFjMkhRWXFaZDVoSmUwWWxTM1ZuWQoyb1kyNDRtVmJQSWQwRWU1dXAvc3NDdjZUTFdGd2FRbnJWUUU4eVNDWVMrVlZ5QTEzWUVDS1Q0RXRHNzFRL1VKCmdxMEhCTGRXblRBVGlWY0lhSnZpbEdJazNDWkFYQ25oMUhqTjFCVit1M1RJMWJONXRHTXBnYUc2Z3QzYTFyWVYKNjdsOWhZSkRNcURZNEV2bHFFNUxVTTI1ZWhmQytsTUFLVEFWZFpiNk5qRmlvMDVBcXU2OVQyemltSllvdXE5Kwo3RkVWNVFVYzZUd3lScytJcEx2c1JzeW1rUVl3VWdIWEpXSEgvWUkzbFlxWi9oRVF0clpFQWgrWm0zUHFSbGdQClh4YjJibWpuNkE0eGV3bzdTRlFjNTVWTHYvbWZpOTVsZE9JWUJkQXVBSERwblNwbEVXNlY2UURPSzE1bXdnPT0KLS0tLS1FTkQgQ0VSVElGSUNBVEUtLS0tLQo=",
                            "public_key_type": "TYPE_X509_PEM_FILE",
                            "service_account_id": "projects/id-test-deploy-2/serviceAccounts/identity-server@id-test-deploy-2.iam.gserviceaccount.com",
                            "valid_after": "2018-07-19T03:49:14Z",
                            "valid_before": "2028-07-16T03:49:14Z"
                        },
                        "meta": {},
                        "tainted": false
                    },
                    "deposed": [],
                    "provider": "provider.google"
                },
                "null_resource.add_ingress": {
                    "type": "null_resource",
                    "depends_on": [
                        "data.template_file.ingress",
                        "google_container_cluster.identity",
                        "null_resource.add_tls_secret"
                    ],
                    "primary": {
                        "id": "4848371940714202564",
                        "attributes": {
                            "id": "4848371940714202564",
                            "triggers.%": "6",
                            "triggers.client_certificate": "5464bb308aaff8a79f5c8cc89cf89da1",
                            "triggers.client_key": "85717e859e8cfe4e8da4678c4781b209",
                            "triggers.cluster_ca_certificate": "2f23f7d8b604631896398b83f1930d64",
                            "triggers.host": "fdd12d99781d1030831b6828d82808a5",
                            "triggers.password": "30460b96de1954665620e6c3f2d04cb1",
                            "triggers.username": "21232f297a57a5a743894a0e4a801fc3"
                        },
                        "meta": {},
                        "tainted": false
                    },
                    "deposed": [],
                    "provider": "provider.null"
                },
                "null_resource.add_tls_secret": {
                    "type": "null_resource",
                    "depends_on": [
                        "google_container_cluster.identity",
                        "null_resource.apply"
                    ],
                    "primary": {
                        "id": "4932322371858852350",
                        "attributes": {
                            "id": "4932322371858852350",
                            "triggers.%": "6",
                            "triggers.client_certificate": "5464bb308aaff8a79f5c8cc89cf89da1",
                            "triggers.client_key": "85717e859e8cfe4e8da4678c4781b209",
                            "triggers.cluster_ca_certificate": "2f23f7d8b604631896398b83f1930d64",
                            "triggers.host": "fdd12d99781d1030831b6828d82808a5",
                            "triggers.password": "30460b96de1954665620e6c3f2d04cb1",
                            "triggers.username": "21232f297a57a5a743894a0e4a801fc3"
                        },
                        "meta": {},
                        "tainted": false
                    },
                    "deposed": [],
                    "provider": "provider.null"
                },
                "null_resource.apply": {
                    "type": "null_resource",
                    "depends_on": [
                        "data.template_file.app",
                        "google_container_cluster.identity"
                    ],
                    "primary": {
                        "id": "5310556061391737345",
                        "attributes": {
                            "id": "5310556061391737345",
                            "triggers.%": "6",
                            "triggers.client_certificate": "5464bb308aaff8a79f5c8cc89cf89da1",
                            "triggers.client_key": "85717e859e8cfe4e8da4678c4781b209",
                            "triggers.cluster_ca_certificate": "2f23f7d8b604631896398b83f1930d64",
                            "triggers.host": "fdd12d99781d1030831b6828d82808a5",
                            "triggers.password": "30460b96de1954665620e6c3f2d04cb1",
                            "triggers.username": "21232f297a57a5a743894a0e4a801fc3"
                        },
                        "meta": {},
                        "tainted": false
                    },
                    "deposed": [],
                    "provider": "provider.null"
                }
            },
            "depends_on": []
        }
    ]
}
